
Microsoft Visual Studio Solution File, Format Version 12.00
# Visual Studio 15
VisualStudioVersion = 15.0.26124.0
MinimumVisualStudioVersion = 15.0.26124.0
Project("{FAE04EC0-301F-11D3-BF4B-00C04F79EFBC}") = "Penguin.Cms.Modules.Auditing.Local", "Penguin.Cms.Modules.Auditing.Local.csproj", "{0AD2C4C5-EEE4-4D05-B7D1-EB21A7F56727}"
EndProject
Project("{FAE04EC0-301F-11D3-BF4B-00C04F79EFBC}") = "Penguin.Cms.Abstractions.Local", "..\Penguin.Cms.Abstractions\Penguin.Cms.Abstractions.Local.csproj", "{FFBC76AC-2687-41B5-B6F2-AEF6FD55A228}"
EndProject
Project("{FAE04EC0-301F-11D3-BF4B-00C04F79EFBC}") = "Penguin.DependencyInjection.Abstractions.Local", "..\Penguin.DependencyInjection.Abstractions\Penguin.DependencyInjection.Abstractions.Local.csproj", "{7B40C420-2385-4081-8618-A09761922575}"
EndProject
Project("{FAE04EC0-301F-11D3-BF4B-00C04F79EFBC}") = "Penguin.Persistence.Abstractions.Local", "..\Penguin.Persistence.Abstractions\Penguin.Persistence.Abstractions.Local.csproj", "{53A16564-D86F-400C-B73D-8FBDBA0CCE64}"
EndProject
Project("{FAE04EC0-301F-11D3-BF4B-00C04F79EFBC}") = "Penguin.Entities.Abstractions.Local", "..\Penguin.Entities.Abstractions\Penguin.Entities.Abstractions.Local.csproj", "{2BE0B490-1A56-4AFC-A6AF-4EC0EC6354FE}"
EndProject
Project("{FAE04EC0-301F-11D3-BF4B-00C04F79EFBC}") = "Penguin.Reflection.Extensions.Local", "..\Penguin.Reflection.Extensions\Penguin.Reflection.Extensions.Local.csproj", "{C3E1D672-CE96-4719-8F70-2C5616E3AF33}"
EndProject
Project("{FAE04EC0-301F-11D3-BF4B-00C04F79EFBC}") = "Penguin.Extensions.String.Local", "..\Penguin.Extensions.String\Penguin.Extensions.String.Local.csproj", "{87F2D4F1-6ED5-416B-823F-FF6130EEE277}"
EndProject
Project("{FAE04EC0-301F-11D3-BF4B-00C04F79EFBC}") = "Penguin.Reflection.Abstractions.Local", "..\Penguin.Reflection.Abstractions\Penguin.Reflection.Abstractions.Local.csproj", "{645C747C-ED54-4601-9613-09CDAD6675F9}"
EndProject
Project("{FAE04EC0-301F-11D3-BF4B-00C04F79EFBC}") = "Penguin.Cms.Auditing.Repositories.Local", "..\Penguin.Cms.Auditing.Repositories\Penguin.Cms.Auditing.Repositories.Local.csproj", "{17063CE3-998C-4A79-B9D6-7FCBB1CF3EEE}"
EndProject
Project("{FAE04EC0-301F-11D3-BF4B-00C04F79EFBC}") = "Penguin.Cms.Auditing.Local", "..\Penguin.Cms.Auditing\Penguin.Cms.Auditing.Local.csproj", "{8097F19D-F579-4B0E-89FB-C315412B82C6}"
EndProject
Project("{FAE04EC0-301F-11D3-BF4B-00C04F79EFBC}") = "Penguin.Auditing.Abstractions.Local", "..\Penguin.Auditing.Abstractions\Penguin.Auditing.Abstractions.Local.csproj", "{39F1B192-72E4-4AD5-882B-738338DE406B}"
EndProject
Project("{FAE04EC0-301F-11D3-BF4B-00C04F79EFBC}") = "Penguin.Cms.Entities.Local", "..\Penguin.Cms.Entities\Penguin.Cms.Entities.Local.csproj", "{A6785F91-9844-4D3E-9E14-4D8F3FBE4E6B}"
EndProject
Project("{FAE04EC0-301F-11D3-BF4B-00C04F79EFBC}") = "Penguin.Cms.Repositories.Local", "..\Penguin.Cms.Repositories\Penguin.Cms.Repositories.Local.csproj", "{A29D0A2C-5223-4497-A6C1-0CEFDAADD092}"
EndProject
Project("{FAE04EC0-301F-11D3-BF4B-00C04F79EFBC}") = "Penguin.Messaging.Core.Local", "..\Penguin.Messaging.Core\Penguin.Messaging.Core.Local.csproj", "{F0E979F2-AEB9-4778-BB89-249D9BFB5906}"
EndProject
Project("{FAE04EC0-301F-11D3-BF4B-00C04F79EFBC}") = "Penguin.Debugging.Local", "..\Penguin.Debugging\Penguin.Debugging.Local.csproj", "{3829CEA3-237F-4A1A-B0B6-F1747B656B51}"
EndProject
Project("{FAE04EC0-301F-11D3-BF4B-00C04F79EFBC}") = "Penguin.Extensions.Exceptions.Local", "..\Penguin.Extensions.Exceptions\Penguin.Extensions.Exceptions.Local.csproj", "{CB566300-042A-406C-B011-177EF8609EC2}"
EndProject
Project("{FAE04EC0-301F-11D3-BF4B-00C04F79EFBC}") = "Penguin.Messaging.Abstractions.Local", "..\Penguin.Messaging.Abstractions\Penguin.Messaging.Abstractions.Local.csproj", "{F8513BA6-1819-4EB7-B0C4-6E7051B3DC1E}"
EndProject
Project("{FAE04EC0-301F-11D3-BF4B-00C04F79EFBC}") = "Penguin.Persistence.Repositories.Local", "..\Penguin.Persistence.Repositories\Penguin.Persistence.Repositories.Local.csproj", "{CB507EF0-D8D4-498F-B13C-C2EEA1B1A702}"
EndProject
Project("{FAE04EC0-301F-11D3-BF4B-00C04F79EFBC}") = "Penguin.Messaging.Persistence.Local", "..\Penguin.Messaging.Persistence\Penguin.Messaging.Persistence.Local.csproj", "{D101E0DB-B99E-4DCA-BEBC-C80CC6811C64}"
EndProject
Project("{FAE04EC0-301F-11D3-BF4B-00C04F79EFBC}") = "Penguin.Reflection.Local", "..\Penguin.Reflection\Penguin.Reflection.Local.csproj", "{29392EFC-9963-4289-8905-694D58BDC440}"
EndProject
Project("{FAE04EC0-301F-11D3-BF4B-00C04F79EFBC}") = "Penguin.Security.Abstractions.Local", "..\Penguin.Security.Abstractions\Penguin.Security.Abstractions.Local.csproj", "{E4672BCC-ADCB-4C7F-8B4F-EC6EC3CA9451}"
EndProject
Project("{FAE04EC0-301F-11D3-BF4B-00C04F79EFBC}") = "Penguin.Cms.Modules.Dynamic.Local", "..\Penguin.Cms.Modules.Dynamic\Penguin.Cms.Modules.Dynamic.Local.csproj", "{3F0BB82D-ADC8-4266-B6DA-80A3B95F379F}"
EndProject
Project("{FAE04EC0-301F-11D3-BF4B-00C04F79EFBC}") = "Penguin.Cms.Errors.Local", "..\Penguin.Cms.Errors\Penguin.Cms.Errors.Local.csproj", "{4F6246FE-32B4-42DD-A555-84FD16741FF6}"
EndProject
Project("{FAE04EC0-301F-11D3-BF4B-00C04F79EFBC}") = "Penguin.Cms.Modules.Admin.Local", "..\Penguin.Cms.Modules.Admin\Penguin.Cms.Modules.Admin.Local.csproj", "{8817100F-1B14-4038-806C-AC75DC064C7A}"
EndProject
Project("{FAE04EC0-301F-11D3-BF4B-00C04F79EFBC}") = "Penguin.Cms.Modules.Core.Local", "..\Penguin.Cms.Modules.Core\Penguin.Cms.Modules.Core.Local.csproj", "{18CC98C6-FB85-400C-BC4A-D292FE65402E}"
EndProject
Project("{FAE04EC0-301F-11D3-BF4B-00C04F79EFBC}") = "Penguin.Cms.Core.Local", "..\Penguin.Cms.Core\Penguin.Cms.Core.Local.csproj", "{76D08952-7DCA-4689-865C-CC5939172CA0}"
EndProject
Project("{FAE04EC0-301F-11D3-BF4B-00C04F79EFBC}") = "Penguin.Cms.Web.Local", "..\Penguin.Cms.Web\Penguin.Cms.Web.Local.csproj", "{8AB45D19-FF70-48D1-9FC2-7623BEA632C6}"
EndProject
Project("{FAE04EC0-301F-11D3-BF4B-00C04F79EFBC}") = "Penguin.Configuration.Local", "..\Penguin.Configuration\Penguin.Configuration.Local.csproj", "{BFE14EAE-6736-4354-A46E-E966F707C728}"
EndProject
Project("{FAE04EC0-301F-11D3-BF4B-00C04F79EFBC}") = "Penguin.Configuration.Abstractions.Local", "..\Penguin.Configuration.Abstractions\Penguin.Configuration.Abstractions.Local.csproj", "{6C1BD3E5-9458-4383-A587-C1620D0C903C}"
EndProject
Project("{FAE04EC0-301F-11D3-BF4B-00C04F79EFBC}") = "Penguin.DependencyInjection.Local", "..\Penguin.DependencyInjection\Penguin.DependencyInjection.Local.csproj", "{4194EEED-FEF6-4BBC-9DDD-95638E98D8D9}"
EndProject
Project("{FAE04EC0-301F-11D3-BF4B-00C04F79EFBC}") = "Penguin.Extensions.Collections.Local", "..\Penguin.Extensions.Collections\Penguin.Extensions.Collections.Local.csproj", "{01F91BF9-5FFA-481F-8E7B-C0DA7D894D4C}"
EndProject
Project("{FAE04EC0-301F-11D3-BF4B-00C04F79EFBC}") = "Penguin.Files.Local", "..\Penguin.Files\Penguin.Files.Local.csproj", "{073BA562-76CA-413B-BCB7-8C1F188DC0B7}"
EndProject
Project("{FAE04EC0-301F-11D3-BF4B-00C04F79EFBC}") = "Penguin.Files.Abstractions.Local", "..\Penguin.Files.Abstractions\Penguin.Files.Abstractions.Local.csproj", "{61FC3597-1DF6-4398-A5B3-E3E69BCA05C5}"
EndProject
Project("{FAE04EC0-301F-11D3-BF4B-00C04F79EFBC}") = "Penguin.Messaging.Application.Local", "..\Penguin.Messaging.Application\Penguin.Messaging.Application.Local.csproj", "{4A670F7E-D90C-4992-AE37-812D6D847E65}"
EndProject
Project("{FAE04EC0-301F-11D3-BF4B-00C04F79EFBC}") = "Penguin.Persistence.Database.Local", "..\Penguin.Persistence.Database\Penguin.Persistence.Database.Local.csproj", "{4B8E9C5A-D31E-4AA7-801D-E3574CDAAA19}"
EndProject
Project("{FAE04EC0-301F-11D3-BF4B-00C04F79EFBC}") = "Penguin.Threading.BackgroundWorker.Local", "..\Penguin.Threading.BackgroundWorker\Penguin.Threading.BackgroundWorker.Local.csproj", "{02AF386A-B693-46AF-8452-D63F44E03841}"
EndProject
Project("{FAE04EC0-301F-11D3-BF4B-00C04F79EFBC}") = "Penguin.Reflection.Serialization.Local", "..\Penguin.Reflection.Serialization\Penguin.Reflection.Serialization.Local.csproj", "{E0032802-1E0F-41CB-B88A-D82C3E568BFB}"
EndProject
Project("{FAE04EC0-301F-11D3-BF4B-00C04F79EFBC}") = "Penguin.Reflection.Serialization.Abstractions.Local", "..\Penguin.Reflection.Serialization.Abstractions\Penguin.Reflection.Serialization.Abstractions.Local.csproj", "{395518F9-D823-4A8F-84AC-73C394DC1049}"
EndProject
Project("{FAE04EC0-301F-11D3-BF4B-00C04F79EFBC}") = "Penguin.Reflection.Serialization.Extensions.Local", "..\Penguin.Reflection.Serialization.Extensions\Penguin.Reflection.Serialization.Extensions.Local.csproj", "{F2E68011-767D-4C99-8BF2-5794C2A58612}"
EndProject
Project("{FAE04EC0-301F-11D3-BF4B-00C04F79EFBC}") = "Penguin.Templating.Abstractions.Local", "..\Penguin.Templating.Abstractions\Penguin.Templating.Abstractions.Local.csproj", "{6A9C1CC0-ADA3-49A6-AA04-C4244C3C9E86}"
EndProject
Project("{FAE04EC0-301F-11D3-BF4B-00C04F79EFBC}") = "Penguin.Testing.Local", "..\Penguin.Testing\Penguin.Testing.Local.csproj", "{78F146F0-DFC0-443A-B86A-CF825D0ADE61}"
EndProject
Project("{FAE04EC0-301F-11D3-BF4B-00C04F79EFBC}") = "Penguin.Web.Abstractions.Local", "..\Penguin.Web.Abstractions\Penguin.Web.Abstractions.Local.csproj", "{06FA8D8E-42C3-4AFA-9D66-6E8B569C1C6F}"
EndProject
Project("{FAE04EC0-301F-11D3-BF4B-00C04F79EFBC}") = "Penguin.Web.DependencyInjection.Local", "..\Penguin.Web.DependencyInjection\Penguin.Web.DependencyInjection.Local.csproj", "{393B337A-EF65-4228-A789-7E1C6B4AC80A}"
EndProject
Project("{FAE04EC0-301F-11D3-BF4B-00C04F79EFBC}") = "Penguin.Web.Testing.Local", "..\Penguin.Web.Testing\Penguin.Web.Testing.Local.csproj", "{17ED6A84-978C-44E5-95DD-CFE92F28B43B}"
EndProject
Project("{FAE04EC0-301F-11D3-BF4B-00C04F79EFBC}") = "Penguin.Web.Errors.Local", "..\Penguin.Web.Errors\Penguin.Web.Errors.Local.csproj", "{4E20ABD4-78D0-48EB-B823-07C6AAB84CE2}"
EndProject
Project("{FAE04EC0-301F-11D3-BF4B-00C04F79EFBC}") = "Penguin.Web.Mvc.Local", "..\Penguin.Web.Mvc\Penguin.Web.Mvc.Local.csproj", "{8E94F44D-71F4-4EA1-912D-3A80C2CBB2AB}"
EndProject
Project("{FAE04EC0-301F-11D3-BF4B-00C04F79EFBC}") = "Penguin.Web.Mvc.Abstractions.Local", "..\Penguin.Web.Mvc.Abstractions\Penguin.Web.Mvc.Abstractions.Local.csproj", "{6DC290E1-1B48-43F6-85D5-8B4B6E5D1B4E}"
EndProject
Project("{FAE04EC0-301F-11D3-BF4B-00C04F79EFBC}") = "Penguin.Navigation.Abstractions.Local", "..\Penguin.Navigation.Abstractions\Penguin.Navigation.Abstractions.Local.csproj", "{F959896C-1F39-46AA-9A76-E362189F24CD}"
EndProject
Project("{FAE04EC0-301F-11D3-BF4B-00C04F79EFBC}") = "Penguin.Web.Security.Local", "..\Penguin.Web.Security\Penguin.Web.Security.Local.csproj", "{253F37A1-4483-48EA-8B21-41F95A5594B7}"
EndProject
Project("{FAE04EC0-301F-11D3-BF4B-00C04F79EFBC}") = "Penguin.Shared.Objects.Local", "..\Penguin.Shared.Objects\Penguin.Shared.Objects.Local.csproj", "{CF5F7274-49D4-4D00-8511-DF5EDD45AFE3}"
EndProject
Project("{FAE04EC0-301F-11D3-BF4B-00C04F79EFBC}") = "Penguin.Web.Dynamic.Local", "..\Penguin.Web.Dynamic\Penguin.Web.Dynamic.Local.csproj", "{C15569FC-DBA6-4F37-8B7B-FA824636C8E2}"
EndProject
Global
	GlobalSection(SolutionConfigurationPlatforms) = preSolution
		Debug|Any CPU = Debug|Any CPU
		Debug|x64 = Debug|x64
		Debug|x86 = Debug|x86
		Release|Any CPU = Release|Any CPU
		Release|x64 = Release|x64
		Release|x86 = Release|x86
	EndGlobalSection
	GlobalSection(SolutionProperties) = preSolution
		HideSolutionNode = FALSE
	EndGlobalSection
	GlobalSection(ProjectConfigurationPlatforms) = postSolution
		{0AD2C4C5-EEE4-4D05-B7D1-EB21A7F56727}.Debug|Any CPU.ActiveCfg = Debug|Any CPU
		{0AD2C4C5-EEE4-4D05-B7D1-EB21A7F56727}.Debug|Any CPU.Build.0 = Debug|Any CPU
		{0AD2C4C5-EEE4-4D05-B7D1-EB21A7F56727}.Debug|x64.ActiveCfg = Debug|Any CPU
		{0AD2C4C5-EEE4-4D05-B7D1-EB21A7F56727}.Debug|x64.Build.0 = Debug|Any CPU
		{0AD2C4C5-EEE4-4D05-B7D1-EB21A7F56727}.Debug|x86.ActiveCfg = Debug|Any CPU
		{0AD2C4C5-EEE4-4D05-B7D1-EB21A7F56727}.Debug|x86.Build.0 = Debug|Any CPU
		{0AD2C4C5-EEE4-4D05-B7D1-EB21A7F56727}.Release|Any CPU.ActiveCfg = Release|Any CPU
		{0AD2C4C5-EEE4-4D05-B7D1-EB21A7F56727}.Release|Any CPU.Build.0 = Release|Any CPU
		{0AD2C4C5-EEE4-4D05-B7D1-EB21A7F56727}.Release|x64.ActiveCfg = Release|Any CPU
		{0AD2C4C5-EEE4-4D05-B7D1-EB21A7F56727}.Release|x64.Build.0 = Release|Any CPU
		{0AD2C4C5-EEE4-4D05-B7D1-EB21A7F56727}.Release|x86.ActiveCfg = Release|Any CPU
		{0AD2C4C5-EEE4-4D05-B7D1-EB21A7F56727}.Release|x86.Build.0 = Release|Any CPU
		{FFBC76AC-2687-41B5-B6F2-AEF6FD55A228}.Debug|Any CPU.ActiveCfg = Debug|Any CPU
		{FFBC76AC-2687-41B5-B6F2-AEF6FD55A228}.Debug|Any CPU.Build.0 = Debug|Any CPU
		{FFBC76AC-2687-41B5-B6F2-AEF6FD55A228}.Debug|x64.ActiveCfg = Debug|Any CPU
		{FFBC76AC-2687-41B5-B6F2-AEF6FD55A228}.Debug|x64.Build.0 = Debug|Any CPU
		{FFBC76AC-2687-41B5-B6F2-AEF6FD55A228}.Debug|x86.ActiveCfg = Debug|Any CPU
		{FFBC76AC-2687-41B5-B6F2-AEF6FD55A228}.Debug|x86.Build.0 = Debug|Any CPU
		{FFBC76AC-2687-41B5-B6F2-AEF6FD55A228}.Release|Any CPU.ActiveCfg = Release|Any CPU
		{FFBC76AC-2687-41B5-B6F2-AEF6FD55A228}.Release|Any CPU.Build.0 = Release|Any CPU
		{FFBC76AC-2687-41B5-B6F2-AEF6FD55A228}.Release|x64.ActiveCfg = Release|Any CPU
		{FFBC76AC-2687-41B5-B6F2-AEF6FD55A228}.Release|x64.Build.0 = Release|Any CPU
		{FFBC76AC-2687-41B5-B6F2-AEF6FD55A228}.Release|x86.ActiveCfg = Release|Any CPU
		{FFBC76AC-2687-41B5-B6F2-AEF6FD55A228}.Release|x86.Build.0 = Release|Any CPU
		{7B40C420-2385-4081-8618-A09761922575}.Debug|Any CPU.ActiveCfg = Debug|Any CPU
		{7B40C420-2385-4081-8618-A09761922575}.Debug|Any CPU.Build.0 = Debug|Any CPU
		{7B40C420-2385-4081-8618-A09761922575}.Debug|x64.ActiveCfg = Debug|Any CPU
		{7B40C420-2385-4081-8618-A09761922575}.Debug|x64.Build.0 = Debug|Any CPU
		{7B40C420-2385-4081-8618-A09761922575}.Debug|x86.ActiveCfg = Debug|Any CPU
		{7B40C420-2385-4081-8618-A09761922575}.Debug|x86.Build.0 = Debug|Any CPU
		{7B40C420-2385-4081-8618-A09761922575}.Release|Any CPU.ActiveCfg = Release|Any CPU
		{7B40C420-2385-4081-8618-A09761922575}.Release|Any CPU.Build.0 = Release|Any CPU
		{7B40C420-2385-4081-8618-A09761922575}.Release|x64.ActiveCfg = Release|Any CPU
		{7B40C420-2385-4081-8618-A09761922575}.Release|x64.Build.0 = Release|Any CPU
		{7B40C420-2385-4081-8618-A09761922575}.Release|x86.ActiveCfg = Release|Any CPU
		{7B40C420-2385-4081-8618-A09761922575}.Release|x86.Build.0 = Release|Any CPU
		{53A16564-D86F-400C-B73D-8FBDBA0CCE64}.Debug|Any CPU.ActiveCfg = Debug|Any CPU
		{53A16564-D86F-400C-B73D-8FBDBA0CCE64}.Debug|Any CPU.Build.0 = Debug|Any CPU
		{53A16564-D86F-400C-B73D-8FBDBA0CCE64}.Debug|x64.ActiveCfg = Debug|Any CPU
		{53A16564-D86F-400C-B73D-8FBDBA0CCE64}.Debug|x64.Build.0 = Debug|Any CPU
		{53A16564-D86F-400C-B73D-8FBDBA0CCE64}.Debug|x86.ActiveCfg = Debug|Any CPU
		{53A16564-D86F-400C-B73D-8FBDBA0CCE64}.Debug|x86.Build.0 = Debug|Any CPU
		{53A16564-D86F-400C-B73D-8FBDBA0CCE64}.Release|Any CPU.ActiveCfg = Release|Any CPU
		{53A16564-D86F-400C-B73D-8FBDBA0CCE64}.Release|Any CPU.Build.0 = Release|Any CPU
		{53A16564-D86F-400C-B73D-8FBDBA0CCE64}.Release|x64.ActiveCfg = Release|Any CPU
		{53A16564-D86F-400C-B73D-8FBDBA0CCE64}.Release|x64.Build.0 = Release|Any CPU
		{53A16564-D86F-400C-B73D-8FBDBA0CCE64}.Release|x86.ActiveCfg = Release|Any CPU
		{53A16564-D86F-400C-B73D-8FBDBA0CCE64}.Release|x86.Build.0 = Release|Any CPU
		{2BE0B490-1A56-4AFC-A6AF-4EC0EC6354FE}.Debug|Any CPU.ActiveCfg = Debug|Any CPU
		{2BE0B490-1A56-4AFC-A6AF-4EC0EC6354FE}.Debug|Any CPU.Build.0 = Debug|Any CPU
		{2BE0B490-1A56-4AFC-A6AF-4EC0EC6354FE}.Debug|x64.ActiveCfg = Debug|Any CPU
		{2BE0B490-1A56-4AFC-A6AF-4EC0EC6354FE}.Debug|x64.Build.0 = Debug|Any CPU
		{2BE0B490-1A56-4AFC-A6AF-4EC0EC6354FE}.Debug|x86.ActiveCfg = Debug|Any CPU
		{2BE0B490-1A56-4AFC-A6AF-4EC0EC6354FE}.Debug|x86.Build.0 = Debug|Any CPU
		{2BE0B490-1A56-4AFC-A6AF-4EC0EC6354FE}.Release|Any CPU.ActiveCfg = Release|Any CPU
		{2BE0B490-1A56-4AFC-A6AF-4EC0EC6354FE}.Release|Any CPU.Build.0 = Release|Any CPU
		{2BE0B490-1A56-4AFC-A6AF-4EC0EC6354FE}.Release|x64.ActiveCfg = Release|Any CPU
		{2BE0B490-1A56-4AFC-A6AF-4EC0EC6354FE}.Release|x64.Build.0 = Release|Any CPU
		{2BE0B490-1A56-4AFC-A6AF-4EC0EC6354FE}.Release|x86.ActiveCfg = Release|Any CPU
		{2BE0B490-1A56-4AFC-A6AF-4EC0EC6354FE}.Release|x86.Build.0 = Release|Any CPU
		{C3E1D672-CE96-4719-8F70-2C5616E3AF33}.Debug|Any CPU.ActiveCfg = Debug|Any CPU
		{C3E1D672-CE96-4719-8F70-2C5616E3AF33}.Debug|Any CPU.Build.0 = Debug|Any CPU
		{C3E1D672-CE96-4719-8F70-2C5616E3AF33}.Debug|x64.ActiveCfg = Debug|Any CPU
		{C3E1D672-CE96-4719-8F70-2C5616E3AF33}.Debug|x64.Build.0 = Debug|Any CPU
		{C3E1D672-CE96-4719-8F70-2C5616E3AF33}.Debug|x86.ActiveCfg = Debug|Any CPU
		{C3E1D672-CE96-4719-8F70-2C5616E3AF33}.Debug|x86.Build.0 = Debug|Any CPU
		{C3E1D672-CE96-4719-8F70-2C5616E3AF33}.Release|Any CPU.ActiveCfg = Release|Any CPU
		{C3E1D672-CE96-4719-8F70-2C5616E3AF33}.Release|Any CPU.Build.0 = Release|Any CPU
		{C3E1D672-CE96-4719-8F70-2C5616E3AF33}.Release|x64.ActiveCfg = Release|Any CPU
		{C3E1D672-CE96-4719-8F70-2C5616E3AF33}.Release|x64.Build.0 = Release|Any CPU
		{C3E1D672-CE96-4719-8F70-2C5616E3AF33}.Release|x86.ActiveCfg = Release|Any CPU
		{C3E1D672-CE96-4719-8F70-2C5616E3AF33}.Release|x86.Build.0 = Release|Any CPU
		{87F2D4F1-6ED5-416B-823F-FF6130EEE277}.Debug|Any CPU.ActiveCfg = Debug|Any CPU
		{87F2D4F1-6ED5-416B-823F-FF6130EEE277}.Debug|Any CPU.Build.0 = Debug|Any CPU
		{87F2D4F1-6ED5-416B-823F-FF6130EEE277}.Debug|x64.ActiveCfg = Debug|Any CPU
		{87F2D4F1-6ED5-416B-823F-FF6130EEE277}.Debug|x64.Build.0 = Debug|Any CPU
		{87F2D4F1-6ED5-416B-823F-FF6130EEE277}.Debug|x86.ActiveCfg = Debug|Any CPU
		{87F2D4F1-6ED5-416B-823F-FF6130EEE277}.Debug|x86.Build.0 = Debug|Any CPU
		{87F2D4F1-6ED5-416B-823F-FF6130EEE277}.Release|Any CPU.ActiveCfg = Release|Any CPU
		{87F2D4F1-6ED5-416B-823F-FF6130EEE277}.Release|Any CPU.Build.0 = Release|Any CPU
		{87F2D4F1-6ED5-416B-823F-FF6130EEE277}.Release|x64.ActiveCfg = Release|Any CPU
		{87F2D4F1-6ED5-416B-823F-FF6130EEE277}.Release|x64.Build.0 = Release|Any CPU
		{87F2D4F1-6ED5-416B-823F-FF6130EEE277}.Release|x86.ActiveCfg = Release|Any CPU
		{87F2D4F1-6ED5-416B-823F-FF6130EEE277}.Release|x86.Build.0 = Release|Any CPU
		{645C747C-ED54-4601-9613-09CDAD6675F9}.Debug|Any CPU.ActiveCfg = Debug|Any CPU
		{645C747C-ED54-4601-9613-09CDAD6675F9}.Debug|Any CPU.Build.0 = Debug|Any CPU
		{645C747C-ED54-4601-9613-09CDAD6675F9}.Debug|x64.ActiveCfg = Debug|Any CPU
		{645C747C-ED54-4601-9613-09CDAD6675F9}.Debug|x64.Build.0 = Debug|Any CPU
		{645C747C-ED54-4601-9613-09CDAD6675F9}.Debug|x86.ActiveCfg = Debug|Any CPU
		{645C747C-ED54-4601-9613-09CDAD6675F9}.Debug|x86.Build.0 = Debug|Any CPU
		{645C747C-ED54-4601-9613-09CDAD6675F9}.Release|Any CPU.ActiveCfg = Release|Any CPU
		{645C747C-ED54-4601-9613-09CDAD6675F9}.Release|Any CPU.Build.0 = Release|Any CPU
		{645C747C-ED54-4601-9613-09CDAD6675F9}.Release|x64.ActiveCfg = Release|Any CPU
		{645C747C-ED54-4601-9613-09CDAD6675F9}.Release|x64.Build.0 = Release|Any CPU
		{645C747C-ED54-4601-9613-09CDAD6675F9}.Release|x86.ActiveCfg = Release|Any CPU
		{645C747C-ED54-4601-9613-09CDAD6675F9}.Release|x86.Build.0 = Release|Any CPU
		{17063CE3-998C-4A79-B9D6-7FCBB1CF3EEE}.Debug|Any CPU.ActiveCfg = Debug|Any CPU
		{17063CE3-998C-4A79-B9D6-7FCBB1CF3EEE}.Debug|Any CPU.Build.0 = Debug|Any CPU
		{17063CE3-998C-4A79-B9D6-7FCBB1CF3EEE}.Debug|x64.ActiveCfg = Debug|Any CPU
		{17063CE3-998C-4A79-B9D6-7FCBB1CF3EEE}.Debug|x64.Build.0 = Debug|Any CPU
		{17063CE3-998C-4A79-B9D6-7FCBB1CF3EEE}.Debug|x86.ActiveCfg = Debug|Any CPU
		{17063CE3-998C-4A79-B9D6-7FCBB1CF3EEE}.Debug|x86.Build.0 = Debug|Any CPU
		{17063CE3-998C-4A79-B9D6-7FCBB1CF3EEE}.Release|Any CPU.ActiveCfg = Release|Any CPU
		{17063CE3-998C-4A79-B9D6-7FCBB1CF3EEE}.Release|Any CPU.Build.0 = Release|Any CPU
		{17063CE3-998C-4A79-B9D6-7FCBB1CF3EEE}.Release|x64.ActiveCfg = Release|Any CPU
		{17063CE3-998C-4A79-B9D6-7FCBB1CF3EEE}.Release|x64.Build.0 = Release|Any CPU
		{17063CE3-998C-4A79-B9D6-7FCBB1CF3EEE}.Release|x86.ActiveCfg = Release|Any CPU
		{17063CE3-998C-4A79-B9D6-7FCBB1CF3EEE}.Release|x86.Build.0 = Release|Any CPU
		{8097F19D-F579-4B0E-89FB-C315412B82C6}.Debug|Any CPU.ActiveCfg = Debug|Any CPU
		{8097F19D-F579-4B0E-89FB-C315412B82C6}.Debug|Any CPU.Build.0 = Debug|Any CPU
		{8097F19D-F579-4B0E-89FB-C315412B82C6}.Debug|x64.ActiveCfg = Debug|Any CPU
		{8097F19D-F579-4B0E-89FB-C315412B82C6}.Debug|x64.Build.0 = Debug|Any CPU
		{8097F19D-F579-4B0E-89FB-C315412B82C6}.Debug|x86.ActiveCfg = Debug|Any CPU
		{8097F19D-F579-4B0E-89FB-C315412B82C6}.Debug|x86.Build.0 = Debug|Any CPU
		{8097F19D-F579-4B0E-89FB-C315412B82C6}.Release|Any CPU.ActiveCfg = Release|Any CPU
		{8097F19D-F579-4B0E-89FB-C315412B82C6}.Release|Any CPU.Build.0 = Release|Any CPU
		{8097F19D-F579-4B0E-89FB-C315412B82C6}.Release|x64.ActiveCfg = Release|Any CPU
		{8097F19D-F579-4B0E-89FB-C315412B82C6}.Release|x64.Build.0 = Release|Any CPU
		{8097F19D-F579-4B0E-89FB-C315412B82C6}.Release|x86.ActiveCfg = Release|Any CPU
		{8097F19D-F579-4B0E-89FB-C315412B82C6}.Release|x86.Build.0 = Release|Any CPU
		{39F1B192-72E4-4AD5-882B-738338DE406B}.Debug|Any CPU.ActiveCfg = Debug|Any CPU
		{39F1B192-72E4-4AD5-882B-738338DE406B}.Debug|Any CPU.Build.0 = Debug|Any CPU
		{39F1B192-72E4-4AD5-882B-738338DE406B}.Debug|x64.ActiveCfg = Debug|Any CPU
		{39F1B192-72E4-4AD5-882B-738338DE406B}.Debug|x64.Build.0 = Debug|Any CPU
		{39F1B192-72E4-4AD5-882B-738338DE406B}.Debug|x86.ActiveCfg = Debug|Any CPU
		{39F1B192-72E4-4AD5-882B-738338DE406B}.Debug|x86.Build.0 = Debug|Any CPU
		{39F1B192-72E4-4AD5-882B-738338DE406B}.Release|Any CPU.ActiveCfg = Release|Any CPU
		{39F1B192-72E4-4AD5-882B-738338DE406B}.Release|Any CPU.Build.0 = Release|Any CPU
		{39F1B192-72E4-4AD5-882B-738338DE406B}.Release|x64.ActiveCfg = Release|Any CPU
		{39F1B192-72E4-4AD5-882B-738338DE406B}.Release|x64.Build.0 = Release|Any CPU
		{39F1B192-72E4-4AD5-882B-738338DE406B}.Release|x86.ActiveCfg = Release|Any CPU
		{39F1B192-72E4-4AD5-882B-738338DE406B}.Release|x86.Build.0 = Release|Any CPU
		{A6785F91-9844-4D3E-9E14-4D8F3FBE4E6B}.Debug|Any CPU.ActiveCfg = Debug|Any CPU
		{A6785F91-9844-4D3E-9E14-4D8F3FBE4E6B}.Debug|Any CPU.Build.0 = Debug|Any CPU
		{A6785F91-9844-4D3E-9E14-4D8F3FBE4E6B}.Debug|x64.ActiveCfg = Debug|Any CPU
		{A6785F91-9844-4D3E-9E14-4D8F3FBE4E6B}.Debug|x64.Build.0 = Debug|Any CPU
		{A6785F91-9844-4D3E-9E14-4D8F3FBE4E6B}.Debug|x86.ActiveCfg = Debug|Any CPU
		{A6785F91-9844-4D3E-9E14-4D8F3FBE4E6B}.Debug|x86.Build.0 = Debug|Any CPU
		{A6785F91-9844-4D3E-9E14-4D8F3FBE4E6B}.Release|Any CPU.ActiveCfg = Release|Any CPU
		{A6785F91-9844-4D3E-9E14-4D8F3FBE4E6B}.Release|Any CPU.Build.0 = Release|Any CPU
		{A6785F91-9844-4D3E-9E14-4D8F3FBE4E6B}.Release|x64.ActiveCfg = Release|Any CPU
		{A6785F91-9844-4D3E-9E14-4D8F3FBE4E6B}.Release|x64.Build.0 = Release|Any CPU
		{A6785F91-9844-4D3E-9E14-4D8F3FBE4E6B}.Release|x86.ActiveCfg = Release|Any CPU
		{A6785F91-9844-4D3E-9E14-4D8F3FBE4E6B}.Release|x86.Build.0 = Release|Any CPU
		{A29D0A2C-5223-4497-A6C1-0CEFDAADD092}.Debug|Any CPU.ActiveCfg = Debug|Any CPU
		{A29D0A2C-5223-4497-A6C1-0CEFDAADD092}.Debug|Any CPU.Build.0 = Debug|Any CPU
		{A29D0A2C-5223-4497-A6C1-0CEFDAADD092}.Debug|x64.ActiveCfg = Debug|Any CPU
		{A29D0A2C-5223-4497-A6C1-0CEFDAADD092}.Debug|x64.Build.0 = Debug|Any CPU
		{A29D0A2C-5223-4497-A6C1-0CEFDAADD092}.Debug|x86.ActiveCfg = Debug|Any CPU
		{A29D0A2C-5223-4497-A6C1-0CEFDAADD092}.Debug|x86.Build.0 = Debug|Any CPU
		{A29D0A2C-5223-4497-A6C1-0CEFDAADD092}.Release|Any CPU.ActiveCfg = Release|Any CPU
		{A29D0A2C-5223-4497-A6C1-0CEFDAADD092}.Release|Any CPU.Build.0 = Release|Any CPU
		{A29D0A2C-5223-4497-A6C1-0CEFDAADD092}.Release|x64.ActiveCfg = Release|Any CPU
		{A29D0A2C-5223-4497-A6C1-0CEFDAADD092}.Release|x64.Build.0 = Release|Any CPU
		{A29D0A2C-5223-4497-A6C1-0CEFDAADD092}.Release|x86.ActiveCfg = Release|Any CPU
		{A29D0A2C-5223-4497-A6C1-0CEFDAADD092}.Release|x86.Build.0 = Release|Any CPU
		{F0E979F2-AEB9-4778-BB89-249D9BFB5906}.Debug|Any CPU.ActiveCfg = Debug|Any CPU
		{F0E979F2-AEB9-4778-BB89-249D9BFB5906}.Debug|Any CPU.Build.0 = Debug|Any CPU
		{F0E979F2-AEB9-4778-BB89-249D9BFB5906}.Debug|x64.ActiveCfg = Debug|Any CPU
		{F0E979F2-AEB9-4778-BB89-249D9BFB5906}.Debug|x64.Build.0 = Debug|Any CPU
		{F0E979F2-AEB9-4778-BB89-249D9BFB5906}.Debug|x86.ActiveCfg = Debug|Any CPU
		{F0E979F2-AEB9-4778-BB89-249D9BFB5906}.Debug|x86.Build.0 = Debug|Any CPU
		{F0E979F2-AEB9-4778-BB89-249D9BFB5906}.Release|Any CPU.ActiveCfg = Release|Any CPU
		{F0E979F2-AEB9-4778-BB89-249D9BFB5906}.Release|Any CPU.Build.0 = Release|Any CPU
		{F0E979F2-AEB9-4778-BB89-249D9BFB5906}.Release|x64.ActiveCfg = Release|Any CPU
		{F0E979F2-AEB9-4778-BB89-249D9BFB5906}.Release|x64.Build.0 = Release|Any CPU
		{F0E979F2-AEB9-4778-BB89-249D9BFB5906}.Release|x86.ActiveCfg = Release|Any CPU
		{F0E979F2-AEB9-4778-BB89-249D9BFB5906}.Release|x86.Build.0 = Release|Any CPU
		{3829CEA3-237F-4A1A-B0B6-F1747B656B51}.Debug|Any CPU.ActiveCfg = Debug|Any CPU
		{3829CEA3-237F-4A1A-B0B6-F1747B656B51}.Debug|Any CPU.Build.0 = Debug|Any CPU
		{3829CEA3-237F-4A1A-B0B6-F1747B656B51}.Debug|x64.ActiveCfg = Debug|Any CPU
		{3829CEA3-237F-4A1A-B0B6-F1747B656B51}.Debug|x64.Build.0 = Debug|Any CPU
		{3829CEA3-237F-4A1A-B0B6-F1747B656B51}.Debug|x86.ActiveCfg = Debug|Any CPU
		{3829CEA3-237F-4A1A-B0B6-F1747B656B51}.Debug|x86.Build.0 = Debug|Any CPU
		{3829CEA3-237F-4A1A-B0B6-F1747B656B51}.Release|Any CPU.ActiveCfg = Release|Any CPU
		{3829CEA3-237F-4A1A-B0B6-F1747B656B51}.Release|Any CPU.Build.0 = Release|Any CPU
		{3829CEA3-237F-4A1A-B0B6-F1747B656B51}.Release|x64.ActiveCfg = Release|Any CPU
		{3829CEA3-237F-4A1A-B0B6-F1747B656B51}.Release|x64.Build.0 = Release|Any CPU
		{3829CEA3-237F-4A1A-B0B6-F1747B656B51}.Release|x86.ActiveCfg = Release|Any CPU
		{3829CEA3-237F-4A1A-B0B6-F1747B656B51}.Release|x86.Build.0 = Release|Any CPU
		{CB566300-042A-406C-B011-177EF8609EC2}.Debug|Any CPU.ActiveCfg = Debug|Any CPU
		{CB566300-042A-406C-B011-177EF8609EC2}.Debug|Any CPU.Build.0 = Debug|Any CPU
		{CB566300-042A-406C-B011-177EF8609EC2}.Debug|x64.ActiveCfg = Debug|Any CPU
		{CB566300-042A-406C-B011-177EF8609EC2}.Debug|x64.Build.0 = Debug|Any CPU
		{CB566300-042A-406C-B011-177EF8609EC2}.Debug|x86.ActiveCfg = Debug|Any CPU
		{CB566300-042A-406C-B011-177EF8609EC2}.Debug|x86.Build.0 = Debug|Any CPU
		{CB566300-042A-406C-B011-177EF8609EC2}.Release|Any CPU.ActiveCfg = Release|Any CPU
		{CB566300-042A-406C-B011-177EF8609EC2}.Release|Any CPU.Build.0 = Release|Any CPU
		{CB566300-042A-406C-B011-177EF8609EC2}.Release|x64.ActiveCfg = Release|Any CPU
		{CB566300-042A-406C-B011-177EF8609EC2}.Release|x64.Build.0 = Release|Any CPU
		{CB566300-042A-406C-B011-177EF8609EC2}.Release|x86.ActiveCfg = Release|Any CPU
		{CB566300-042A-406C-B011-177EF8609EC2}.Release|x86.Build.0 = Release|Any CPU
		{F8513BA6-1819-4EB7-B0C4-6E7051B3DC1E}.Debug|Any CPU.ActiveCfg = Debug|Any CPU
		{F8513BA6-1819-4EB7-B0C4-6E7051B3DC1E}.Debug|Any CPU.Build.0 = Debug|Any CPU
		{F8513BA6-1819-4EB7-B0C4-6E7051B3DC1E}.Debug|x64.ActiveCfg = Debug|Any CPU
		{F8513BA6-1819-4EB7-B0C4-6E7051B3DC1E}.Debug|x64.Build.0 = Debug|Any CPU
		{F8513BA6-1819-4EB7-B0C4-6E7051B3DC1E}.Debug|x86.ActiveCfg = Debug|Any CPU
		{F8513BA6-1819-4EB7-B0C4-6E7051B3DC1E}.Debug|x86.Build.0 = Debug|Any CPU
		{F8513BA6-1819-4EB7-B0C4-6E7051B3DC1E}.Release|Any CPU.ActiveCfg = Release|Any CPU
		{F8513BA6-1819-4EB7-B0C4-6E7051B3DC1E}.Release|Any CPU.Build.0 = Release|Any CPU
		{F8513BA6-1819-4EB7-B0C4-6E7051B3DC1E}.Release|x64.ActiveCfg = Release|Any CPU
		{F8513BA6-1819-4EB7-B0C4-6E7051B3DC1E}.Release|x64.Build.0 = Release|Any CPU
		{F8513BA6-1819-4EB7-B0C4-6E7051B3DC1E}.Release|x86.ActiveCfg = Release|Any CPU
		{F8513BA6-1819-4EB7-B0C4-6E7051B3DC1E}.Release|x86.Build.0 = Release|Any CPU
		{CB507EF0-D8D4-498F-B13C-C2EEA1B1A702}.Debug|Any CPU.ActiveCfg = Debug|Any CPU
		{CB507EF0-D8D4-498F-B13C-C2EEA1B1A702}.Debug|Any CPU.Build.0 = Debug|Any CPU
		{CB507EF0-D8D4-498F-B13C-C2EEA1B1A702}.Debug|x64.ActiveCfg = Debug|Any CPU
		{CB507EF0-D8D4-498F-B13C-C2EEA1B1A702}.Debug|x64.Build.0 = Debug|Any CPU
		{CB507EF0-D8D4-498F-B13C-C2EEA1B1A702}.Debug|x86.ActiveCfg = Debug|Any CPU
		{CB507EF0-D8D4-498F-B13C-C2EEA1B1A702}.Debug|x86.Build.0 = Debug|Any CPU
		{CB507EF0-D8D4-498F-B13C-C2EEA1B1A702}.Release|Any CPU.ActiveCfg = Release|Any CPU
		{CB507EF0-D8D4-498F-B13C-C2EEA1B1A702}.Release|Any CPU.Build.0 = Release|Any CPU
		{CB507EF0-D8D4-498F-B13C-C2EEA1B1A702}.Release|x64.ActiveCfg = Release|Any CPU
		{CB507EF0-D8D4-498F-B13C-C2EEA1B1A702}.Release|x64.Build.0 = Release|Any CPU
		{CB507EF0-D8D4-498F-B13C-C2EEA1B1A702}.Release|x86.ActiveCfg = Release|Any CPU
		{CB507EF0-D8D4-498F-B13C-C2EEA1B1A702}.Release|x86.Build.0 = Release|Any CPU
		{D101E0DB-B99E-4DCA-BEBC-C80CC6811C64}.Debug|Any CPU.ActiveCfg = Debug|Any CPU
		{D101E0DB-B99E-4DCA-BEBC-C80CC6811C64}.Debug|Any CPU.Build.0 = Debug|Any CPU
		{D101E0DB-B99E-4DCA-BEBC-C80CC6811C64}.Debug|x64.ActiveCfg = Debug|Any CPU
		{D101E0DB-B99E-4DCA-BEBC-C80CC6811C64}.Debug|x64.Build.0 = Debug|Any CPU
		{D101E0DB-B99E-4DCA-BEBC-C80CC6811C64}.Debug|x86.ActiveCfg = Debug|Any CPU
		{D101E0DB-B99E-4DCA-BEBC-C80CC6811C64}.Debug|x86.Build.0 = Debug|Any CPU
		{D101E0DB-B99E-4DCA-BEBC-C80CC6811C64}.Release|Any CPU.ActiveCfg = Release|Any CPU
		{D101E0DB-B99E-4DCA-BEBC-C80CC6811C64}.Release|Any CPU.Build.0 = Release|Any CPU
		{D101E0DB-B99E-4DCA-BEBC-C80CC6811C64}.Release|x64.ActiveCfg = Release|Any CPU
		{D101E0DB-B99E-4DCA-BEBC-C80CC6811C64}.Release|x64.Build.0 = Release|Any CPU
		{D101E0DB-B99E-4DCA-BEBC-C80CC6811C64}.Release|x86.ActiveCfg = Release|Any CPU
		{D101E0DB-B99E-4DCA-BEBC-C80CC6811C64}.Release|x86.Build.0 = Release|Any CPU
		{29392EFC-9963-4289-8905-694D58BDC440}.Debug|Any CPU.ActiveCfg = Debug|Any CPU
		{29392EFC-9963-4289-8905-694D58BDC440}.Debug|Any CPU.Build.0 = Debug|Any CPU
		{29392EFC-9963-4289-8905-694D58BDC440}.Debug|x64.ActiveCfg = Debug|Any CPU
		{29392EFC-9963-4289-8905-694D58BDC440}.Debug|x64.Build.0 = Debug|Any CPU
		{29392EFC-9963-4289-8905-694D58BDC440}.Debug|x86.ActiveCfg = Debug|Any CPU
		{29392EFC-9963-4289-8905-694D58BDC440}.Debug|x86.Build.0 = Debug|Any CPU
		{29392EFC-9963-4289-8905-694D58BDC440}.Release|Any CPU.ActiveCfg = Release|Any CPU
		{29392EFC-9963-4289-8905-694D58BDC440}.Release|Any CPU.Build.0 = Release|Any CPU
		{29392EFC-9963-4289-8905-694D58BDC440}.Release|x64.ActiveCfg = Release|Any CPU
		{29392EFC-9963-4289-8905-694D58BDC440}.Release|x64.Build.0 = Release|Any CPU
		{29392EFC-9963-4289-8905-694D58BDC440}.Release|x86.ActiveCfg = Release|Any CPU
		{29392EFC-9963-4289-8905-694D58BDC440}.Release|x86.Build.0 = Release|Any CPU
		{E4672BCC-ADCB-4C7F-8B4F-EC6EC3CA9451}.Debug|Any CPU.ActiveCfg = Debug|Any CPU
		{E4672BCC-ADCB-4C7F-8B4F-EC6EC3CA9451}.Debug|Any CPU.Build.0 = Debug|Any CPU
		{E4672BCC-ADCB-4C7F-8B4F-EC6EC3CA9451}.Debug|x64.ActiveCfg = Debug|Any CPU
		{E4672BCC-ADCB-4C7F-8B4F-EC6EC3CA9451}.Debug|x64.Build.0 = Debug|Any CPU
		{E4672BCC-ADCB-4C7F-8B4F-EC6EC3CA9451}.Debug|x86.ActiveCfg = Debug|Any CPU
		{E4672BCC-ADCB-4C7F-8B4F-EC6EC3CA9451}.Debug|x86.Build.0 = Debug|Any CPU
		{E4672BCC-ADCB-4C7F-8B4F-EC6EC3CA9451}.Release|Any CPU.ActiveCfg = Release|Any CPU
		{E4672BCC-ADCB-4C7F-8B4F-EC6EC3CA9451}.Release|Any CPU.Build.0 = Release|Any CPU
		{E4672BCC-ADCB-4C7F-8B4F-EC6EC3CA9451}.Release|x64.ActiveCfg = Release|Any CPU
		{E4672BCC-ADCB-4C7F-8B4F-EC6EC3CA9451}.Release|x64.Build.0 = Release|Any CPU
		{E4672BCC-ADCB-4C7F-8B4F-EC6EC3CA9451}.Release|x86.ActiveCfg = Release|Any CPU
		{E4672BCC-ADCB-4C7F-8B4F-EC6EC3CA9451}.Release|x86.Build.0 = Release|Any CPU
		{3F0BB82D-ADC8-4266-B6DA-80A3B95F379F}.Debug|Any CPU.ActiveCfg = Debug|Any CPU
		{3F0BB82D-ADC8-4266-B6DA-80A3B95F379F}.Debug|Any CPU.Build.0 = Debug|Any CPU
		{3F0BB82D-ADC8-4266-B6DA-80A3B95F379F}.Debug|x64.ActiveCfg = Debug|Any CPU
		{3F0BB82D-ADC8-4266-B6DA-80A3B95F379F}.Debug|x64.Build.0 = Debug|Any CPU
		{3F0BB82D-ADC8-4266-B6DA-80A3B95F379F}.Debug|x86.ActiveCfg = Debug|Any CPU
		{3F0BB82D-ADC8-4266-B6DA-80A3B95F379F}.Debug|x86.Build.0 = Debug|Any CPU
		{3F0BB82D-ADC8-4266-B6DA-80A3B95F379F}.Release|Any CPU.ActiveCfg = Release|Any CPU
		{3F0BB82D-ADC8-4266-B6DA-80A3B95F379F}.Release|Any CPU.Build.0 = Release|Any CPU
		{3F0BB82D-ADC8-4266-B6DA-80A3B95F379F}.Release|x64.ActiveCfg = Release|Any CPU
		{3F0BB82D-ADC8-4266-B6DA-80A3B95F379F}.Release|x64.Build.0 = Release|Any CPU
		{3F0BB82D-ADC8-4266-B6DA-80A3B95F379F}.Release|x86.ActiveCfg = Release|Any CPU
		{3F0BB82D-ADC8-4266-B6DA-80A3B95F379F}.Release|x86.Build.0 = Release|Any CPU
		{4F6246FE-32B4-42DD-A555-84FD16741FF6}.Debug|Any CPU.ActiveCfg = Debug|Any CPU
		{4F6246FE-32B4-42DD-A555-84FD16741FF6}.Debug|Any CPU.Build.0 = Debug|Any CPU
		{4F6246FE-32B4-42DD-A555-84FD16741FF6}.Debug|x64.ActiveCfg = Debug|Any CPU
		{4F6246FE-32B4-42DD-A555-84FD16741FF6}.Debug|x64.Build.0 = Debug|Any CPU
		{4F6246FE-32B4-42DD-A555-84FD16741FF6}.Debug|x86.ActiveCfg = Debug|Any CPU
		{4F6246FE-32B4-42DD-A555-84FD16741FF6}.Debug|x86.Build.0 = Debug|Any CPU
		{4F6246FE-32B4-42DD-A555-84FD16741FF6}.Release|Any CPU.ActiveCfg = Release|Any CPU
		{4F6246FE-32B4-42DD-A555-84FD16741FF6}.Release|Any CPU.Build.0 = Release|Any CPU
		{4F6246FE-32B4-42DD-A555-84FD16741FF6}.Release|x64.ActiveCfg = Release|Any CPU
		{4F6246FE-32B4-42DD-A555-84FD16741FF6}.Release|x64.Build.0 = Release|Any CPU
		{4F6246FE-32B4-42DD-A555-84FD16741FF6}.Release|x86.ActiveCfg = Release|Any CPU
		{4F6246FE-32B4-42DD-A555-84FD16741FF6}.Release|x86.Build.0 = Release|Any CPU
		{8817100F-1B14-4038-806C-AC75DC064C7A}.Debug|Any CPU.ActiveCfg = Debug|Any CPU
		{8817100F-1B14-4038-806C-AC75DC064C7A}.Debug|Any CPU.Build.0 = Debug|Any CPU
		{8817100F-1B14-4038-806C-AC75DC064C7A}.Debug|x64.ActiveCfg = Debug|Any CPU
		{8817100F-1B14-4038-806C-AC75DC064C7A}.Debug|x64.Build.0 = Debug|Any CPU
		{8817100F-1B14-4038-806C-AC75DC064C7A}.Debug|x86.ActiveCfg = Debug|Any CPU
		{8817100F-1B14-4038-806C-AC75DC064C7A}.Debug|x86.Build.0 = Debug|Any CPU
		{8817100F-1B14-4038-806C-AC75DC064C7A}.Release|Any CPU.ActiveCfg = Release|Any CPU
		{8817100F-1B14-4038-806C-AC75DC064C7A}.Release|Any CPU.Build.0 = Release|Any CPU
		{8817100F-1B14-4038-806C-AC75DC064C7A}.Release|x64.ActiveCfg = Release|Any CPU
		{8817100F-1B14-4038-806C-AC75DC064C7A}.Release|x64.Build.0 = Release|Any CPU
		{8817100F-1B14-4038-806C-AC75DC064C7A}.Release|x86.ActiveCfg = Release|Any CPU
		{8817100F-1B14-4038-806C-AC75DC064C7A}.Release|x86.Build.0 = Release|Any CPU
		{18CC98C6-FB85-400C-BC4A-D292FE65402E}.Debug|Any CPU.ActiveCfg = Debug|Any CPU
		{18CC98C6-FB85-400C-BC4A-D292FE65402E}.Debug|Any CPU.Build.0 = Debug|Any CPU
		{18CC98C6-FB85-400C-BC4A-D292FE65402E}.Debug|x64.ActiveCfg = Debug|Any CPU
		{18CC98C6-FB85-400C-BC4A-D292FE65402E}.Debug|x64.Build.0 = Debug|Any CPU
		{18CC98C6-FB85-400C-BC4A-D292FE65402E}.Debug|x86.ActiveCfg = Debug|Any CPU
		{18CC98C6-FB85-400C-BC4A-D292FE65402E}.Debug|x86.Build.0 = Debug|Any CPU
		{18CC98C6-FB85-400C-BC4A-D292FE65402E}.Release|Any CPU.ActiveCfg = Release|Any CPU
		{18CC98C6-FB85-400C-BC4A-D292FE65402E}.Release|Any CPU.Build.0 = Release|Any CPU
		{18CC98C6-FB85-400C-BC4A-D292FE65402E}.Release|x64.ActiveCfg = Release|Any CPU
		{18CC98C6-FB85-400C-BC4A-D292FE65402E}.Release|x64.Build.0 = Release|Any CPU
		{18CC98C6-FB85-400C-BC4A-D292FE65402E}.Release|x86.ActiveCfg = Release|Any CPU
		{18CC98C6-FB85-400C-BC4A-D292FE65402E}.Release|x86.Build.0 = Release|Any CPU
		{76D08952-7DCA-4689-865C-CC5939172CA0}.Debug|Any CPU.ActiveCfg = Debug|Any CPU
		{76D08952-7DCA-4689-865C-CC5939172CA0}.Debug|Any CPU.Build.0 = Debug|Any CPU
		{76D08952-7DCA-4689-865C-CC5939172CA0}.Debug|x64.ActiveCfg = Debug|Any CPU
		{76D08952-7DCA-4689-865C-CC5939172CA0}.Debug|x64.Build.0 = Debug|Any CPU
		{76D08952-7DCA-4689-865C-CC5939172CA0}.Debug|x86.ActiveCfg = Debug|Any CPU
		{76D08952-7DCA-4689-865C-CC5939172CA0}.Debug|x86.Build.0 = Debug|Any CPU
		{76D08952-7DCA-4689-865C-CC5939172CA0}.Release|Any CPU.ActiveCfg = Release|Any CPU
		{76D08952-7DCA-4689-865C-CC5939172CA0}.Release|Any CPU.Build.0 = Release|Any CPU
		{76D08952-7DCA-4689-865C-CC5939172CA0}.Release|x64.ActiveCfg = Release|Any CPU
		{76D08952-7DCA-4689-865C-CC5939172CA0}.Release|x64.Build.0 = Release|Any CPU
		{76D08952-7DCA-4689-865C-CC5939172CA0}.Release|x86.ActiveCfg = Release|Any CPU
		{76D08952-7DCA-4689-865C-CC5939172CA0}.Release|x86.Build.0 = Release|Any CPU
		{8AB45D19-FF70-48D1-9FC2-7623BEA632C6}.Debug|Any CPU.ActiveCfg = Debug|Any CPU
		{8AB45D19-FF70-48D1-9FC2-7623BEA632C6}.Debug|Any CPU.Build.0 = Debug|Any CPU
		{8AB45D19-FF70-48D1-9FC2-7623BEA632C6}.Debug|x64.ActiveCfg = Debug|Any CPU
		{8AB45D19-FF70-48D1-9FC2-7623BEA632C6}.Debug|x64.Build.0 = Debug|Any CPU
		{8AB45D19-FF70-48D1-9FC2-7623BEA632C6}.Debug|x86.ActiveCfg = Debug|Any CPU
		{8AB45D19-FF70-48D1-9FC2-7623BEA632C6}.Debug|x86.Build.0 = Debug|Any CPU
		{8AB45D19-FF70-48D1-9FC2-7623BEA632C6}.Release|Any CPU.ActiveCfg = Release|Any CPU
		{8AB45D19-FF70-48D1-9FC2-7623BEA632C6}.Release|Any CPU.Build.0 = Release|Any CPU
		{8AB45D19-FF70-48D1-9FC2-7623BEA632C6}.Release|x64.ActiveCfg = Release|Any CPU
		{8AB45D19-FF70-48D1-9FC2-7623BEA632C6}.Release|x64.Build.0 = Release|Any CPU
		{8AB45D19-FF70-48D1-9FC2-7623BEA632C6}.Release|x86.ActiveCfg = Release|Any CPU
		{8AB45D19-FF70-48D1-9FC2-7623BEA632C6}.Release|x86.Build.0 = Release|Any CPU
		{BFE14EAE-6736-4354-A46E-E966F707C728}.Debug|Any CPU.ActiveCfg = Debug|Any CPU
		{BFE14EAE-6736-4354-A46E-E966F707C728}.Debug|Any CPU.Build.0 = Debug|Any CPU
		{BFE14EAE-6736-4354-A46E-E966F707C728}.Debug|x64.ActiveCfg = Debug|Any CPU
		{BFE14EAE-6736-4354-A46E-E966F707C728}.Debug|x64.Build.0 = Debug|Any CPU
		{BFE14EAE-6736-4354-A46E-E966F707C728}.Debug|x86.ActiveCfg = Debug|Any CPU
		{BFE14EAE-6736-4354-A46E-E966F707C728}.Debug|x86.Build.0 = Debug|Any CPU
		{BFE14EAE-6736-4354-A46E-E966F707C728}.Release|Any CPU.ActiveCfg = Release|Any CPU
		{BFE14EAE-6736-4354-A46E-E966F707C728}.Release|Any CPU.Build.0 = Release|Any CPU
		{BFE14EAE-6736-4354-A46E-E966F707C728}.Release|x64.ActiveCfg = Release|Any CPU
		{BFE14EAE-6736-4354-A46E-E966F707C728}.Release|x64.Build.0 = Release|Any CPU
		{BFE14EAE-6736-4354-A46E-E966F707C728}.Release|x86.ActiveCfg = Release|Any CPU
		{BFE14EAE-6736-4354-A46E-E966F707C728}.Release|x86.Build.0 = Release|Any CPU
		{6C1BD3E5-9458-4383-A587-C1620D0C903C}.Debug|Any CPU.ActiveCfg = Debug|Any CPU
		{6C1BD3E5-9458-4383-A587-C1620D0C903C}.Debug|Any CPU.Build.0 = Debug|Any CPU
		{6C1BD3E5-9458-4383-A587-C1620D0C903C}.Debug|x64.ActiveCfg = Debug|Any CPU
		{6C1BD3E5-9458-4383-A587-C1620D0C903C}.Debug|x64.Build.0 = Debug|Any CPU
		{6C1BD3E5-9458-4383-A587-C1620D0C903C}.Debug|x86.ActiveCfg = Debug|Any CPU
		{6C1BD3E5-9458-4383-A587-C1620D0C903C}.Debug|x86.Build.0 = Debug|Any CPU
		{6C1BD3E5-9458-4383-A587-C1620D0C903C}.Release|Any CPU.ActiveCfg = Release|Any CPU
		{6C1BD3E5-9458-4383-A587-C1620D0C903C}.Release|Any CPU.Build.0 = Release|Any CPU
		{6C1BD3E5-9458-4383-A587-C1620D0C903C}.Release|x64.ActiveCfg = Release|Any CPU
		{6C1BD3E5-9458-4383-A587-C1620D0C903C}.Release|x64.Build.0 = Release|Any CPU
		{6C1BD3E5-9458-4383-A587-C1620D0C903C}.Release|x86.ActiveCfg = Release|Any CPU
		{6C1BD3E5-9458-4383-A587-C1620D0C903C}.Release|x86.Build.0 = Release|Any CPU
		{4194EEED-FEF6-4BBC-9DDD-95638E98D8D9}.Debug|Any CPU.ActiveCfg = Debug|Any CPU
		{4194EEED-FEF6-4BBC-9DDD-95638E98D8D9}.Debug|Any CPU.Build.0 = Debug|Any CPU
		{4194EEED-FEF6-4BBC-9DDD-95638E98D8D9}.Debug|x64.ActiveCfg = Debug|Any CPU
		{4194EEED-FEF6-4BBC-9DDD-95638E98D8D9}.Debug|x64.Build.0 = Debug|Any CPU
		{4194EEED-FEF6-4BBC-9DDD-95638E98D8D9}.Debug|x86.ActiveCfg = Debug|Any CPU
		{4194EEED-FEF6-4BBC-9DDD-95638E98D8D9}.Debug|x86.Build.0 = Debug|Any CPU
		{4194EEED-FEF6-4BBC-9DDD-95638E98D8D9}.Release|Any CPU.ActiveCfg = Release|Any CPU
		{4194EEED-FEF6-4BBC-9DDD-95638E98D8D9}.Release|Any CPU.Build.0 = Release|Any CPU
		{4194EEED-FEF6-4BBC-9DDD-95638E98D8D9}.Release|x64.ActiveCfg = Release|Any CPU
		{4194EEED-FEF6-4BBC-9DDD-95638E98D8D9}.Release|x64.Build.0 = Release|Any CPU
		{4194EEED-FEF6-4BBC-9DDD-95638E98D8D9}.Release|x86.ActiveCfg = Release|Any CPU
		{4194EEED-FEF6-4BBC-9DDD-95638E98D8D9}.Release|x86.Build.0 = Release|Any CPU
		{01F91BF9-5FFA-481F-8E7B-C0DA7D894D4C}.Debug|Any CPU.ActiveCfg = Debug|Any CPU
		{01F91BF9-5FFA-481F-8E7B-C0DA7D894D4C}.Debug|Any CPU.Build.0 = Debug|Any CPU
		{01F91BF9-5FFA-481F-8E7B-C0DA7D894D4C}.Debug|x64.ActiveCfg = Debug|Any CPU
		{01F91BF9-5FFA-481F-8E7B-C0DA7D894D4C}.Debug|x64.Build.0 = Debug|Any CPU
		{01F91BF9-5FFA-481F-8E7B-C0DA7D894D4C}.Debug|x86.ActiveCfg = Debug|Any CPU
		{01F91BF9-5FFA-481F-8E7B-C0DA7D894D4C}.Debug|x86.Build.0 = Debug|Any CPU
		{01F91BF9-5FFA-481F-8E7B-C0DA7D894D4C}.Release|Any CPU.ActiveCfg = Release|Any CPU
		{01F91BF9-5FFA-481F-8E7B-C0DA7D894D4C}.Release|Any CPU.Build.0 = Release|Any CPU
		{01F91BF9-5FFA-481F-8E7B-C0DA7D894D4C}.Release|x64.ActiveCfg = Release|Any CPU
		{01F91BF9-5FFA-481F-8E7B-C0DA7D894D4C}.Release|x64.Build.0 = Release|Any CPU
		{01F91BF9-5FFA-481F-8E7B-C0DA7D894D4C}.Release|x86.ActiveCfg = Release|Any CPU
		{01F91BF9-5FFA-481F-8E7B-C0DA7D894D4C}.Release|x86.Build.0 = Release|Any CPU
		{073BA562-76CA-413B-BCB7-8C1F188DC0B7}.Debug|Any CPU.ActiveCfg = Debug|Any CPU
		{073BA562-76CA-413B-BCB7-8C1F188DC0B7}.Debug|Any CPU.Build.0 = Debug|Any CPU
		{073BA562-76CA-413B-BCB7-8C1F188DC0B7}.Debug|x64.ActiveCfg = Debug|Any CPU
		{073BA562-76CA-413B-BCB7-8C1F188DC0B7}.Debug|x64.Build.0 = Debug|Any CPU
		{073BA562-76CA-413B-BCB7-8C1F188DC0B7}.Debug|x86.ActiveCfg = Debug|Any CPU
		{073BA562-76CA-413B-BCB7-8C1F188DC0B7}.Debug|x86.Build.0 = Debug|Any CPU
		{073BA562-76CA-413B-BCB7-8C1F188DC0B7}.Release|Any CPU.ActiveCfg = Release|Any CPU
		{073BA562-76CA-413B-BCB7-8C1F188DC0B7}.Release|Any CPU.Build.0 = Release|Any CPU
		{073BA562-76CA-413B-BCB7-8C1F188DC0B7}.Release|x64.ActiveCfg = Release|Any CPU
		{073BA562-76CA-413B-BCB7-8C1F188DC0B7}.Release|x64.Build.0 = Release|Any CPU
		{073BA562-76CA-413B-BCB7-8C1F188DC0B7}.Release|x86.ActiveCfg = Release|Any CPU
		{073BA562-76CA-413B-BCB7-8C1F188DC0B7}.Release|x86.Build.0 = Release|Any CPU
		{61FC3597-1DF6-4398-A5B3-E3E69BCA05C5}.Debug|Any CPU.ActiveCfg = Debug|Any CPU
		{61FC3597-1DF6-4398-A5B3-E3E69BCA05C5}.Debug|Any CPU.Build.0 = Debug|Any CPU
		{61FC3597-1DF6-4398-A5B3-E3E69BCA05C5}.Debug|x64.ActiveCfg = Debug|Any CPU
		{61FC3597-1DF6-4398-A5B3-E3E69BCA05C5}.Debug|x64.Build.0 = Debug|Any CPU
		{61FC3597-1DF6-4398-A5B3-E3E69BCA05C5}.Debug|x86.ActiveCfg = Debug|Any CPU
		{61FC3597-1DF6-4398-A5B3-E3E69BCA05C5}.Debug|x86.Build.0 = Debug|Any CPU
		{61FC3597-1DF6-4398-A5B3-E3E69BCA05C5}.Release|Any CPU.ActiveCfg = Release|Any CPU
		{61FC3597-1DF6-4398-A5B3-E3E69BCA05C5}.Release|Any CPU.Build.0 = Release|Any CPU
		{61FC3597-1DF6-4398-A5B3-E3E69BCA05C5}.Release|x64.ActiveCfg = Release|Any CPU
		{61FC3597-1DF6-4398-A5B3-E3E69BCA05C5}.Release|x64.Build.0 = Release|Any CPU
		{61FC3597-1DF6-4398-A5B3-E3E69BCA05C5}.Release|x86.ActiveCfg = Release|Any CPU
		{61FC3597-1DF6-4398-A5B3-E3E69BCA05C5}.Release|x86.Build.0 = Release|Any CPU
		{4A670F7E-D90C-4992-AE37-812D6D847E65}.Debug|Any CPU.ActiveCfg = Debug|Any CPU
		{4A670F7E-D90C-4992-AE37-812D6D847E65}.Debug|Any CPU.Build.0 = Debug|Any CPU
		{4A670F7E-D90C-4992-AE37-812D6D847E65}.Debug|x64.ActiveCfg = Debug|Any CPU
		{4A670F7E-D90C-4992-AE37-812D6D847E65}.Debug|x64.Build.0 = Debug|Any CPU
		{4A670F7E-D90C-4992-AE37-812D6D847E65}.Debug|x86.ActiveCfg = Debug|Any CPU
		{4A670F7E-D90C-4992-AE37-812D6D847E65}.Debug|x86.Build.0 = Debug|Any CPU
		{4A670F7E-D90C-4992-AE37-812D6D847E65}.Release|Any CPU.ActiveCfg = Release|Any CPU
		{4A670F7E-D90C-4992-AE37-812D6D847E65}.Release|Any CPU.Build.0 = Release|Any CPU
		{4A670F7E-D90C-4992-AE37-812D6D847E65}.Release|x64.ActiveCfg = Release|Any CPU
		{4A670F7E-D90C-4992-AE37-812D6D847E65}.Release|x64.Build.0 = Release|Any CPU
		{4A670F7E-D90C-4992-AE37-812D6D847E65}.Release|x86.ActiveCfg = Release|Any CPU
		{4A670F7E-D90C-4992-AE37-812D6D847E65}.Release|x86.Build.0 = Release|Any CPU
		{4B8E9C5A-D31E-4AA7-801D-E3574CDAAA19}.Debug|Any CPU.ActiveCfg = Debug|Any CPU
		{4B8E9C5A-D31E-4AA7-801D-E3574CDAAA19}.Debug|Any CPU.Build.0 = Debug|Any CPU
		{4B8E9C5A-D31E-4AA7-801D-E3574CDAAA19}.Debug|x64.ActiveCfg = Debug|Any CPU
		{4B8E9C5A-D31E-4AA7-801D-E3574CDAAA19}.Debug|x64.Build.0 = Debug|Any CPU
		{4B8E9C5A-D31E-4AA7-801D-E3574CDAAA19}.Debug|x86.ActiveCfg = Debug|Any CPU
		{4B8E9C5A-D31E-4AA7-801D-E3574CDAAA19}.Debug|x86.Build.0 = Debug|Any CPU
		{4B8E9C5A-D31E-4AA7-801D-E3574CDAAA19}.Release|Any CPU.ActiveCfg = Release|Any CPU
		{4B8E9C5A-D31E-4AA7-801D-E3574CDAAA19}.Release|Any CPU.Build.0 = Release|Any CPU
		{4B8E9C5A-D31E-4AA7-801D-E3574CDAAA19}.Release|x64.ActiveCfg = Release|Any CPU
		{4B8E9C5A-D31E-4AA7-801D-E3574CDAAA19}.Release|x64.Build.0 = Release|Any CPU
		{4B8E9C5A-D31E-4AA7-801D-E3574CDAAA19}.Release|x86.ActiveCfg = Release|Any CPU
		{4B8E9C5A-D31E-4AA7-801D-E3574CDAAA19}.Release|x86.Build.0 = Release|Any CPU
		{02AF386A-B693-46AF-8452-D63F44E03841}.Debug|Any CPU.ActiveCfg = Debug|Any CPU
		{02AF386A-B693-46AF-8452-D63F44E03841}.Debug|Any CPU.Build.0 = Debug|Any CPU
		{02AF386A-B693-46AF-8452-D63F44E03841}.Debug|x64.ActiveCfg = Debug|Any CPU
		{02AF386A-B693-46AF-8452-D63F44E03841}.Debug|x64.Build.0 = Debug|Any CPU
		{02AF386A-B693-46AF-8452-D63F44E03841}.Debug|x86.ActiveCfg = Debug|Any CPU
		{02AF386A-B693-46AF-8452-D63F44E03841}.Debug|x86.Build.0 = Debug|Any CPU
		{02AF386A-B693-46AF-8452-D63F44E03841}.Release|Any CPU.ActiveCfg = Release|Any CPU
		{02AF386A-B693-46AF-8452-D63F44E03841}.Release|Any CPU.Build.0 = Release|Any CPU
		{02AF386A-B693-46AF-8452-D63F44E03841}.Release|x64.ActiveCfg = Release|Any CPU
		{02AF386A-B693-46AF-8452-D63F44E03841}.Release|x64.Build.0 = Release|Any CPU
		{02AF386A-B693-46AF-8452-D63F44E03841}.Release|x86.ActiveCfg = Release|Any CPU
		{02AF386A-B693-46AF-8452-D63F44E03841}.Release|x86.Build.0 = Release|Any CPU
		{E0032802-1E0F-41CB-B88A-D82C3E568BFB}.Debug|Any CPU.ActiveCfg = Debug|Any CPU
		{E0032802-1E0F-41CB-B88A-D82C3E568BFB}.Debug|Any CPU.Build.0 = Debug|Any CPU
		{E0032802-1E0F-41CB-B88A-D82C3E568BFB}.Debug|x64.ActiveCfg = Debug|Any CPU
		{E0032802-1E0F-41CB-B88A-D82C3E568BFB}.Debug|x64.Build.0 = Debug|Any CPU
		{E0032802-1E0F-41CB-B88A-D82C3E568BFB}.Debug|x86.ActiveCfg = Debug|Any CPU
		{E0032802-1E0F-41CB-B88A-D82C3E568BFB}.Debug|x86.Build.0 = Debug|Any CPU
		{E0032802-1E0F-41CB-B88A-D82C3E568BFB}.Release|Any CPU.ActiveCfg = Release|Any CPU
		{E0032802-1E0F-41CB-B88A-D82C3E568BFB}.Release|Any CPU.Build.0 = Release|Any CPU
		{E0032802-1E0F-41CB-B88A-D82C3E568BFB}.Release|x64.ActiveCfg = Release|Any CPU
		{E0032802-1E0F-41CB-B88A-D82C3E568BFB}.Release|x64.Build.0 = Release|Any CPU
		{E0032802-1E0F-41CB-B88A-D82C3E568BFB}.Release|x86.ActiveCfg = Release|Any CPU
		{E0032802-1E0F-41CB-B88A-D82C3E568BFB}.Release|x86.Build.0 = Release|Any CPU
		{395518F9-D823-4A8F-84AC-73C394DC1049}.Debug|Any CPU.ActiveCfg = Debug|Any CPU
		{395518F9-D823-4A8F-84AC-73C394DC1049}.Debug|Any CPU.Build.0 = Debug|Any CPU
		{395518F9-D823-4A8F-84AC-73C394DC1049}.Debug|x64.ActiveCfg = Debug|Any CPU
		{395518F9-D823-4A8F-84AC-73C394DC1049}.Debug|x64.Build.0 = Debug|Any CPU
		{395518F9-D823-4A8F-84AC-73C394DC1049}.Debug|x86.ActiveCfg = Debug|Any CPU
		{395518F9-D823-4A8F-84AC-73C394DC1049}.Debug|x86.Build.0 = Debug|Any CPU
		{395518F9-D823-4A8F-84AC-73C394DC1049}.Release|Any CPU.ActiveCfg = Release|Any CPU
		{395518F9-D823-4A8F-84AC-73C394DC1049}.Release|Any CPU.Build.0 = Release|Any CPU
		{395518F9-D823-4A8F-84AC-73C394DC1049}.Release|x64.ActiveCfg = Release|Any CPU
		{395518F9-D823-4A8F-84AC-73C394DC1049}.Release|x64.Build.0 = Release|Any CPU
		{395518F9-D823-4A8F-84AC-73C394DC1049}.Release|x86.ActiveCfg = Release|Any CPU
		{395518F9-D823-4A8F-84AC-73C394DC1049}.Release|x86.Build.0 = Release|Any CPU
		{F2E68011-767D-4C99-8BF2-5794C2A58612}.Debug|Any CPU.ActiveCfg = Debug|Any CPU
		{F2E68011-767D-4C99-8BF2-5794C2A58612}.Debug|Any CPU.Build.0 = Debug|Any CPU
		{F2E68011-767D-4C99-8BF2-5794C2A58612}.Debug|x64.ActiveCfg = Debug|Any CPU
		{F2E68011-767D-4C99-8BF2-5794C2A58612}.Debug|x64.Build.0 = Debug|Any CPU
		{F2E68011-767D-4C99-8BF2-5794C2A58612}.Debug|x86.ActiveCfg = Debug|Any CPU
		{F2E68011-767D-4C99-8BF2-5794C2A58612}.Debug|x86.Build.0 = Debug|Any CPU
		{F2E68011-767D-4C99-8BF2-5794C2A58612}.Release|Any CPU.ActiveCfg = Release|Any CPU
		{F2E68011-767D-4C99-8BF2-5794C2A58612}.Release|Any CPU.Build.0 = Release|Any CPU
		{F2E68011-767D-4C99-8BF2-5794C2A58612}.Release|x64.ActiveCfg = Release|Any CPU
		{F2E68011-767D-4C99-8BF2-5794C2A58612}.Release|x64.Build.0 = Release|Any CPU
		{F2E68011-767D-4C99-8BF2-5794C2A58612}.Release|x86.ActiveCfg = Release|Any CPU
		{F2E68011-767D-4C99-8BF2-5794C2A58612}.Release|x86.Build.0 = Release|Any CPU
		{6A9C1CC0-ADA3-49A6-AA04-C4244C3C9E86}.Debug|Any CPU.ActiveCfg = Debug|Any CPU
		{6A9C1CC0-ADA3-49A6-AA04-C4244C3C9E86}.Debug|Any CPU.Build.0 = Debug|Any CPU
		{6A9C1CC0-ADA3-49A6-AA04-C4244C3C9E86}.Debug|x64.ActiveCfg = Debug|Any CPU
		{6A9C1CC0-ADA3-49A6-AA04-C4244C3C9E86}.Debug|x64.Build.0 = Debug|Any CPU
		{6A9C1CC0-ADA3-49A6-AA04-C4244C3C9E86}.Debug|x86.ActiveCfg = Debug|Any CPU
		{6A9C1CC0-ADA3-49A6-AA04-C4244C3C9E86}.Debug|x86.Build.0 = Debug|Any CPU
		{6A9C1CC0-ADA3-49A6-AA04-C4244C3C9E86}.Release|Any CPU.ActiveCfg = Release|Any CPU
		{6A9C1CC0-ADA3-49A6-AA04-C4244C3C9E86}.Release|Any CPU.Build.0 = Release|Any CPU
		{6A9C1CC0-ADA3-49A6-AA04-C4244C3C9E86}.Release|x64.ActiveCfg = Release|Any CPU
		{6A9C1CC0-ADA3-49A6-AA04-C4244C3C9E86}.Release|x64.Build.0 = Release|Any CPU
		{6A9C1CC0-ADA3-49A6-AA04-C4244C3C9E86}.Release|x86.ActiveCfg = Release|Any CPU
		{6A9C1CC0-ADA3-49A6-AA04-C4244C3C9E86}.Release|x86.Build.0 = Release|Any CPU
		{78F146F0-DFC0-443A-B86A-CF825D0ADE61}.Debug|Any CPU.ActiveCfg = Debug|Any CPU
		{78F146F0-DFC0-443A-B86A-CF825D0ADE61}.Debug|Any CPU.Build.0 = Debug|Any CPU
		{78F146F0-DFC0-443A-B86A-CF825D0ADE61}.Debug|x64.ActiveCfg = Debug|Any CPU
		{78F146F0-DFC0-443A-B86A-CF825D0ADE61}.Debug|x64.Build.0 = Debug|Any CPU
		{78F146F0-DFC0-443A-B86A-CF825D0ADE61}.Debug|x86.ActiveCfg = Debug|Any CPU
		{78F146F0-DFC0-443A-B86A-CF825D0ADE61}.Debug|x86.Build.0 = Debug|Any CPU
		{78F146F0-DFC0-443A-B86A-CF825D0ADE61}.Release|Any CPU.ActiveCfg = Release|Any CPU
		{78F146F0-DFC0-443A-B86A-CF825D0ADE61}.Release|Any CPU.Build.0 = Release|Any CPU
		{78F146F0-DFC0-443A-B86A-CF825D0ADE61}.Release|x64.ActiveCfg = Release|Any CPU
		{78F146F0-DFC0-443A-B86A-CF825D0ADE61}.Release|x64.Build.0 = Release|Any CPU
		{78F146F0-DFC0-443A-B86A-CF825D0ADE61}.Release|x86.ActiveCfg = Release|Any CPU
		{78F146F0-DFC0-443A-B86A-CF825D0ADE61}.Release|x86.Build.0 = Release|Any CPU
		{06FA8D8E-42C3-4AFA-9D66-6E8B569C1C6F}.Debug|Any CPU.ActiveCfg = Debug|Any CPU
		{06FA8D8E-42C3-4AFA-9D66-6E8B569C1C6F}.Debug|Any CPU.Build.0 = Debug|Any CPU
		{06FA8D8E-42C3-4AFA-9D66-6E8B569C1C6F}.Debug|x64.ActiveCfg = Debug|Any CPU
		{06FA8D8E-42C3-4AFA-9D66-6E8B569C1C6F}.Debug|x64.Build.0 = Debug|Any CPU
		{06FA8D8E-42C3-4AFA-9D66-6E8B569C1C6F}.Debug|x86.ActiveCfg = Debug|Any CPU
		{06FA8D8E-42C3-4AFA-9D66-6E8B569C1C6F}.Debug|x86.Build.0 = Debug|Any CPU
		{06FA8D8E-42C3-4AFA-9D66-6E8B569C1C6F}.Release|Any CPU.ActiveCfg = Release|Any CPU
		{06FA8D8E-42C3-4AFA-9D66-6E8B569C1C6F}.Release|Any CPU.Build.0 = Release|Any CPU
		{06FA8D8E-42C3-4AFA-9D66-6E8B569C1C6F}.Release|x64.ActiveCfg = Release|Any CPU
		{06FA8D8E-42C3-4AFA-9D66-6E8B569C1C6F}.Release|x64.Build.0 = Release|Any CPU
		{06FA8D8E-42C3-4AFA-9D66-6E8B569C1C6F}.Release|x86.ActiveCfg = Release|Any CPU
		{06FA8D8E-42C3-4AFA-9D66-6E8B569C1C6F}.Release|x86.Build.0 = Release|Any CPU
		{393B337A-EF65-4228-A789-7E1C6B4AC80A}.Debug|Any CPU.ActiveCfg = Debug|Any CPU
		{393B337A-EF65-4228-A789-7E1C6B4AC80A}.Debug|Any CPU.Build.0 = Debug|Any CPU
		{393B337A-EF65-4228-A789-7E1C6B4AC80A}.Debug|x64.ActiveCfg = Debug|Any CPU
		{393B337A-EF65-4228-A789-7E1C6B4AC80A}.Debug|x64.Build.0 = Debug|Any CPU
		{393B337A-EF65-4228-A789-7E1C6B4AC80A}.Debug|x86.ActiveCfg = Debug|Any CPU
		{393B337A-EF65-4228-A789-7E1C6B4AC80A}.Debug|x86.Build.0 = Debug|Any CPU
		{393B337A-EF65-4228-A789-7E1C6B4AC80A}.Release|Any CPU.ActiveCfg = Release|Any CPU
		{393B337A-EF65-4228-A789-7E1C6B4AC80A}.Release|Any CPU.Build.0 = Release|Any CPU
		{393B337A-EF65-4228-A789-7E1C6B4AC80A}.Release|x64.ActiveCfg = Release|Any CPU
		{393B337A-EF65-4228-A789-7E1C6B4AC80A}.Release|x64.Build.0 = Release|Any CPU
		{393B337A-EF65-4228-A789-7E1C6B4AC80A}.Release|x86.ActiveCfg = Release|Any CPU
		{393B337A-EF65-4228-A789-7E1C6B4AC80A}.Release|x86.Build.0 = Release|Any CPU
		{17ED6A84-978C-44E5-95DD-CFE92F28B43B}.Debug|Any CPU.ActiveCfg = Debug|Any CPU
		{17ED6A84-978C-44E5-95DD-CFE92F28B43B}.Debug|Any CPU.Build.0 = Debug|Any CPU
		{17ED6A84-978C-44E5-95DD-CFE92F28B43B}.Debug|x64.ActiveCfg = Debug|Any CPU
		{17ED6A84-978C-44E5-95DD-CFE92F28B43B}.Debug|x64.Build.0 = Debug|Any CPU
		{17ED6A84-978C-44E5-95DD-CFE92F28B43B}.Debug|x86.ActiveCfg = Debug|Any CPU
		{17ED6A84-978C-44E5-95DD-CFE92F28B43B}.Debug|x86.Build.0 = Debug|Any CPU
		{17ED6A84-978C-44E5-95DD-CFE92F28B43B}.Release|Any CPU.ActiveCfg = Release|Any CPU
		{17ED6A84-978C-44E5-95DD-CFE92F28B43B}.Release|Any CPU.Build.0 = Release|Any CPU
		{17ED6A84-978C-44E5-95DD-CFE92F28B43B}.Release|x64.ActiveCfg = Release|Any CPU
		{17ED6A84-978C-44E5-95DD-CFE92F28B43B}.Release|x64.Build.0 = Release|Any CPU
		{17ED6A84-978C-44E5-95DD-CFE92F28B43B}.Release|x86.ActiveCfg = Release|Any CPU
		{17ED6A84-978C-44E5-95DD-CFE92F28B43B}.Release|x86.Build.0 = Release|Any CPU
		{4E20ABD4-78D0-48EB-B823-07C6AAB84CE2}.Debug|Any CPU.ActiveCfg = Debug|Any CPU
		{4E20ABD4-78D0-48EB-B823-07C6AAB84CE2}.Debug|Any CPU.Build.0 = Debug|Any CPU
		{4E20ABD4-78D0-48EB-B823-07C6AAB84CE2}.Debug|x64.ActiveCfg = Debug|Any CPU
		{4E20ABD4-78D0-48EB-B823-07C6AAB84CE2}.Debug|x64.Build.0 = Debug|Any CPU
		{4E20ABD4-78D0-48EB-B823-07C6AAB84CE2}.Debug|x86.ActiveCfg = Debug|Any CPU
		{4E20ABD4-78D0-48EB-B823-07C6AAB84CE2}.Debug|x86.Build.0 = Debug|Any CPU
		{4E20ABD4-78D0-48EB-B823-07C6AAB84CE2}.Release|Any CPU.ActiveCfg = Release|Any CPU
		{4E20ABD4-78D0-48EB-B823-07C6AAB84CE2}.Release|Any CPU.Build.0 = Release|Any CPU
		{4E20ABD4-78D0-48EB-B823-07C6AAB84CE2}.Release|x64.ActiveCfg = Release|Any CPU
		{4E20ABD4-78D0-48EB-B823-07C6AAB84CE2}.Release|x64.Build.0 = Release|Any CPU
		{4E20ABD4-78D0-48EB-B823-07C6AAB84CE2}.Release|x86.ActiveCfg = Release|Any CPU
		{4E20ABD4-78D0-48EB-B823-07C6AAB84CE2}.Release|x86.Build.0 = Release|Any CPU
		{8E94F44D-71F4-4EA1-912D-3A80C2CBB2AB}.Debug|Any CPU.ActiveCfg = Debug|Any CPU
		{8E94F44D-71F4-4EA1-912D-3A80C2CBB2AB}.Debug|Any CPU.Build.0 = Debug|Any CPU
		{8E94F44D-71F4-4EA1-912D-3A80C2CBB2AB}.Debug|x64.ActiveCfg = Debug|Any CPU
		{8E94F44D-71F4-4EA1-912D-3A80C2CBB2AB}.Debug|x64.Build.0 = Debug|Any CPU
		{8E94F44D-71F4-4EA1-912D-3A80C2CBB2AB}.Debug|x86.ActiveCfg = Debug|Any CPU
		{8E94F44D-71F4-4EA1-912D-3A80C2CBB2AB}.Debug|x86.Build.0 = Debug|Any CPU
		{8E94F44D-71F4-4EA1-912D-3A80C2CBB2AB}.Release|Any CPU.ActiveCfg = Release|Any CPU
		{8E94F44D-71F4-4EA1-912D-3A80C2CBB2AB}.Release|Any CPU.Build.0 = Release|Any CPU
		{8E94F44D-71F4-4EA1-912D-3A80C2CBB2AB}.Release|x64.ActiveCfg = Release|Any CPU
		{8E94F44D-71F4-4EA1-912D-3A80C2CBB2AB}.Release|x64.Build.0 = Release|Any CPU
		{8E94F44D-71F4-4EA1-912D-3A80C2CBB2AB}.Release|x86.ActiveCfg = Release|Any CPU
		{8E94F44D-71F4-4EA1-912D-3A80C2CBB2AB}.Release|x86.Build.0 = Release|Any CPU
		{6DC290E1-1B48-43F6-85D5-8B4B6E5D1B4E}.Debug|Any CPU.ActiveCfg = Debug|Any CPU
		{6DC290E1-1B48-43F6-85D5-8B4B6E5D1B4E}.Debug|Any CPU.Build.0 = Debug|Any CPU
		{6DC290E1-1B48-43F6-85D5-8B4B6E5D1B4E}.Debug|x64.ActiveCfg = Debug|Any CPU
		{6DC290E1-1B48-43F6-85D5-8B4B6E5D1B4E}.Debug|x64.Build.0 = Debug|Any CPU
		{6DC290E1-1B48-43F6-85D5-8B4B6E5D1B4E}.Debug|x86.ActiveCfg = Debug|Any CPU
		{6DC290E1-1B48-43F6-85D5-8B4B6E5D1B4E}.Debug|x86.Build.0 = Debug|Any CPU
		{6DC290E1-1B48-43F6-85D5-8B4B6E5D1B4E}.Release|Any CPU.ActiveCfg = Release|Any CPU
		{6DC290E1-1B48-43F6-85D5-8B4B6E5D1B4E}.Release|Any CPU.Build.0 = Release|Any CPU
		{6DC290E1-1B48-43F6-85D5-8B4B6E5D1B4E}.Release|x64.ActiveCfg = Release|Any CPU
		{6DC290E1-1B48-43F6-85D5-8B4B6E5D1B4E}.Release|x64.Build.0 = Release|Any CPU
		{6DC290E1-1B48-43F6-85D5-8B4B6E5D1B4E}.Release|x86.ActiveCfg = Release|Any CPU
		{6DC290E1-1B48-43F6-85D5-8B4B6E5D1B4E}.Release|x86.Build.0 = Release|Any CPU
		{F959896C-1F39-46AA-9A76-E362189F24CD}.Debug|Any CPU.ActiveCfg = Debug|Any CPU
		{F959896C-1F39-46AA-9A76-E362189F24CD}.Debug|Any CPU.Build.0 = Debug|Any CPU
		{F959896C-1F39-46AA-9A76-E362189F24CD}.Debug|x64.ActiveCfg = Debug|Any CPU
		{F959896C-1F39-46AA-9A76-E362189F24CD}.Debug|x64.Build.0 = Debug|Any CPU
		{F959896C-1F39-46AA-9A76-E362189F24CD}.Debug|x86.ActiveCfg = Debug|Any CPU
		{F959896C-1F39-46AA-9A76-E362189F24CD}.Debug|x86.Build.0 = Debug|Any CPU
		{F959896C-1F39-46AA-9A76-E362189F24CD}.Release|Any CPU.ActiveCfg = Release|Any CPU
		{F959896C-1F39-46AA-9A76-E362189F24CD}.Release|Any CPU.Build.0 = Release|Any CPU
		{F959896C-1F39-46AA-9A76-E362189F24CD}.Release|x64.ActiveCfg = Release|Any CPU
		{F959896C-1F39-46AA-9A76-E362189F24CD}.Release|x64.Build.0 = Release|Any CPU
		{F959896C-1F39-46AA-9A76-E362189F24CD}.Release|x86.ActiveCfg = Release|Any CPU
		{F959896C-1F39-46AA-9A76-E362189F24CD}.Release|x86.Build.0 = Release|Any CPU
		{253F37A1-4483-48EA-8B21-41F95A5594B7}.Debug|Any CPU.ActiveCfg = Debug|Any CPU
		{253F37A1-4483-48EA-8B21-41F95A5594B7}.Debug|Any CPU.Build.0 = Debug|Any CPU
		{253F37A1-4483-48EA-8B21-41F95A5594B7}.Debug|x64.ActiveCfg = Debug|Any CPU
		{253F37A1-4483-48EA-8B21-41F95A5594B7}.Debug|x64.Build.0 = Debug|Any CPU
		{253F37A1-4483-48EA-8B21-41F95A5594B7}.Debug|x86.ActiveCfg = Debug|Any CPU
		{253F37A1-4483-48EA-8B21-41F95A5594B7}.Debug|x86.Build.0 = Debug|Any CPU
		{253F37A1-4483-48EA-8B21-41F95A5594B7}.Release|Any CPU.ActiveCfg = Release|Any CPU
		{253F37A1-4483-48EA-8B21-41F95A5594B7}.Release|Any CPU.Build.0 = Release|Any CPU
		{253F37A1-4483-48EA-8B21-41F95A5594B7}.Release|x64.ActiveCfg = Release|Any CPU
		{253F37A1-4483-48EA-8B21-41F95A5594B7}.Release|x64.Build.0 = Release|Any CPU
		{253F37A1-4483-48EA-8B21-41F95A5594B7}.Release|x86.ActiveCfg = Release|Any CPU
		{253F37A1-4483-48EA-8B21-41F95A5594B7}.Release|x86.Build.0 = Release|Any CPU
		{CF5F7274-49D4-4D00-8511-DF5EDD45AFE3}.Debug|Any CPU.ActiveCfg = Debug|Any CPU
		{CF5F7274-49D4-4D00-8511-DF5EDD45AFE3}.Debug|Any CPU.Build.0 = Debug|Any CPU
		{CF5F7274-49D4-4D00-8511-DF5EDD45AFE3}.Debug|x64.ActiveCfg = Debug|Any CPU
		{CF5F7274-49D4-4D00-8511-DF5EDD45AFE3}.Debug|x64.Build.0 = Debug|Any CPU
		{CF5F7274-49D4-4D00-8511-DF5EDD45AFE3}.Debug|x86.ActiveCfg = Debug|Any CPU
		{CF5F7274-49D4-4D00-8511-DF5EDD45AFE3}.Debug|x86.Build.0 = Debug|Any CPU
		{CF5F7274-49D4-4D00-8511-DF5EDD45AFE3}.Release|Any CPU.ActiveCfg = Release|Any CPU
		{CF5F7274-49D4-4D00-8511-DF5EDD45AFE3}.Release|Any CPU.Build.0 = Release|Any CPU
		{CF5F7274-49D4-4D00-8511-DF5EDD45AFE3}.Release|x64.ActiveCfg = Release|Any CPU
		{CF5F7274-49D4-4D00-8511-DF5EDD45AFE3}.Release|x64.Build.0 = Release|Any CPU
		{CF5F7274-49D4-4D00-8511-DF5EDD45AFE3}.Release|x86.ActiveCfg = Release|Any CPU
		{CF5F7274-49D4-4D00-8511-DF5EDD45AFE3}.Release|x86.Build.0 = Release|Any CPU
		{C15569FC-DBA6-4F37-8B7B-FA824636C8E2}.Debug|Any CPU.ActiveCfg = Debug|Any CPU
		{C15569FC-DBA6-4F37-8B7B-FA824636C8E2}.Debug|Any CPU.Build.0 = Debug|Any CPU
		{C15569FC-DBA6-4F37-8B7B-FA824636C8E2}.Debug|x64.ActiveCfg = Debug|Any CPU
		{C15569FC-DBA6-4F37-8B7B-FA824636C8E2}.Debug|x64.Build.0 = Debug|Any CPU
		{C15569FC-DBA6-4F37-8B7B-FA824636C8E2}.Debug|x86.ActiveCfg = Debug|Any CPU
		{C15569FC-DBA6-4F37-8B7B-FA824636C8E2}.Debug|x86.Build.0 = Debug|Any CPU
		{C15569FC-DBA6-4F37-8B7B-FA824636C8E2}.Release|Any CPU.ActiveCfg = Release|Any CPU
		{C15569FC-DBA6-4F37-8B7B-FA824636C8E2}.Release|Any CPU.Build.0 = Release|Any CPU
		{C15569FC-DBA6-4F37-8B7B-FA824636C8E2}.Release|x64.ActiveCfg = Release|Any CPU
		{C15569FC-DBA6-4F37-8B7B-FA824636C8E2}.Release|x64.Build.0 = Release|Any CPU
		{C15569FC-DBA6-4F37-8B7B-FA824636C8E2}.Release|x86.ActiveCfg = Release|Any CPU
		{C15569FC-DBA6-4F37-8B7B-FA824636C8E2}.Release|x86.Build.0 = Release|Any CPU
	EndGlobalSection
EndGlobal
