
Microsoft Visual Studio Solution File, Format Version 12.00
# Visual Studio Version 16
VisualStudioVersion = 16.0.30114.105
MinimumVisualStudioVersion = 10.0.40219.1
Project("{FAE04EC0-301F-11D3-BF4B-00C04F79EFBC}") = "Penguin.Cms.Modules.Auditing.Local", "Penguin.Cms.Modules.Auditing.Local.csproj", "{8CD8ED0B-9F93-440E-AA99-6832B8F8970F}"
EndProject
Project("{FAE04EC0-301F-11D3-BF4B-00C04F79EFBC}") = "Penguin.Cms.Auditing.Repositories.Local", "..\Penguin.Cms.Auditing.Repositories\Penguin.Cms.Auditing.Repositories.Local.csproj", "{1FF621EF-ACE8-4B14-B708-D41121780A68}"
EndProject
Project("{FAE04EC0-301F-11D3-BF4B-00C04F79EFBC}") = "Penguin.Security.Abstractions.Local", "..\Penguin.Security.Abstractions\Penguin.Security.Abstractions.Local.csproj", "{6609F8DF-41E5-4FB5-ADBA-B0381A2E9EC1}"
EndProject
Project("{FAE04EC0-301F-11D3-BF4B-00C04F79EFBC}") = "Penguin.Cms.Auditing.Local", "..\Penguin.Cms.Auditing\Penguin.Cms.Auditing.Local.csproj", "{5B57F5A1-E981-421F-BEEF-E20EEC6C0838}"
EndProject
Project("{FAE04EC0-301F-11D3-BF4B-00C04F79EFBC}") = "Penguin.Auditing.Abstractions.Local", "..\Penguin.Auditing.Abstractions\Penguin.Auditing.Abstractions.Local.csproj", "{9E624C2A-CBC3-49DE-89F9-317058A70BDE}"
EndProject
Project("{FAE04EC0-301F-11D3-BF4B-00C04F79EFBC}") = "Penguin.Cms.Abstractions.Local", "..\Penguin.Cms.Abstractions\Penguin.Cms.Abstractions.Local.csproj", "{4967A6E0-B1D9-42D7-B866-744AC0611B0F}"
EndProject
Project("{FAE04EC0-301F-11D3-BF4B-00C04F79EFBC}") = "Penguin.DependencyInjection.Abstractions.Local", "..\Penguin.DependencyInjection.Abstractions\Penguin.DependencyInjection.Abstractions.Local.csproj", "{3088595F-BB88-4FF6-B469-CB08524388A6}"
EndProject
Project("{FAE04EC0-301F-11D3-BF4B-00C04F79EFBC}") = "Penguin.Persistence.Abstractions.Local", "..\Penguin.Persistence.Abstractions\Penguin.Persistence.Abstractions.Local.csproj", "{6C9C9694-D439-4775-A0EC-0D39DBD63629}"
EndProject
Project("{FAE04EC0-301F-11D3-BF4B-00C04F79EFBC}") = "Penguin.Entities.Abstractions.Local", "..\Penguin.Entities.Abstractions\Penguin.Entities.Abstractions.Local.csproj", "{741CDD4B-4AD2-4624-95B9-6FE877557CC2}"
EndProject
Project("{FAE04EC0-301F-11D3-BF4B-00C04F79EFBC}") = "Penguin.Reflection.Extensions.Local", "..\Penguin.Reflection.Extensions\Penguin.Reflection.Extensions.Local.csproj", "{031E46A4-74D1-4203-8080-E18546F42166}"
EndProject
Project("{FAE04EC0-301F-11D3-BF4B-00C04F79EFBC}") = "Penguin.Reflection.Abstractions.Local", "..\Penguin.Reflection.Abstractions\Penguin.Reflection.Abstractions.Local.csproj", "{D2D0C250-6755-4F0C-83FE-EEDECCAE4160}"
EndProject
Project("{FAE04EC0-301F-11D3-BF4B-00C04F79EFBC}") = "Penguin.Extensions.String.Local", "..\Penguin.Extensions.String\Penguin.Extensions.String.Local.csproj", "{F599B9D3-5D99-4516-AC21-C005FF6938B0}"
EndProject
Project("{FAE04EC0-301F-11D3-BF4B-00C04F79EFBC}") = "Penguin.Cms.Entities.Local", "..\Penguin.Cms.Entities\Penguin.Cms.Entities.Local.csproj", "{27298D4E-C58E-4CFA-943A-15E1234FB54E}"
EndProject
Project("{FAE04EC0-301F-11D3-BF4B-00C04F79EFBC}") = "Penguin.Cms.Repositories.Local", "..\Penguin.Cms.Repositories\Penguin.Cms.Repositories.Local.csproj", "{3B15B118-2B17-4BE5-8270-577A9839CE3B}"
EndProject
Project("{FAE04EC0-301F-11D3-BF4B-00C04F79EFBC}") = "Penguin.Persistence.Repositories.Local", "..\Penguin.Persistence.Repositories\Penguin.Persistence.Repositories.Local.csproj", "{4ACED026-1A09-4D9B-8B48-A187901CE8C0}"
EndProject
Project("{FAE04EC0-301F-11D3-BF4B-00C04F79EFBC}") = "Penguin.Messaging.Persistence.Local", "..\Penguin.Messaging.Persistence\Penguin.Messaging.Persistence.Local.csproj", "{7545B003-976C-400A-94A3-032F52864E8F}"
EndProject
Project("{FAE04EC0-301F-11D3-BF4B-00C04F79EFBC}") = "Penguin.Messaging.Abstractions.Local", "..\Penguin.Messaging.Abstractions\Penguin.Messaging.Abstractions.Local.csproj", "{A8054E7B-02D5-4146-9841-5C6697044F0B}"
EndProject
Project("{FAE04EC0-301F-11D3-BF4B-00C04F79EFBC}") = "Penguin.Messaging.Core.Local", "..\Penguin.Messaging.Core\Penguin.Messaging.Core.Local.csproj", "{8FC29EAD-129E-4E14-AA71-5AC2D2B52DBB}"
EndProject
Project("{FAE04EC0-301F-11D3-BF4B-00C04F79EFBC}") = "Penguin.Debugging.Local", "..\Penguin.Debugging\Penguin.Debugging.Local.csproj", "{51C50BA0-CF7C-49B3-AA3A-CACD44304EFB}"
EndProject
Project("{FAE04EC0-301F-11D3-BF4B-00C04F79EFBC}") = "Penguin.Extensions.Exceptions.Local", "..\Penguin.Extensions.Exceptions\Penguin.Extensions.Exceptions.Local.csproj", "{5C3CDEC9-5E50-4686-B11E-D1D9C889A5DB}"
EndProject
Project("{FAE04EC0-301F-11D3-BF4B-00C04F79EFBC}") = "Penguin.Reflection.Local", "..\Penguin.Reflection\Penguin.Reflection.Local.csproj", "{0A8A8A46-355D-4F54-873F-699CF2D413CF}"
EndProject
Project("{FAE04EC0-301F-11D3-BF4B-00C04F79EFBC}") = "Penguin.Cms.Modules.Dynamic.Local", "..\Penguin.Cms.Modules.Dynamic\Penguin.Cms.Modules.Dynamic.Local.csproj", "{DBD867BB-9C94-460B-BB41-995D8F8DDAEB}"
EndProject
Project("{FAE04EC0-301F-11D3-BF4B-00C04F79EFBC}") = "Penguin.Shared.Objects.Local", "..\Penguin.Shared.Objects\Penguin.Shared.Objects.Local.csproj", "{257E6A77-9457-408A-85FA-FB2D8C6B8817}"
EndProject
Project("{FAE04EC0-301F-11D3-BF4B-00C04F79EFBC}") = "Penguin.Cms.Errors.Local", "..\Penguin.Cms.Errors\Penguin.Cms.Errors.Local.csproj", "{4468FAB0-CEA8-4479-8267-961FE5D809B9}"
EndProject
Project("{FAE04EC0-301F-11D3-BF4B-00C04F79EFBC}") = "Penguin.Web.Dynamic.Local", "..\Penguin.Web.Dynamic\Penguin.Web.Dynamic.Local.csproj", "{11FBC11B-CFD5-4687-B723-69F5F432665C}"
EndProject
Project("{FAE04EC0-301F-11D3-BF4B-00C04F79EFBC}") = "Penguin.Extensions.Collections.Local", "..\Penguin.Extensions.Collections\Penguin.Extensions.Collections.Local.csproj", "{F11C0916-56FB-4F09-89C7-16EC7BD1C664}"
EndProject
Project("{FAE04EC0-301F-11D3-BF4B-00C04F79EFBC}") = "Penguin.Reflection.Serialization.Local", "..\Penguin.Reflection.Serialization\Penguin.Reflection.Serialization.Local.csproj", "{B9DE3CD2-B2A0-4183-B971-CE4C66DD3EFC}"
EndProject
Project("{FAE04EC0-301F-11D3-BF4B-00C04F79EFBC}") = "Penguin.Reflection.Serialization.Abstractions.Local", "..\Penguin.Reflection.Serialization.Abstractions\Penguin.Reflection.Serialization.Abstractions.Local.csproj", "{CF82B503-CD78-4ED6-A387-C2100DE14CDA}"
EndProject
Project("{FAE04EC0-301F-11D3-BF4B-00C04F79EFBC}") = "Penguin.Cms.Modules.Admin.Local", "..\Penguin.Cms.Modules.Admin\Penguin.Cms.Modules.Admin.Local.csproj", "{44B8FBF0-27F4-4BF6-A4BD-FC9BFD70F45A}"
EndProject
Project("{FAE04EC0-301F-11D3-BF4B-00C04F79EFBC}") = "Penguin.Web.Security.Local", "..\Penguin.Web.Security\Penguin.Web.Security.Local.csproj", "{D43A40BA-90FE-4B38-A1F6-34374B12194F}"
EndProject
Project("{FAE04EC0-301F-11D3-BF4B-00C04F79EFBC}") = "Penguin.Cms.Modules.Core.Local", "..\Penguin.Cms.Modules.Core\Penguin.Cms.Modules.Core.Local.csproj", "{48F89F6F-CDB8-4CCA-A469-6104FC81A7EC}"
EndProject
Project("{FAE04EC0-301F-11D3-BF4B-00C04F79EFBC}") = "Penguin.Navigation.Abstractions.Local", "..\Penguin.Navigation.Abstractions\Penguin.Navigation.Abstractions.Local.csproj", "{9171F639-B71D-4B13-AA10-0B59C727AF85}"
EndProject
Project("{FAE04EC0-301F-11D3-BF4B-00C04F79EFBC}") = "Penguin.Cms.Core.Local", "..\Penguin.Cms.Core\Penguin.Cms.Core.Local.csproj", "{61C6A343-B7B0-484E-BD7C-0997EBE4E4AE}"
EndProject
Project("{FAE04EC0-301F-11D3-BF4B-00C04F79EFBC}") = "Penguin.Cms.Web.Local", "..\Penguin.Cms.Web\Penguin.Cms.Web.Local.csproj", "{8E251B7E-B741-41C1-9CB1-FF581E202880}"
EndProject
Project("{FAE04EC0-301F-11D3-BF4B-00C04F79EFBC}") = "Penguin.Web.Mvc.Local", "..\Penguin.Web.Mvc\Penguin.Web.Mvc.Local.csproj", "{476AD5BA-266A-494F-9DCB-04A84A776334}"
EndProject
Project("{FAE04EC0-301F-11D3-BF4B-00C04F79EFBC}") = "Penguin.Web.Mvc.Abstractions.Local", "..\Penguin.Web.Mvc.Abstractions\Penguin.Web.Mvc.Abstractions.Local.csproj", "{33EB9169-DA58-451F-B12B-66BAAACDDCC0}"
EndProject
Project("{FAE04EC0-301F-11D3-BF4B-00C04F79EFBC}") = "Penguin.Templating.Abstractions.Local", "..\Penguin.Templating.Abstractions\Penguin.Templating.Abstractions.Local.csproj", "{FB5182A9-42A8-4B27-A4FF-645ECF556F0D}"
EndProject
Project("{FAE04EC0-301F-11D3-BF4B-00C04F79EFBC}") = "Penguin.Web.Abstractions.Local", "..\Penguin.Web.Abstractions\Penguin.Web.Abstractions.Local.csproj", "{FCA3840F-1B26-4BBD-B02B-E8E27BE2CAFE}"
EndProject
Project("{FAE04EC0-301F-11D3-BF4B-00C04F79EFBC}") = "Penguin.Configuration.Local", "..\Penguin.Configuration\Penguin.Configuration.Local.csproj", "{ABC3127D-E0AC-4F57-94B6-A126469E0ED8}"
EndProject
Project("{FAE04EC0-301F-11D3-BF4B-00C04F79EFBC}") = "Penguin.Configuration.Abstractions.Local", "..\Penguin.Configuration.Abstractions\Penguin.Configuration.Abstractions.Local.csproj", "{7B9722F3-B58C-4C99-B69D-E3111CBD38C7}"
EndProject
Project("{FAE04EC0-301F-11D3-BF4B-00C04F79EFBC}") = "Penguin.Messaging.Application.Local", "..\Penguin.Messaging.Application\Penguin.Messaging.Application.Local.csproj", "{93484B76-BD9A-4520-B03F-35A4A198654D}"
EndProject
Project("{FAE04EC0-301F-11D3-BF4B-00C04F79EFBC}") = "Penguin.Testing.Local", "..\Penguin.Testing\Penguin.Testing.Local.csproj", "{665D8A30-F08B-41F3-931B-BCE645B9FC0F}"
EndProject
Project("{FAE04EC0-301F-11D3-BF4B-00C04F79EFBC}") = "Penguin.Web.Errors.Local", "..\Penguin.Web.Errors\Penguin.Web.Errors.Local.csproj", "{92046B52-2B05-493D-9268-888CBBD5276B}"
EndProject
Project("{FAE04EC0-301F-11D3-BF4B-00C04F79EFBC}") = "Penguin.Files.Local", "..\Penguin.Files\Penguin.Files.Local.csproj", "{90F8B8F4-06F9-4912-A797-D35D1176A5CD}"
EndProject
Project("{FAE04EC0-301F-11D3-BF4B-00C04F79EFBC}") = "Penguin.Files.Abstractions.Local", "..\Penguin.Files.Abstractions\Penguin.Files.Abstractions.Local.csproj", "{15000900-AFAD-42C4-939B-3943F54E48EC}"
EndProject
Project("{FAE04EC0-301F-11D3-BF4B-00C04F79EFBC}") = "Penguin.Web.DependencyInjection.Local", "..\Penguin.Web.DependencyInjection\Penguin.Web.DependencyInjection.Local.csproj", "{89F6A395-9E9B-4EE6-B5A0-D822624B2BEF}"
EndProject
Project("{FAE04EC0-301F-11D3-BF4B-00C04F79EFBC}") = "Penguin.Web.Testing.Local", "..\Penguin.Web.Testing\Penguin.Web.Testing.Local.csproj", "{52C14F71-B7FF-456B-A0FF-DA8D22A5F918}"
EndProject
Project("{FAE04EC0-301F-11D3-BF4B-00C04F79EFBC}") = "Penguin.DependencyInjection.Local", "..\Penguin.DependencyInjection\Penguin.DependencyInjection.Local.csproj", "{A9637C66-1852-4860-90E4-59AEE94331FF}"
EndProject
Project("{FAE04EC0-301F-11D3-BF4B-00C04F79EFBC}") = "Penguin.Reflection.Serialization.Extensions.Local", "..\Penguin.Reflection.Serialization.Extensions\Penguin.Reflection.Serialization.Extensions.Local.csproj", "{E269F93B-3902-4CCC-B7D7-317A47D3B567}"
EndProject
Project("{FAE04EC0-301F-11D3-BF4B-00C04F79EFBC}") = "Penguin.Persistence.Database.Local", "..\Penguin.Persistence.Database\Penguin.Persistence.Database.Local.csproj", "{CF147052-AEB7-47A5-842B-96E0F7669922}"
EndProject
Project("{FAE04EC0-301F-11D3-BF4B-00C04F79EFBC}") = "Penguin.Threading.BackgroundWorker.Local", "..\Penguin.Threading.BackgroundWorker\Penguin.Threading.BackgroundWorker.Local.csproj", "{64D7166B-8AAE-4C66-8220-52575C2FE5C6}"
EndProject
Project("{FAE04EC0-301F-11D3-BF4B-00C04F79EFBC}") = "Penguin.Json.Local", "..\Penguin.Json\Penguin.Json.Local.csproj", "{7C5A1CC4-A363-4B62-8478-A32B3626FBFA}"
EndProject
Project("{FAE04EC0-301F-11D3-BF4B-00C04F79EFBC}") = "Penguin.SystemExtensions.Abstractions.Local", "..\Penguin.SystemExtensions.Abstractions\Penguin.SystemExtensions.Abstractions.Local.csproj", "{22084C00-F009-49FE-9FD1-099CCFBD8DCD}"
EndProject
Project("{FAE04EC0-301F-11D3-BF4B-00C04F79EFBC}") = "Penguin.Json.Abstractions.Local", "..\Penguin.Json.Abstractions\Penguin.Json.Abstractions.Local.csproj", "{11A8FC4D-061D-4FD3-8244-A5B42B3BF077}"
EndProject
Global
	GlobalSection(SolutionConfigurationPlatforms) = preSolution
		Debug|Any CPU = Debug|Any CPU
		Debug|x64 = Debug|x64
		Debug|x86 = Debug|x86
		Release|Any CPU = Release|Any CPU
		Release|x64 = Release|x64
		Release|x86 = Release|x86
	EndGlobalSection
	GlobalSection(SolutionProperties) = preSolution
		HideSolutionNode = FALSE
	EndGlobalSection
	GlobalSection(ProjectConfigurationPlatforms) = postSolution
		{8CD8ED0B-9F93-440E-AA99-6832B8F8970F}.Debug|Any CPU.ActiveCfg = Debug|Any CPU
		{8CD8ED0B-9F93-440E-AA99-6832B8F8970F}.Debug|Any CPU.Build.0 = Debug|Any CPU
		{8CD8ED0B-9F93-440E-AA99-6832B8F8970F}.Debug|x64.ActiveCfg = Debug|Any CPU
		{8CD8ED0B-9F93-440E-AA99-6832B8F8970F}.Debug|x64.Build.0 = Debug|Any CPU
		{8CD8ED0B-9F93-440E-AA99-6832B8F8970F}.Debug|x86.ActiveCfg = Debug|Any CPU
		{8CD8ED0B-9F93-440E-AA99-6832B8F8970F}.Debug|x86.Build.0 = Debug|Any CPU
		{8CD8ED0B-9F93-440E-AA99-6832B8F8970F}.Release|Any CPU.ActiveCfg = Release|Any CPU
		{8CD8ED0B-9F93-440E-AA99-6832B8F8970F}.Release|Any CPU.Build.0 = Release|Any CPU
		{8CD8ED0B-9F93-440E-AA99-6832B8F8970F}.Release|x64.ActiveCfg = Release|Any CPU
		{8CD8ED0B-9F93-440E-AA99-6832B8F8970F}.Release|x64.Build.0 = Release|Any CPU
		{8CD8ED0B-9F93-440E-AA99-6832B8F8970F}.Release|x86.ActiveCfg = Release|Any CPU
		{8CD8ED0B-9F93-440E-AA99-6832B8F8970F}.Release|x86.Build.0 = Release|Any CPU
		{1FF621EF-ACE8-4B14-B708-D41121780A68}.Debug|Any CPU.ActiveCfg = Debug|Any CPU
		{1FF621EF-ACE8-4B14-B708-D41121780A68}.Debug|Any CPU.Build.0 = Debug|Any CPU
		{1FF621EF-ACE8-4B14-B708-D41121780A68}.Debug|x64.ActiveCfg = Debug|Any CPU
		{1FF621EF-ACE8-4B14-B708-D41121780A68}.Debug|x64.Build.0 = Debug|Any CPU
		{1FF621EF-ACE8-4B14-B708-D41121780A68}.Debug|x86.ActiveCfg = Debug|Any CPU
		{1FF621EF-ACE8-4B14-B708-D41121780A68}.Debug|x86.Build.0 = Debug|Any CPU
		{1FF621EF-ACE8-4B14-B708-D41121780A68}.Release|Any CPU.ActiveCfg = Release|Any CPU
		{1FF621EF-ACE8-4B14-B708-D41121780A68}.Release|Any CPU.Build.0 = Release|Any CPU
		{1FF621EF-ACE8-4B14-B708-D41121780A68}.Release|x64.ActiveCfg = Release|Any CPU
		{1FF621EF-ACE8-4B14-B708-D41121780A68}.Release|x64.Build.0 = Release|Any CPU
		{1FF621EF-ACE8-4B14-B708-D41121780A68}.Release|x86.ActiveCfg = Release|Any CPU
		{1FF621EF-ACE8-4B14-B708-D41121780A68}.Release|x86.Build.0 = Release|Any CPU
		{6609F8DF-41E5-4FB5-ADBA-B0381A2E9EC1}.Debug|Any CPU.ActiveCfg = Debug|Any CPU
		{6609F8DF-41E5-4FB5-ADBA-B0381A2E9EC1}.Debug|Any CPU.Build.0 = Debug|Any CPU
		{6609F8DF-41E5-4FB5-ADBA-B0381A2E9EC1}.Debug|x64.ActiveCfg = Debug|Any CPU
		{6609F8DF-41E5-4FB5-ADBA-B0381A2E9EC1}.Debug|x64.Build.0 = Debug|Any CPU
		{6609F8DF-41E5-4FB5-ADBA-B0381A2E9EC1}.Debug|x86.ActiveCfg = Debug|Any CPU
		{6609F8DF-41E5-4FB5-ADBA-B0381A2E9EC1}.Debug|x86.Build.0 = Debug|Any CPU
		{6609F8DF-41E5-4FB5-ADBA-B0381A2E9EC1}.Release|Any CPU.ActiveCfg = Release|Any CPU
		{6609F8DF-41E5-4FB5-ADBA-B0381A2E9EC1}.Release|Any CPU.Build.0 = Release|Any CPU
		{6609F8DF-41E5-4FB5-ADBA-B0381A2E9EC1}.Release|x64.ActiveCfg = Release|Any CPU
		{6609F8DF-41E5-4FB5-ADBA-B0381A2E9EC1}.Release|x64.Build.0 = Release|Any CPU
		{6609F8DF-41E5-4FB5-ADBA-B0381A2E9EC1}.Release|x86.ActiveCfg = Release|Any CPU
		{6609F8DF-41E5-4FB5-ADBA-B0381A2E9EC1}.Release|x86.Build.0 = Release|Any CPU
		{5B57F5A1-E981-421F-BEEF-E20EEC6C0838}.Debug|Any CPU.ActiveCfg = Debug|Any CPU
		{5B57F5A1-E981-421F-BEEF-E20EEC6C0838}.Debug|Any CPU.Build.0 = Debug|Any CPU
		{5B57F5A1-E981-421F-BEEF-E20EEC6C0838}.Debug|x64.ActiveCfg = Debug|Any CPU
		{5B57F5A1-E981-421F-BEEF-E20EEC6C0838}.Debug|x64.Build.0 = Debug|Any CPU
		{5B57F5A1-E981-421F-BEEF-E20EEC6C0838}.Debug|x86.ActiveCfg = Debug|Any CPU
		{5B57F5A1-E981-421F-BEEF-E20EEC6C0838}.Debug|x86.Build.0 = Debug|Any CPU
		{5B57F5A1-E981-421F-BEEF-E20EEC6C0838}.Release|Any CPU.ActiveCfg = Release|Any CPU
		{5B57F5A1-E981-421F-BEEF-E20EEC6C0838}.Release|Any CPU.Build.0 = Release|Any CPU
		{5B57F5A1-E981-421F-BEEF-E20EEC6C0838}.Release|x64.ActiveCfg = Release|Any CPU
		{5B57F5A1-E981-421F-BEEF-E20EEC6C0838}.Release|x64.Build.0 = Release|Any CPU
		{5B57F5A1-E981-421F-BEEF-E20EEC6C0838}.Release|x86.ActiveCfg = Release|Any CPU
		{5B57F5A1-E981-421F-BEEF-E20EEC6C0838}.Release|x86.Build.0 = Release|Any CPU
		{9E624C2A-CBC3-49DE-89F9-317058A70BDE}.Debug|Any CPU.ActiveCfg = Debug|Any CPU
		{9E624C2A-CBC3-49DE-89F9-317058A70BDE}.Debug|Any CPU.Build.0 = Debug|Any CPU
		{9E624C2A-CBC3-49DE-89F9-317058A70BDE}.Debug|x64.ActiveCfg = Debug|Any CPU
		{9E624C2A-CBC3-49DE-89F9-317058A70BDE}.Debug|x64.Build.0 = Debug|Any CPU
		{9E624C2A-CBC3-49DE-89F9-317058A70BDE}.Debug|x86.ActiveCfg = Debug|Any CPU
		{9E624C2A-CBC3-49DE-89F9-317058A70BDE}.Debug|x86.Build.0 = Debug|Any CPU
		{9E624C2A-CBC3-49DE-89F9-317058A70BDE}.Release|Any CPU.ActiveCfg = Release|Any CPU
		{9E624C2A-CBC3-49DE-89F9-317058A70BDE}.Release|Any CPU.Build.0 = Release|Any CPU
		{9E624C2A-CBC3-49DE-89F9-317058A70BDE}.Release|x64.ActiveCfg = Release|Any CPU
		{9E624C2A-CBC3-49DE-89F9-317058A70BDE}.Release|x64.Build.0 = Release|Any CPU
		{9E624C2A-CBC3-49DE-89F9-317058A70BDE}.Release|x86.ActiveCfg = Release|Any CPU
		{9E624C2A-CBC3-49DE-89F9-317058A70BDE}.Release|x86.Build.0 = Release|Any CPU
		{4967A6E0-B1D9-42D7-B866-744AC0611B0F}.Debug|Any CPU.ActiveCfg = Debug|Any CPU
		{4967A6E0-B1D9-42D7-B866-744AC0611B0F}.Debug|Any CPU.Build.0 = Debug|Any CPU
		{4967A6E0-B1D9-42D7-B866-744AC0611B0F}.Debug|x64.ActiveCfg = Debug|Any CPU
		{4967A6E0-B1D9-42D7-B866-744AC0611B0F}.Debug|x64.Build.0 = Debug|Any CPU
		{4967A6E0-B1D9-42D7-B866-744AC0611B0F}.Debug|x86.ActiveCfg = Debug|Any CPU
		{4967A6E0-B1D9-42D7-B866-744AC0611B0F}.Debug|x86.Build.0 = Debug|Any CPU
		{4967A6E0-B1D9-42D7-B866-744AC0611B0F}.Release|Any CPU.ActiveCfg = Release|Any CPU
		{4967A6E0-B1D9-42D7-B866-744AC0611B0F}.Release|Any CPU.Build.0 = Release|Any CPU
		{4967A6E0-B1D9-42D7-B866-744AC0611B0F}.Release|x64.ActiveCfg = Release|Any CPU
		{4967A6E0-B1D9-42D7-B866-744AC0611B0F}.Release|x64.Build.0 = Release|Any CPU
		{4967A6E0-B1D9-42D7-B866-744AC0611B0F}.Release|x86.ActiveCfg = Release|Any CPU
		{4967A6E0-B1D9-42D7-B866-744AC0611B0F}.Release|x86.Build.0 = Release|Any CPU
		{3088595F-BB88-4FF6-B469-CB08524388A6}.Debug|Any CPU.ActiveCfg = Debug|Any CPU
		{3088595F-BB88-4FF6-B469-CB08524388A6}.Debug|Any CPU.Build.0 = Debug|Any CPU
		{3088595F-BB88-4FF6-B469-CB08524388A6}.Debug|x64.ActiveCfg = Debug|Any CPU
		{3088595F-BB88-4FF6-B469-CB08524388A6}.Debug|x64.Build.0 = Debug|Any CPU
		{3088595F-BB88-4FF6-B469-CB08524388A6}.Debug|x86.ActiveCfg = Debug|Any CPU
		{3088595F-BB88-4FF6-B469-CB08524388A6}.Debug|x86.Build.0 = Debug|Any CPU
		{3088595F-BB88-4FF6-B469-CB08524388A6}.Release|Any CPU.ActiveCfg = Release|Any CPU
		{3088595F-BB88-4FF6-B469-CB08524388A6}.Release|Any CPU.Build.0 = Release|Any CPU
		{3088595F-BB88-4FF6-B469-CB08524388A6}.Release|x64.ActiveCfg = Release|Any CPU
		{3088595F-BB88-4FF6-B469-CB08524388A6}.Release|x64.Build.0 = Release|Any CPU
		{3088595F-BB88-4FF6-B469-CB08524388A6}.Release|x86.ActiveCfg = Release|Any CPU
		{3088595F-BB88-4FF6-B469-CB08524388A6}.Release|x86.Build.0 = Release|Any CPU
		{6C9C9694-D439-4775-A0EC-0D39DBD63629}.Debug|Any CPU.ActiveCfg = Debug|Any CPU
		{6C9C9694-D439-4775-A0EC-0D39DBD63629}.Debug|Any CPU.Build.0 = Debug|Any CPU
		{6C9C9694-D439-4775-A0EC-0D39DBD63629}.Debug|x64.ActiveCfg = Debug|Any CPU
		{6C9C9694-D439-4775-A0EC-0D39DBD63629}.Debug|x64.Build.0 = Debug|Any CPU
		{6C9C9694-D439-4775-A0EC-0D39DBD63629}.Debug|x86.ActiveCfg = Debug|Any CPU
		{6C9C9694-D439-4775-A0EC-0D39DBD63629}.Debug|x86.Build.0 = Debug|Any CPU
		{6C9C9694-D439-4775-A0EC-0D39DBD63629}.Release|Any CPU.ActiveCfg = Release|Any CPU
		{6C9C9694-D439-4775-A0EC-0D39DBD63629}.Release|Any CPU.Build.0 = Release|Any CPU
		{6C9C9694-D439-4775-A0EC-0D39DBD63629}.Release|x64.ActiveCfg = Release|Any CPU
		{6C9C9694-D439-4775-A0EC-0D39DBD63629}.Release|x64.Build.0 = Release|Any CPU
		{6C9C9694-D439-4775-A0EC-0D39DBD63629}.Release|x86.ActiveCfg = Release|Any CPU
		{6C9C9694-D439-4775-A0EC-0D39DBD63629}.Release|x86.Build.0 = Release|Any CPU
		{741CDD4B-4AD2-4624-95B9-6FE877557CC2}.Debug|Any CPU.ActiveCfg = Debug|Any CPU
		{741CDD4B-4AD2-4624-95B9-6FE877557CC2}.Debug|Any CPU.Build.0 = Debug|Any CPU
		{741CDD4B-4AD2-4624-95B9-6FE877557CC2}.Debug|x64.ActiveCfg = Debug|Any CPU
		{741CDD4B-4AD2-4624-95B9-6FE877557CC2}.Debug|x64.Build.0 = Debug|Any CPU
		{741CDD4B-4AD2-4624-95B9-6FE877557CC2}.Debug|x86.ActiveCfg = Debug|Any CPU
		{741CDD4B-4AD2-4624-95B9-6FE877557CC2}.Debug|x86.Build.0 = Debug|Any CPU
		{741CDD4B-4AD2-4624-95B9-6FE877557CC2}.Release|Any CPU.ActiveCfg = Release|Any CPU
		{741CDD4B-4AD2-4624-95B9-6FE877557CC2}.Release|Any CPU.Build.0 = Release|Any CPU
		{741CDD4B-4AD2-4624-95B9-6FE877557CC2}.Release|x64.ActiveCfg = Release|Any CPU
		{741CDD4B-4AD2-4624-95B9-6FE877557CC2}.Release|x64.Build.0 = Release|Any CPU
		{741CDD4B-4AD2-4624-95B9-6FE877557CC2}.Release|x86.ActiveCfg = Release|Any CPU
		{741CDD4B-4AD2-4624-95B9-6FE877557CC2}.Release|x86.Build.0 = Release|Any CPU
		{031E46A4-74D1-4203-8080-E18546F42166}.Debug|Any CPU.ActiveCfg = Debug|Any CPU
		{031E46A4-74D1-4203-8080-E18546F42166}.Debug|Any CPU.Build.0 = Debug|Any CPU
		{031E46A4-74D1-4203-8080-E18546F42166}.Debug|x64.ActiveCfg = Debug|Any CPU
		{031E46A4-74D1-4203-8080-E18546F42166}.Debug|x64.Build.0 = Debug|Any CPU
		{031E46A4-74D1-4203-8080-E18546F42166}.Debug|x86.ActiveCfg = Debug|Any CPU
		{031E46A4-74D1-4203-8080-E18546F42166}.Debug|x86.Build.0 = Debug|Any CPU
		{031E46A4-74D1-4203-8080-E18546F42166}.Release|Any CPU.ActiveCfg = Release|Any CPU
		{031E46A4-74D1-4203-8080-E18546F42166}.Release|Any CPU.Build.0 = Release|Any CPU
		{031E46A4-74D1-4203-8080-E18546F42166}.Release|x64.ActiveCfg = Release|Any CPU
		{031E46A4-74D1-4203-8080-E18546F42166}.Release|x64.Build.0 = Release|Any CPU
		{031E46A4-74D1-4203-8080-E18546F42166}.Release|x86.ActiveCfg = Release|Any CPU
		{031E46A4-74D1-4203-8080-E18546F42166}.Release|x86.Build.0 = Release|Any CPU
		{D2D0C250-6755-4F0C-83FE-EEDECCAE4160}.Debug|Any CPU.ActiveCfg = Debug|Any CPU
		{D2D0C250-6755-4F0C-83FE-EEDECCAE4160}.Debug|Any CPU.Build.0 = Debug|Any CPU
		{D2D0C250-6755-4F0C-83FE-EEDECCAE4160}.Debug|x64.ActiveCfg = Debug|Any CPU
		{D2D0C250-6755-4F0C-83FE-EEDECCAE4160}.Debug|x64.Build.0 = Debug|Any CPU
		{D2D0C250-6755-4F0C-83FE-EEDECCAE4160}.Debug|x86.ActiveCfg = Debug|Any CPU
		{D2D0C250-6755-4F0C-83FE-EEDECCAE4160}.Debug|x86.Build.0 = Debug|Any CPU
		{D2D0C250-6755-4F0C-83FE-EEDECCAE4160}.Release|Any CPU.ActiveCfg = Release|Any CPU
		{D2D0C250-6755-4F0C-83FE-EEDECCAE4160}.Release|Any CPU.Build.0 = Release|Any CPU
		{D2D0C250-6755-4F0C-83FE-EEDECCAE4160}.Release|x64.ActiveCfg = Release|Any CPU
		{D2D0C250-6755-4F0C-83FE-EEDECCAE4160}.Release|x64.Build.0 = Release|Any CPU
		{D2D0C250-6755-4F0C-83FE-EEDECCAE4160}.Release|x86.ActiveCfg = Release|Any CPU
		{D2D0C250-6755-4F0C-83FE-EEDECCAE4160}.Release|x86.Build.0 = Release|Any CPU
		{F599B9D3-5D99-4516-AC21-C005FF6938B0}.Debug|Any CPU.ActiveCfg = Debug|Any CPU
		{F599B9D3-5D99-4516-AC21-C005FF6938B0}.Debug|Any CPU.Build.0 = Debug|Any CPU
		{F599B9D3-5D99-4516-AC21-C005FF6938B0}.Debug|x64.ActiveCfg = Debug|Any CPU
		{F599B9D3-5D99-4516-AC21-C005FF6938B0}.Debug|x64.Build.0 = Debug|Any CPU
		{F599B9D3-5D99-4516-AC21-C005FF6938B0}.Debug|x86.ActiveCfg = Debug|Any CPU
		{F599B9D3-5D99-4516-AC21-C005FF6938B0}.Debug|x86.Build.0 = Debug|Any CPU
		{F599B9D3-5D99-4516-AC21-C005FF6938B0}.Release|Any CPU.ActiveCfg = Release|Any CPU
		{F599B9D3-5D99-4516-AC21-C005FF6938B0}.Release|Any CPU.Build.0 = Release|Any CPU
		{F599B9D3-5D99-4516-AC21-C005FF6938B0}.Release|x64.ActiveCfg = Release|Any CPU
		{F599B9D3-5D99-4516-AC21-C005FF6938B0}.Release|x64.Build.0 = Release|Any CPU
		{F599B9D3-5D99-4516-AC21-C005FF6938B0}.Release|x86.ActiveCfg = Release|Any CPU
		{F599B9D3-5D99-4516-AC21-C005FF6938B0}.Release|x86.Build.0 = Release|Any CPU
		{27298D4E-C58E-4CFA-943A-15E1234FB54E}.Debug|Any CPU.ActiveCfg = Debug|Any CPU
		{27298D4E-C58E-4CFA-943A-15E1234FB54E}.Debug|Any CPU.Build.0 = Debug|Any CPU
		{27298D4E-C58E-4CFA-943A-15E1234FB54E}.Debug|x64.ActiveCfg = Debug|Any CPU
		{27298D4E-C58E-4CFA-943A-15E1234FB54E}.Debug|x64.Build.0 = Debug|Any CPU
		{27298D4E-C58E-4CFA-943A-15E1234FB54E}.Debug|x86.ActiveCfg = Debug|Any CPU
		{27298D4E-C58E-4CFA-943A-15E1234FB54E}.Debug|x86.Build.0 = Debug|Any CPU
		{27298D4E-C58E-4CFA-943A-15E1234FB54E}.Release|Any CPU.ActiveCfg = Release|Any CPU
		{27298D4E-C58E-4CFA-943A-15E1234FB54E}.Release|Any CPU.Build.0 = Release|Any CPU
		{27298D4E-C58E-4CFA-943A-15E1234FB54E}.Release|x64.ActiveCfg = Release|Any CPU
		{27298D4E-C58E-4CFA-943A-15E1234FB54E}.Release|x64.Build.0 = Release|Any CPU
		{27298D4E-C58E-4CFA-943A-15E1234FB54E}.Release|x86.ActiveCfg = Release|Any CPU
		{27298D4E-C58E-4CFA-943A-15E1234FB54E}.Release|x86.Build.0 = Release|Any CPU
		{3B15B118-2B17-4BE5-8270-577A9839CE3B}.Debug|Any CPU.ActiveCfg = Debug|Any CPU
		{3B15B118-2B17-4BE5-8270-577A9839CE3B}.Debug|Any CPU.Build.0 = Debug|Any CPU
		{3B15B118-2B17-4BE5-8270-577A9839CE3B}.Debug|x64.ActiveCfg = Debug|Any CPU
		{3B15B118-2B17-4BE5-8270-577A9839CE3B}.Debug|x64.Build.0 = Debug|Any CPU
		{3B15B118-2B17-4BE5-8270-577A9839CE3B}.Debug|x86.ActiveCfg = Debug|Any CPU
		{3B15B118-2B17-4BE5-8270-577A9839CE3B}.Debug|x86.Build.0 = Debug|Any CPU
		{3B15B118-2B17-4BE5-8270-577A9839CE3B}.Release|Any CPU.ActiveCfg = Release|Any CPU
		{3B15B118-2B17-4BE5-8270-577A9839CE3B}.Release|Any CPU.Build.0 = Release|Any CPU
		{3B15B118-2B17-4BE5-8270-577A9839CE3B}.Release|x64.ActiveCfg = Release|Any CPU
		{3B15B118-2B17-4BE5-8270-577A9839CE3B}.Release|x64.Build.0 = Release|Any CPU
		{3B15B118-2B17-4BE5-8270-577A9839CE3B}.Release|x86.ActiveCfg = Release|Any CPU
		{3B15B118-2B17-4BE5-8270-577A9839CE3B}.Release|x86.Build.0 = Release|Any CPU
		{4ACED026-1A09-4D9B-8B48-A187901CE8C0}.Debug|Any CPU.ActiveCfg = Debug|Any CPU
		{4ACED026-1A09-4D9B-8B48-A187901CE8C0}.Debug|Any CPU.Build.0 = Debug|Any CPU
		{4ACED026-1A09-4D9B-8B48-A187901CE8C0}.Debug|x64.ActiveCfg = Debug|Any CPU
		{4ACED026-1A09-4D9B-8B48-A187901CE8C0}.Debug|x64.Build.0 = Debug|Any CPU
		{4ACED026-1A09-4D9B-8B48-A187901CE8C0}.Debug|x86.ActiveCfg = Debug|Any CPU
		{4ACED026-1A09-4D9B-8B48-A187901CE8C0}.Debug|x86.Build.0 = Debug|Any CPU
		{4ACED026-1A09-4D9B-8B48-A187901CE8C0}.Release|Any CPU.ActiveCfg = Release|Any CPU
		{4ACED026-1A09-4D9B-8B48-A187901CE8C0}.Release|Any CPU.Build.0 = Release|Any CPU
		{4ACED026-1A09-4D9B-8B48-A187901CE8C0}.Release|x64.ActiveCfg = Release|Any CPU
		{4ACED026-1A09-4D9B-8B48-A187901CE8C0}.Release|x64.Build.0 = Release|Any CPU
		{4ACED026-1A09-4D9B-8B48-A187901CE8C0}.Release|x86.ActiveCfg = Release|Any CPU
		{4ACED026-1A09-4D9B-8B48-A187901CE8C0}.Release|x86.Build.0 = Release|Any CPU
		{7545B003-976C-400A-94A3-032F52864E8F}.Debug|Any CPU.ActiveCfg = Debug|Any CPU
		{7545B003-976C-400A-94A3-032F52864E8F}.Debug|Any CPU.Build.0 = Debug|Any CPU
		{7545B003-976C-400A-94A3-032F52864E8F}.Debug|x64.ActiveCfg = Debug|Any CPU
		{7545B003-976C-400A-94A3-032F52864E8F}.Debug|x64.Build.0 = Debug|Any CPU
		{7545B003-976C-400A-94A3-032F52864E8F}.Debug|x86.ActiveCfg = Debug|Any CPU
		{7545B003-976C-400A-94A3-032F52864E8F}.Debug|x86.Build.0 = Debug|Any CPU
		{7545B003-976C-400A-94A3-032F52864E8F}.Release|Any CPU.ActiveCfg = Release|Any CPU
		{7545B003-976C-400A-94A3-032F52864E8F}.Release|Any CPU.Build.0 = Release|Any CPU
		{7545B003-976C-400A-94A3-032F52864E8F}.Release|x64.ActiveCfg = Release|Any CPU
		{7545B003-976C-400A-94A3-032F52864E8F}.Release|x64.Build.0 = Release|Any CPU
		{7545B003-976C-400A-94A3-032F52864E8F}.Release|x86.ActiveCfg = Release|Any CPU
		{7545B003-976C-400A-94A3-032F52864E8F}.Release|x86.Build.0 = Release|Any CPU
		{A8054E7B-02D5-4146-9841-5C6697044F0B}.Debug|Any CPU.ActiveCfg = Debug|Any CPU
		{A8054E7B-02D5-4146-9841-5C6697044F0B}.Debug|Any CPU.Build.0 = Debug|Any CPU
		{A8054E7B-02D5-4146-9841-5C6697044F0B}.Debug|x64.ActiveCfg = Debug|Any CPU
		{A8054E7B-02D5-4146-9841-5C6697044F0B}.Debug|x64.Build.0 = Debug|Any CPU
		{A8054E7B-02D5-4146-9841-5C6697044F0B}.Debug|x86.ActiveCfg = Debug|Any CPU
		{A8054E7B-02D5-4146-9841-5C6697044F0B}.Debug|x86.Build.0 = Debug|Any CPU
		{A8054E7B-02D5-4146-9841-5C6697044F0B}.Release|Any CPU.ActiveCfg = Release|Any CPU
		{A8054E7B-02D5-4146-9841-5C6697044F0B}.Release|Any CPU.Build.0 = Release|Any CPU
		{A8054E7B-02D5-4146-9841-5C6697044F0B}.Release|x64.ActiveCfg = Release|Any CPU
		{A8054E7B-02D5-4146-9841-5C6697044F0B}.Release|x64.Build.0 = Release|Any CPU
		{A8054E7B-02D5-4146-9841-5C6697044F0B}.Release|x86.ActiveCfg = Release|Any CPU
		{A8054E7B-02D5-4146-9841-5C6697044F0B}.Release|x86.Build.0 = Release|Any CPU
		{8FC29EAD-129E-4E14-AA71-5AC2D2B52DBB}.Debug|Any CPU.ActiveCfg = Debug|Any CPU
		{8FC29EAD-129E-4E14-AA71-5AC2D2B52DBB}.Debug|Any CPU.Build.0 = Debug|Any CPU
		{8FC29EAD-129E-4E14-AA71-5AC2D2B52DBB}.Debug|x64.ActiveCfg = Debug|Any CPU
		{8FC29EAD-129E-4E14-AA71-5AC2D2B52DBB}.Debug|x64.Build.0 = Debug|Any CPU
		{8FC29EAD-129E-4E14-AA71-5AC2D2B52DBB}.Debug|x86.ActiveCfg = Debug|Any CPU
		{8FC29EAD-129E-4E14-AA71-5AC2D2B52DBB}.Debug|x86.Build.0 = Debug|Any CPU
		{8FC29EAD-129E-4E14-AA71-5AC2D2B52DBB}.Release|Any CPU.ActiveCfg = Release|Any CPU
		{8FC29EAD-129E-4E14-AA71-5AC2D2B52DBB}.Release|Any CPU.Build.0 = Release|Any CPU
		{8FC29EAD-129E-4E14-AA71-5AC2D2B52DBB}.Release|x64.ActiveCfg = Release|Any CPU
		{8FC29EAD-129E-4E14-AA71-5AC2D2B52DBB}.Release|x64.Build.0 = Release|Any CPU
		{8FC29EAD-129E-4E14-AA71-5AC2D2B52DBB}.Release|x86.ActiveCfg = Release|Any CPU
		{8FC29EAD-129E-4E14-AA71-5AC2D2B52DBB}.Release|x86.Build.0 = Release|Any CPU
		{51C50BA0-CF7C-49B3-AA3A-CACD44304EFB}.Debug|Any CPU.ActiveCfg = Debug|Any CPU
		{51C50BA0-CF7C-49B3-AA3A-CACD44304EFB}.Debug|Any CPU.Build.0 = Debug|Any CPU
		{51C50BA0-CF7C-49B3-AA3A-CACD44304EFB}.Debug|x64.ActiveCfg = Debug|Any CPU
		{51C50BA0-CF7C-49B3-AA3A-CACD44304EFB}.Debug|x64.Build.0 = Debug|Any CPU
		{51C50BA0-CF7C-49B3-AA3A-CACD44304EFB}.Debug|x86.ActiveCfg = Debug|Any CPU
		{51C50BA0-CF7C-49B3-AA3A-CACD44304EFB}.Debug|x86.Build.0 = Debug|Any CPU
		{51C50BA0-CF7C-49B3-AA3A-CACD44304EFB}.Release|Any CPU.ActiveCfg = Release|Any CPU
		{51C50BA0-CF7C-49B3-AA3A-CACD44304EFB}.Release|Any CPU.Build.0 = Release|Any CPU
		{51C50BA0-CF7C-49B3-AA3A-CACD44304EFB}.Release|x64.ActiveCfg = Release|Any CPU
		{51C50BA0-CF7C-49B3-AA3A-CACD44304EFB}.Release|x64.Build.0 = Release|Any CPU
		{51C50BA0-CF7C-49B3-AA3A-CACD44304EFB}.Release|x86.ActiveCfg = Release|Any CPU
		{51C50BA0-CF7C-49B3-AA3A-CACD44304EFB}.Release|x86.Build.0 = Release|Any CPU
		{5C3CDEC9-5E50-4686-B11E-D1D9C889A5DB}.Debug|Any CPU.ActiveCfg = Debug|Any CPU
		{5C3CDEC9-5E50-4686-B11E-D1D9C889A5DB}.Debug|Any CPU.Build.0 = Debug|Any CPU
		{5C3CDEC9-5E50-4686-B11E-D1D9C889A5DB}.Debug|x64.ActiveCfg = Debug|Any CPU
		{5C3CDEC9-5E50-4686-B11E-D1D9C889A5DB}.Debug|x64.Build.0 = Debug|Any CPU
		{5C3CDEC9-5E50-4686-B11E-D1D9C889A5DB}.Debug|x86.ActiveCfg = Debug|Any CPU
		{5C3CDEC9-5E50-4686-B11E-D1D9C889A5DB}.Debug|x86.Build.0 = Debug|Any CPU
		{5C3CDEC9-5E50-4686-B11E-D1D9C889A5DB}.Release|Any CPU.ActiveCfg = Release|Any CPU
		{5C3CDEC9-5E50-4686-B11E-D1D9C889A5DB}.Release|Any CPU.Build.0 = Release|Any CPU
		{5C3CDEC9-5E50-4686-B11E-D1D9C889A5DB}.Release|x64.ActiveCfg = Release|Any CPU
		{5C3CDEC9-5E50-4686-B11E-D1D9C889A5DB}.Release|x64.Build.0 = Release|Any CPU
		{5C3CDEC9-5E50-4686-B11E-D1D9C889A5DB}.Release|x86.ActiveCfg = Release|Any CPU
		{5C3CDEC9-5E50-4686-B11E-D1D9C889A5DB}.Release|x86.Build.0 = Release|Any CPU
		{0A8A8A46-355D-4F54-873F-699CF2D413CF}.Debug|Any CPU.ActiveCfg = Debug|Any CPU
		{0A8A8A46-355D-4F54-873F-699CF2D413CF}.Debug|Any CPU.Build.0 = Debug|Any CPU
		{0A8A8A46-355D-4F54-873F-699CF2D413CF}.Debug|x64.ActiveCfg = Debug|Any CPU
		{0A8A8A46-355D-4F54-873F-699CF2D413CF}.Debug|x64.Build.0 = Debug|Any CPU
		{0A8A8A46-355D-4F54-873F-699CF2D413CF}.Debug|x86.ActiveCfg = Debug|Any CPU
		{0A8A8A46-355D-4F54-873F-699CF2D413CF}.Debug|x86.Build.0 = Debug|Any CPU
		{0A8A8A46-355D-4F54-873F-699CF2D413CF}.Release|Any CPU.ActiveCfg = Release|Any CPU
		{0A8A8A46-355D-4F54-873F-699CF2D413CF}.Release|Any CPU.Build.0 = Release|Any CPU
		{0A8A8A46-355D-4F54-873F-699CF2D413CF}.Release|x64.ActiveCfg = Release|Any CPU
		{0A8A8A46-355D-4F54-873F-699CF2D413CF}.Release|x64.Build.0 = Release|Any CPU
		{0A8A8A46-355D-4F54-873F-699CF2D413CF}.Release|x86.ActiveCfg = Release|Any CPU
		{0A8A8A46-355D-4F54-873F-699CF2D413CF}.Release|x86.Build.0 = Release|Any CPU
		{DBD867BB-9C94-460B-BB41-995D8F8DDAEB}.Debug|Any CPU.ActiveCfg = Debug|Any CPU
		{DBD867BB-9C94-460B-BB41-995D8F8DDAEB}.Debug|Any CPU.Build.0 = Debug|Any CPU
		{DBD867BB-9C94-460B-BB41-995D8F8DDAEB}.Debug|x64.ActiveCfg = Debug|Any CPU
		{DBD867BB-9C94-460B-BB41-995D8F8DDAEB}.Debug|x64.Build.0 = Debug|Any CPU
		{DBD867BB-9C94-460B-BB41-995D8F8DDAEB}.Debug|x86.ActiveCfg = Debug|Any CPU
		{DBD867BB-9C94-460B-BB41-995D8F8DDAEB}.Debug|x86.Build.0 = Debug|Any CPU
		{DBD867BB-9C94-460B-BB41-995D8F8DDAEB}.Release|Any CPU.ActiveCfg = Release|Any CPU
		{DBD867BB-9C94-460B-BB41-995D8F8DDAEB}.Release|Any CPU.Build.0 = Release|Any CPU
		{DBD867BB-9C94-460B-BB41-995D8F8DDAEB}.Release|x64.ActiveCfg = Release|Any CPU
		{DBD867BB-9C94-460B-BB41-995D8F8DDAEB}.Release|x64.Build.0 = Release|Any CPU
		{DBD867BB-9C94-460B-BB41-995D8F8DDAEB}.Release|x86.ActiveCfg = Release|Any CPU
		{DBD867BB-9C94-460B-BB41-995D8F8DDAEB}.Release|x86.Build.0 = Release|Any CPU
		{257E6A77-9457-408A-85FA-FB2D8C6B8817}.Debug|Any CPU.ActiveCfg = Debug|Any CPU
		{257E6A77-9457-408A-85FA-FB2D8C6B8817}.Debug|Any CPU.Build.0 = Debug|Any CPU
		{257E6A77-9457-408A-85FA-FB2D8C6B8817}.Debug|x64.ActiveCfg = Debug|Any CPU
		{257E6A77-9457-408A-85FA-FB2D8C6B8817}.Debug|x64.Build.0 = Debug|Any CPU
		{257E6A77-9457-408A-85FA-FB2D8C6B8817}.Debug|x86.ActiveCfg = Debug|Any CPU
		{257E6A77-9457-408A-85FA-FB2D8C6B8817}.Debug|x86.Build.0 = Debug|Any CPU
		{257E6A77-9457-408A-85FA-FB2D8C6B8817}.Release|Any CPU.ActiveCfg = Release|Any CPU
		{257E6A77-9457-408A-85FA-FB2D8C6B8817}.Release|Any CPU.Build.0 = Release|Any CPU
		{257E6A77-9457-408A-85FA-FB2D8C6B8817}.Release|x64.ActiveCfg = Release|Any CPU
		{257E6A77-9457-408A-85FA-FB2D8C6B8817}.Release|x64.Build.0 = Release|Any CPU
		{257E6A77-9457-408A-85FA-FB2D8C6B8817}.Release|x86.ActiveCfg = Release|Any CPU
		{257E6A77-9457-408A-85FA-FB2D8C6B8817}.Release|x86.Build.0 = Release|Any CPU
		{4468FAB0-CEA8-4479-8267-961FE5D809B9}.Debug|Any CPU.ActiveCfg = Debug|Any CPU
		{4468FAB0-CEA8-4479-8267-961FE5D809B9}.Debug|Any CPU.Build.0 = Debug|Any CPU
		{4468FAB0-CEA8-4479-8267-961FE5D809B9}.Debug|x64.ActiveCfg = Debug|Any CPU
		{4468FAB0-CEA8-4479-8267-961FE5D809B9}.Debug|x64.Build.0 = Debug|Any CPU
		{4468FAB0-CEA8-4479-8267-961FE5D809B9}.Debug|x86.ActiveCfg = Debug|Any CPU
		{4468FAB0-CEA8-4479-8267-961FE5D809B9}.Debug|x86.Build.0 = Debug|Any CPU
		{4468FAB0-CEA8-4479-8267-961FE5D809B9}.Release|Any CPU.ActiveCfg = Release|Any CPU
		{4468FAB0-CEA8-4479-8267-961FE5D809B9}.Release|Any CPU.Build.0 = Release|Any CPU
		{4468FAB0-CEA8-4479-8267-961FE5D809B9}.Release|x64.ActiveCfg = Release|Any CPU
		{4468FAB0-CEA8-4479-8267-961FE5D809B9}.Release|x64.Build.0 = Release|Any CPU
		{4468FAB0-CEA8-4479-8267-961FE5D809B9}.Release|x86.ActiveCfg = Release|Any CPU
		{4468FAB0-CEA8-4479-8267-961FE5D809B9}.Release|x86.Build.0 = Release|Any CPU
		{11FBC11B-CFD5-4687-B723-69F5F432665C}.Debug|Any CPU.ActiveCfg = Debug|Any CPU
		{11FBC11B-CFD5-4687-B723-69F5F432665C}.Debug|Any CPU.Build.0 = Debug|Any CPU
		{11FBC11B-CFD5-4687-B723-69F5F432665C}.Debug|x64.ActiveCfg = Debug|Any CPU
		{11FBC11B-CFD5-4687-B723-69F5F432665C}.Debug|x64.Build.0 = Debug|Any CPU
		{11FBC11B-CFD5-4687-B723-69F5F432665C}.Debug|x86.ActiveCfg = Debug|Any CPU
		{11FBC11B-CFD5-4687-B723-69F5F432665C}.Debug|x86.Build.0 = Debug|Any CPU
		{11FBC11B-CFD5-4687-B723-69F5F432665C}.Release|Any CPU.ActiveCfg = Release|Any CPU
		{11FBC11B-CFD5-4687-B723-69F5F432665C}.Release|Any CPU.Build.0 = Release|Any CPU
		{11FBC11B-CFD5-4687-B723-69F5F432665C}.Release|x64.ActiveCfg = Release|Any CPU
		{11FBC11B-CFD5-4687-B723-69F5F432665C}.Release|x64.Build.0 = Release|Any CPU
		{11FBC11B-CFD5-4687-B723-69F5F432665C}.Release|x86.ActiveCfg = Release|Any CPU
		{11FBC11B-CFD5-4687-B723-69F5F432665C}.Release|x86.Build.0 = Release|Any CPU
		{F11C0916-56FB-4F09-89C7-16EC7BD1C664}.Debug|Any CPU.ActiveCfg = Debug|Any CPU
		{F11C0916-56FB-4F09-89C7-16EC7BD1C664}.Debug|Any CPU.Build.0 = Debug|Any CPU
		{F11C0916-56FB-4F09-89C7-16EC7BD1C664}.Debug|x64.ActiveCfg = Debug|Any CPU
		{F11C0916-56FB-4F09-89C7-16EC7BD1C664}.Debug|x64.Build.0 = Debug|Any CPU
		{F11C0916-56FB-4F09-89C7-16EC7BD1C664}.Debug|x86.ActiveCfg = Debug|Any CPU
		{F11C0916-56FB-4F09-89C7-16EC7BD1C664}.Debug|x86.Build.0 = Debug|Any CPU
		{F11C0916-56FB-4F09-89C7-16EC7BD1C664}.Release|Any CPU.ActiveCfg = Release|Any CPU
		{F11C0916-56FB-4F09-89C7-16EC7BD1C664}.Release|Any CPU.Build.0 = Release|Any CPU
		{F11C0916-56FB-4F09-89C7-16EC7BD1C664}.Release|x64.ActiveCfg = Release|Any CPU
		{F11C0916-56FB-4F09-89C7-16EC7BD1C664}.Release|x64.Build.0 = Release|Any CPU
		{F11C0916-56FB-4F09-89C7-16EC7BD1C664}.Release|x86.ActiveCfg = Release|Any CPU
		{F11C0916-56FB-4F09-89C7-16EC7BD1C664}.Release|x86.Build.0 = Release|Any CPU
		{B9DE3CD2-B2A0-4183-B971-CE4C66DD3EFC}.Debug|Any CPU.ActiveCfg = Debug|Any CPU
		{B9DE3CD2-B2A0-4183-B971-CE4C66DD3EFC}.Debug|Any CPU.Build.0 = Debug|Any CPU
		{B9DE3CD2-B2A0-4183-B971-CE4C66DD3EFC}.Debug|x64.ActiveCfg = Debug|Any CPU
		{B9DE3CD2-B2A0-4183-B971-CE4C66DD3EFC}.Debug|x64.Build.0 = Debug|Any CPU
		{B9DE3CD2-B2A0-4183-B971-CE4C66DD3EFC}.Debug|x86.ActiveCfg = Debug|Any CPU
		{B9DE3CD2-B2A0-4183-B971-CE4C66DD3EFC}.Debug|x86.Build.0 = Debug|Any CPU
		{B9DE3CD2-B2A0-4183-B971-CE4C66DD3EFC}.Release|Any CPU.ActiveCfg = Release|Any CPU
		{B9DE3CD2-B2A0-4183-B971-CE4C66DD3EFC}.Release|Any CPU.Build.0 = Release|Any CPU
		{B9DE3CD2-B2A0-4183-B971-CE4C66DD3EFC}.Release|x64.ActiveCfg = Release|Any CPU
		{B9DE3CD2-B2A0-4183-B971-CE4C66DD3EFC}.Release|x64.Build.0 = Release|Any CPU
		{B9DE3CD2-B2A0-4183-B971-CE4C66DD3EFC}.Release|x86.ActiveCfg = Release|Any CPU
		{B9DE3CD2-B2A0-4183-B971-CE4C66DD3EFC}.Release|x86.Build.0 = Release|Any CPU
		{CF82B503-CD78-4ED6-A387-C2100DE14CDA}.Debug|Any CPU.ActiveCfg = Debug|Any CPU
		{CF82B503-CD78-4ED6-A387-C2100DE14CDA}.Debug|Any CPU.Build.0 = Debug|Any CPU
		{CF82B503-CD78-4ED6-A387-C2100DE14CDA}.Debug|x64.ActiveCfg = Debug|Any CPU
		{CF82B503-CD78-4ED6-A387-C2100DE14CDA}.Debug|x64.Build.0 = Debug|Any CPU
		{CF82B503-CD78-4ED6-A387-C2100DE14CDA}.Debug|x86.ActiveCfg = Debug|Any CPU
		{CF82B503-CD78-4ED6-A387-C2100DE14CDA}.Debug|x86.Build.0 = Debug|Any CPU
		{CF82B503-CD78-4ED6-A387-C2100DE14CDA}.Release|Any CPU.ActiveCfg = Release|Any CPU
		{CF82B503-CD78-4ED6-A387-C2100DE14CDA}.Release|Any CPU.Build.0 = Release|Any CPU
		{CF82B503-CD78-4ED6-A387-C2100DE14CDA}.Release|x64.ActiveCfg = Release|Any CPU
		{CF82B503-CD78-4ED6-A387-C2100DE14CDA}.Release|x64.Build.0 = Release|Any CPU
		{CF82B503-CD78-4ED6-A387-C2100DE14CDA}.Release|x86.ActiveCfg = Release|Any CPU
		{CF82B503-CD78-4ED6-A387-C2100DE14CDA}.Release|x86.Build.0 = Release|Any CPU
		{44B8FBF0-27F4-4BF6-A4BD-FC9BFD70F45A}.Debug|Any CPU.ActiveCfg = Debug|Any CPU
		{44B8FBF0-27F4-4BF6-A4BD-FC9BFD70F45A}.Debug|Any CPU.Build.0 = Debug|Any CPU
		{44B8FBF0-27F4-4BF6-A4BD-FC9BFD70F45A}.Debug|x64.ActiveCfg = Debug|Any CPU
		{44B8FBF0-27F4-4BF6-A4BD-FC9BFD70F45A}.Debug|x64.Build.0 = Debug|Any CPU
		{44B8FBF0-27F4-4BF6-A4BD-FC9BFD70F45A}.Debug|x86.ActiveCfg = Debug|Any CPU
		{44B8FBF0-27F4-4BF6-A4BD-FC9BFD70F45A}.Debug|x86.Build.0 = Debug|Any CPU
		{44B8FBF0-27F4-4BF6-A4BD-FC9BFD70F45A}.Release|Any CPU.ActiveCfg = Release|Any CPU
		{44B8FBF0-27F4-4BF6-A4BD-FC9BFD70F45A}.Release|Any CPU.Build.0 = Release|Any CPU
		{44B8FBF0-27F4-4BF6-A4BD-FC9BFD70F45A}.Release|x64.ActiveCfg = Release|Any CPU
		{44B8FBF0-27F4-4BF6-A4BD-FC9BFD70F45A}.Release|x64.Build.0 = Release|Any CPU
		{44B8FBF0-27F4-4BF6-A4BD-FC9BFD70F45A}.Release|x86.ActiveCfg = Release|Any CPU
		{44B8FBF0-27F4-4BF6-A4BD-FC9BFD70F45A}.Release|x86.Build.0 = Release|Any CPU
		{D43A40BA-90FE-4B38-A1F6-34374B12194F}.Debug|Any CPU.ActiveCfg = Debug|Any CPU
		{D43A40BA-90FE-4B38-A1F6-34374B12194F}.Debug|Any CPU.Build.0 = Debug|Any CPU
		{D43A40BA-90FE-4B38-A1F6-34374B12194F}.Debug|x64.ActiveCfg = Debug|Any CPU
		{D43A40BA-90FE-4B38-A1F6-34374B12194F}.Debug|x64.Build.0 = Debug|Any CPU
		{D43A40BA-90FE-4B38-A1F6-34374B12194F}.Debug|x86.ActiveCfg = Debug|Any CPU
		{D43A40BA-90FE-4B38-A1F6-34374B12194F}.Debug|x86.Build.0 = Debug|Any CPU
		{D43A40BA-90FE-4B38-A1F6-34374B12194F}.Release|Any CPU.ActiveCfg = Release|Any CPU
		{D43A40BA-90FE-4B38-A1F6-34374B12194F}.Release|Any CPU.Build.0 = Release|Any CPU
		{D43A40BA-90FE-4B38-A1F6-34374B12194F}.Release|x64.ActiveCfg = Release|Any CPU
		{D43A40BA-90FE-4B38-A1F6-34374B12194F}.Release|x64.Build.0 = Release|Any CPU
		{D43A40BA-90FE-4B38-A1F6-34374B12194F}.Release|x86.ActiveCfg = Release|Any CPU
		{D43A40BA-90FE-4B38-A1F6-34374B12194F}.Release|x86.Build.0 = Release|Any CPU
		{48F89F6F-CDB8-4CCA-A469-6104FC81A7EC}.Debug|Any CPU.ActiveCfg = Debug|Any CPU
		{48F89F6F-CDB8-4CCA-A469-6104FC81A7EC}.Debug|Any CPU.Build.0 = Debug|Any CPU
		{48F89F6F-CDB8-4CCA-A469-6104FC81A7EC}.Debug|x64.ActiveCfg = Debug|Any CPU
		{48F89F6F-CDB8-4CCA-A469-6104FC81A7EC}.Debug|x64.Build.0 = Debug|Any CPU
		{48F89F6F-CDB8-4CCA-A469-6104FC81A7EC}.Debug|x86.ActiveCfg = Debug|Any CPU
		{48F89F6F-CDB8-4CCA-A469-6104FC81A7EC}.Debug|x86.Build.0 = Debug|Any CPU
		{48F89F6F-CDB8-4CCA-A469-6104FC81A7EC}.Release|Any CPU.ActiveCfg = Release|Any CPU
		{48F89F6F-CDB8-4CCA-A469-6104FC81A7EC}.Release|Any CPU.Build.0 = Release|Any CPU
		{48F89F6F-CDB8-4CCA-A469-6104FC81A7EC}.Release|x64.ActiveCfg = Release|Any CPU
		{48F89F6F-CDB8-4CCA-A469-6104FC81A7EC}.Release|x64.Build.0 = Release|Any CPU
		{48F89F6F-CDB8-4CCA-A469-6104FC81A7EC}.Release|x86.ActiveCfg = Release|Any CPU
		{48F89F6F-CDB8-4CCA-A469-6104FC81A7EC}.Release|x86.Build.0 = Release|Any CPU
		{9171F639-B71D-4B13-AA10-0B59C727AF85}.Debug|Any CPU.ActiveCfg = Debug|Any CPU
		{9171F639-B71D-4B13-AA10-0B59C727AF85}.Debug|Any CPU.Build.0 = Debug|Any CPU
		{9171F639-B71D-4B13-AA10-0B59C727AF85}.Debug|x64.ActiveCfg = Debug|Any CPU
		{9171F639-B71D-4B13-AA10-0B59C727AF85}.Debug|x64.Build.0 = Debug|Any CPU
		{9171F639-B71D-4B13-AA10-0B59C727AF85}.Debug|x86.ActiveCfg = Debug|Any CPU
		{9171F639-B71D-4B13-AA10-0B59C727AF85}.Debug|x86.Build.0 = Debug|Any CPU
		{9171F639-B71D-4B13-AA10-0B59C727AF85}.Release|Any CPU.ActiveCfg = Release|Any CPU
		{9171F639-B71D-4B13-AA10-0B59C727AF85}.Release|Any CPU.Build.0 = Release|Any CPU
		{9171F639-B71D-4B13-AA10-0B59C727AF85}.Release|x64.ActiveCfg = Release|Any CPU
		{9171F639-B71D-4B13-AA10-0B59C727AF85}.Release|x64.Build.0 = Release|Any CPU
		{9171F639-B71D-4B13-AA10-0B59C727AF85}.Release|x86.ActiveCfg = Release|Any CPU
		{9171F639-B71D-4B13-AA10-0B59C727AF85}.Release|x86.Build.0 = Release|Any CPU
		{61C6A343-B7B0-484E-BD7C-0997EBE4E4AE}.Debug|Any CPU.ActiveCfg = Debug|Any CPU
		{61C6A343-B7B0-484E-BD7C-0997EBE4E4AE}.Debug|Any CPU.Build.0 = Debug|Any CPU
		{61C6A343-B7B0-484E-BD7C-0997EBE4E4AE}.Debug|x64.ActiveCfg = Debug|Any CPU
		{61C6A343-B7B0-484E-BD7C-0997EBE4E4AE}.Debug|x64.Build.0 = Debug|Any CPU
		{61C6A343-B7B0-484E-BD7C-0997EBE4E4AE}.Debug|x86.ActiveCfg = Debug|Any CPU
		{61C6A343-B7B0-484E-BD7C-0997EBE4E4AE}.Debug|x86.Build.0 = Debug|Any CPU
		{61C6A343-B7B0-484E-BD7C-0997EBE4E4AE}.Release|Any CPU.ActiveCfg = Release|Any CPU
		{61C6A343-B7B0-484E-BD7C-0997EBE4E4AE}.Release|Any CPU.Build.0 = Release|Any CPU
		{61C6A343-B7B0-484E-BD7C-0997EBE4E4AE}.Release|x64.ActiveCfg = Release|Any CPU
		{61C6A343-B7B0-484E-BD7C-0997EBE4E4AE}.Release|x64.Build.0 = Release|Any CPU
		{61C6A343-B7B0-484E-BD7C-0997EBE4E4AE}.Release|x86.ActiveCfg = Release|Any CPU
		{61C6A343-B7B0-484E-BD7C-0997EBE4E4AE}.Release|x86.Build.0 = Release|Any CPU
		{8E251B7E-B741-41C1-9CB1-FF581E202880}.Debug|Any CPU.ActiveCfg = Debug|Any CPU
		{8E251B7E-B741-41C1-9CB1-FF581E202880}.Debug|Any CPU.Build.0 = Debug|Any CPU
		{8E251B7E-B741-41C1-9CB1-FF581E202880}.Debug|x64.ActiveCfg = Debug|Any CPU
		{8E251B7E-B741-41C1-9CB1-FF581E202880}.Debug|x64.Build.0 = Debug|Any CPU
		{8E251B7E-B741-41C1-9CB1-FF581E202880}.Debug|x86.ActiveCfg = Debug|Any CPU
		{8E251B7E-B741-41C1-9CB1-FF581E202880}.Debug|x86.Build.0 = Debug|Any CPU
		{8E251B7E-B741-41C1-9CB1-FF581E202880}.Release|Any CPU.ActiveCfg = Release|Any CPU
		{8E251B7E-B741-41C1-9CB1-FF581E202880}.Release|Any CPU.Build.0 = Release|Any CPU
		{8E251B7E-B741-41C1-9CB1-FF581E202880}.Release|x64.ActiveCfg = Release|Any CPU
		{8E251B7E-B741-41C1-9CB1-FF581E202880}.Release|x64.Build.0 = Release|Any CPU
		{8E251B7E-B741-41C1-9CB1-FF581E202880}.Release|x86.ActiveCfg = Release|Any CPU
		{8E251B7E-B741-41C1-9CB1-FF581E202880}.Release|x86.Build.0 = Release|Any CPU
		{476AD5BA-266A-494F-9DCB-04A84A776334}.Debug|Any CPU.ActiveCfg = Debug|Any CPU
		{476AD5BA-266A-494F-9DCB-04A84A776334}.Debug|Any CPU.Build.0 = Debug|Any CPU
		{476AD5BA-266A-494F-9DCB-04A84A776334}.Debug|x64.ActiveCfg = Debug|Any CPU
		{476AD5BA-266A-494F-9DCB-04A84A776334}.Debug|x64.Build.0 = Debug|Any CPU
		{476AD5BA-266A-494F-9DCB-04A84A776334}.Debug|x86.ActiveCfg = Debug|Any CPU
		{476AD5BA-266A-494F-9DCB-04A84A776334}.Debug|x86.Build.0 = Debug|Any CPU
		{476AD5BA-266A-494F-9DCB-04A84A776334}.Release|Any CPU.ActiveCfg = Release|Any CPU
		{476AD5BA-266A-494F-9DCB-04A84A776334}.Release|Any CPU.Build.0 = Release|Any CPU
		{476AD5BA-266A-494F-9DCB-04A84A776334}.Release|x64.ActiveCfg = Release|Any CPU
		{476AD5BA-266A-494F-9DCB-04A84A776334}.Release|x64.Build.0 = Release|Any CPU
		{476AD5BA-266A-494F-9DCB-04A84A776334}.Release|x86.ActiveCfg = Release|Any CPU
		{476AD5BA-266A-494F-9DCB-04A84A776334}.Release|x86.Build.0 = Release|Any CPU
		{33EB9169-DA58-451F-B12B-66BAAACDDCC0}.Debug|Any CPU.ActiveCfg = Debug|Any CPU
		{33EB9169-DA58-451F-B12B-66BAAACDDCC0}.Debug|Any CPU.Build.0 = Debug|Any CPU
		{33EB9169-DA58-451F-B12B-66BAAACDDCC0}.Debug|x64.ActiveCfg = Debug|Any CPU
		{33EB9169-DA58-451F-B12B-66BAAACDDCC0}.Debug|x64.Build.0 = Debug|Any CPU
		{33EB9169-DA58-451F-B12B-66BAAACDDCC0}.Debug|x86.ActiveCfg = Debug|Any CPU
		{33EB9169-DA58-451F-B12B-66BAAACDDCC0}.Debug|x86.Build.0 = Debug|Any CPU
		{33EB9169-DA58-451F-B12B-66BAAACDDCC0}.Release|Any CPU.ActiveCfg = Release|Any CPU
		{33EB9169-DA58-451F-B12B-66BAAACDDCC0}.Release|Any CPU.Build.0 = Release|Any CPU
		{33EB9169-DA58-451F-B12B-66BAAACDDCC0}.Release|x64.ActiveCfg = Release|Any CPU
		{33EB9169-DA58-451F-B12B-66BAAACDDCC0}.Release|x64.Build.0 = Release|Any CPU
		{33EB9169-DA58-451F-B12B-66BAAACDDCC0}.Release|x86.ActiveCfg = Release|Any CPU
		{33EB9169-DA58-451F-B12B-66BAAACDDCC0}.Release|x86.Build.0 = Release|Any CPU
		{FB5182A9-42A8-4B27-A4FF-645ECF556F0D}.Debug|Any CPU.ActiveCfg = Debug|Any CPU
		{FB5182A9-42A8-4B27-A4FF-645ECF556F0D}.Debug|Any CPU.Build.0 = Debug|Any CPU
		{FB5182A9-42A8-4B27-A4FF-645ECF556F0D}.Debug|x64.ActiveCfg = Debug|Any CPU
		{FB5182A9-42A8-4B27-A4FF-645ECF556F0D}.Debug|x64.Build.0 = Debug|Any CPU
		{FB5182A9-42A8-4B27-A4FF-645ECF556F0D}.Debug|x86.ActiveCfg = Debug|Any CPU
		{FB5182A9-42A8-4B27-A4FF-645ECF556F0D}.Debug|x86.Build.0 = Debug|Any CPU
		{FB5182A9-42A8-4B27-A4FF-645ECF556F0D}.Release|Any CPU.ActiveCfg = Release|Any CPU
		{FB5182A9-42A8-4B27-A4FF-645ECF556F0D}.Release|Any CPU.Build.0 = Release|Any CPU
		{FB5182A9-42A8-4B27-A4FF-645ECF556F0D}.Release|x64.ActiveCfg = Release|Any CPU
		{FB5182A9-42A8-4B27-A4FF-645ECF556F0D}.Release|x64.Build.0 = Release|Any CPU
		{FB5182A9-42A8-4B27-A4FF-645ECF556F0D}.Release|x86.ActiveCfg = Release|Any CPU
		{FB5182A9-42A8-4B27-A4FF-645ECF556F0D}.Release|x86.Build.0 = Release|Any CPU
		{FCA3840F-1B26-4BBD-B02B-E8E27BE2CAFE}.Debug|Any CPU.ActiveCfg = Debug|Any CPU
		{FCA3840F-1B26-4BBD-B02B-E8E27BE2CAFE}.Debug|Any CPU.Build.0 = Debug|Any CPU
		{FCA3840F-1B26-4BBD-B02B-E8E27BE2CAFE}.Debug|x64.ActiveCfg = Debug|Any CPU
		{FCA3840F-1B26-4BBD-B02B-E8E27BE2CAFE}.Debug|x64.Build.0 = Debug|Any CPU
		{FCA3840F-1B26-4BBD-B02B-E8E27BE2CAFE}.Debug|x86.ActiveCfg = Debug|Any CPU
		{FCA3840F-1B26-4BBD-B02B-E8E27BE2CAFE}.Debug|x86.Build.0 = Debug|Any CPU
		{FCA3840F-1B26-4BBD-B02B-E8E27BE2CAFE}.Release|Any CPU.ActiveCfg = Release|Any CPU
		{FCA3840F-1B26-4BBD-B02B-E8E27BE2CAFE}.Release|Any CPU.Build.0 = Release|Any CPU
		{FCA3840F-1B26-4BBD-B02B-E8E27BE2CAFE}.Release|x64.ActiveCfg = Release|Any CPU
		{FCA3840F-1B26-4BBD-B02B-E8E27BE2CAFE}.Release|x64.Build.0 = Release|Any CPU
		{FCA3840F-1B26-4BBD-B02B-E8E27BE2CAFE}.Release|x86.ActiveCfg = Release|Any CPU
		{FCA3840F-1B26-4BBD-B02B-E8E27BE2CAFE}.Release|x86.Build.0 = Release|Any CPU
		{ABC3127D-E0AC-4F57-94B6-A126469E0ED8}.Debug|Any CPU.ActiveCfg = Debug|Any CPU
		{ABC3127D-E0AC-4F57-94B6-A126469E0ED8}.Debug|Any CPU.Build.0 = Debug|Any CPU
		{ABC3127D-E0AC-4F57-94B6-A126469E0ED8}.Debug|x64.ActiveCfg = Debug|Any CPU
		{ABC3127D-E0AC-4F57-94B6-A126469E0ED8}.Debug|x64.Build.0 = Debug|Any CPU
		{ABC3127D-E0AC-4F57-94B6-A126469E0ED8}.Debug|x86.ActiveCfg = Debug|Any CPU
		{ABC3127D-E0AC-4F57-94B6-A126469E0ED8}.Debug|x86.Build.0 = Debug|Any CPU
		{ABC3127D-E0AC-4F57-94B6-A126469E0ED8}.Release|Any CPU.ActiveCfg = Release|Any CPU
		{ABC3127D-E0AC-4F57-94B6-A126469E0ED8}.Release|Any CPU.Build.0 = Release|Any CPU
		{ABC3127D-E0AC-4F57-94B6-A126469E0ED8}.Release|x64.ActiveCfg = Release|Any CPU
		{ABC3127D-E0AC-4F57-94B6-A126469E0ED8}.Release|x64.Build.0 = Release|Any CPU
		{ABC3127D-E0AC-4F57-94B6-A126469E0ED8}.Release|x86.ActiveCfg = Release|Any CPU
		{ABC3127D-E0AC-4F57-94B6-A126469E0ED8}.Release|x86.Build.0 = Release|Any CPU
		{7B9722F3-B58C-4C99-B69D-E3111CBD38C7}.Debug|Any CPU.ActiveCfg = Debug|Any CPU
		{7B9722F3-B58C-4C99-B69D-E3111CBD38C7}.Debug|Any CPU.Build.0 = Debug|Any CPU
		{7B9722F3-B58C-4C99-B69D-E3111CBD38C7}.Debug|x64.ActiveCfg = Debug|Any CPU
		{7B9722F3-B58C-4C99-B69D-E3111CBD38C7}.Debug|x64.Build.0 = Debug|Any CPU
		{7B9722F3-B58C-4C99-B69D-E3111CBD38C7}.Debug|x86.ActiveCfg = Debug|Any CPU
		{7B9722F3-B58C-4C99-B69D-E3111CBD38C7}.Debug|x86.Build.0 = Debug|Any CPU
		{7B9722F3-B58C-4C99-B69D-E3111CBD38C7}.Release|Any CPU.ActiveCfg = Release|Any CPU
		{7B9722F3-B58C-4C99-B69D-E3111CBD38C7}.Release|Any CPU.Build.0 = Release|Any CPU
		{7B9722F3-B58C-4C99-B69D-E3111CBD38C7}.Release|x64.ActiveCfg = Release|Any CPU
		{7B9722F3-B58C-4C99-B69D-E3111CBD38C7}.Release|x64.Build.0 = Release|Any CPU
		{7B9722F3-B58C-4C99-B69D-E3111CBD38C7}.Release|x86.ActiveCfg = Release|Any CPU
		{7B9722F3-B58C-4C99-B69D-E3111CBD38C7}.Release|x86.Build.0 = Release|Any CPU
		{93484B76-BD9A-4520-B03F-35A4A198654D}.Debug|Any CPU.ActiveCfg = Debug|Any CPU
		{93484B76-BD9A-4520-B03F-35A4A198654D}.Debug|Any CPU.Build.0 = Debug|Any CPU
		{93484B76-BD9A-4520-B03F-35A4A198654D}.Debug|x64.ActiveCfg = Debug|Any CPU
		{93484B76-BD9A-4520-B03F-35A4A198654D}.Debug|x64.Build.0 = Debug|Any CPU
		{93484B76-BD9A-4520-B03F-35A4A198654D}.Debug|x86.ActiveCfg = Debug|Any CPU
		{93484B76-BD9A-4520-B03F-35A4A198654D}.Debug|x86.Build.0 = Debug|Any CPU
		{93484B76-BD9A-4520-B03F-35A4A198654D}.Release|Any CPU.ActiveCfg = Release|Any CPU
		{93484B76-BD9A-4520-B03F-35A4A198654D}.Release|Any CPU.Build.0 = Release|Any CPU
		{93484B76-BD9A-4520-B03F-35A4A198654D}.Release|x64.ActiveCfg = Release|Any CPU
		{93484B76-BD9A-4520-B03F-35A4A198654D}.Release|x64.Build.0 = Release|Any CPU
		{93484B76-BD9A-4520-B03F-35A4A198654D}.Release|x86.ActiveCfg = Release|Any CPU
		{93484B76-BD9A-4520-B03F-35A4A198654D}.Release|x86.Build.0 = Release|Any CPU
		{665D8A30-F08B-41F3-931B-BCE645B9FC0F}.Debug|Any CPU.ActiveCfg = Debug|Any CPU
		{665D8A30-F08B-41F3-931B-BCE645B9FC0F}.Debug|Any CPU.Build.0 = Debug|Any CPU
		{665D8A30-F08B-41F3-931B-BCE645B9FC0F}.Debug|x64.ActiveCfg = Debug|Any CPU
		{665D8A30-F08B-41F3-931B-BCE645B9FC0F}.Debug|x64.Build.0 = Debug|Any CPU
		{665D8A30-F08B-41F3-931B-BCE645B9FC0F}.Debug|x86.ActiveCfg = Debug|Any CPU
		{665D8A30-F08B-41F3-931B-BCE645B9FC0F}.Debug|x86.Build.0 = Debug|Any CPU
		{665D8A30-F08B-41F3-931B-BCE645B9FC0F}.Release|Any CPU.ActiveCfg = Release|Any CPU
		{665D8A30-F08B-41F3-931B-BCE645B9FC0F}.Release|Any CPU.Build.0 = Release|Any CPU
		{665D8A30-F08B-41F3-931B-BCE645B9FC0F}.Release|x64.ActiveCfg = Release|Any CPU
		{665D8A30-F08B-41F3-931B-BCE645B9FC0F}.Release|x64.Build.0 = Release|Any CPU
		{665D8A30-F08B-41F3-931B-BCE645B9FC0F}.Release|x86.ActiveCfg = Release|Any CPU
		{665D8A30-F08B-41F3-931B-BCE645B9FC0F}.Release|x86.Build.0 = Release|Any CPU
		{92046B52-2B05-493D-9268-888CBBD5276B}.Debug|Any CPU.ActiveCfg = Debug|Any CPU
		{92046B52-2B05-493D-9268-888CBBD5276B}.Debug|Any CPU.Build.0 = Debug|Any CPU
		{92046B52-2B05-493D-9268-888CBBD5276B}.Debug|x64.ActiveCfg = Debug|Any CPU
		{92046B52-2B05-493D-9268-888CBBD5276B}.Debug|x64.Build.0 = Debug|Any CPU
		{92046B52-2B05-493D-9268-888CBBD5276B}.Debug|x86.ActiveCfg = Debug|Any CPU
		{92046B52-2B05-493D-9268-888CBBD5276B}.Debug|x86.Build.0 = Debug|Any CPU
		{92046B52-2B05-493D-9268-888CBBD5276B}.Release|Any CPU.ActiveCfg = Release|Any CPU
		{92046B52-2B05-493D-9268-888CBBD5276B}.Release|Any CPU.Build.0 = Release|Any CPU
		{92046B52-2B05-493D-9268-888CBBD5276B}.Release|x64.ActiveCfg = Release|Any CPU
		{92046B52-2B05-493D-9268-888CBBD5276B}.Release|x64.Build.0 = Release|Any CPU
		{92046B52-2B05-493D-9268-888CBBD5276B}.Release|x86.ActiveCfg = Release|Any CPU
		{92046B52-2B05-493D-9268-888CBBD5276B}.Release|x86.Build.0 = Release|Any CPU
		{90F8B8F4-06F9-4912-A797-D35D1176A5CD}.Debug|Any CPU.ActiveCfg = Debug|Any CPU
		{90F8B8F4-06F9-4912-A797-D35D1176A5CD}.Debug|Any CPU.Build.0 = Debug|Any CPU
		{90F8B8F4-06F9-4912-A797-D35D1176A5CD}.Debug|x64.ActiveCfg = Debug|Any CPU
		{90F8B8F4-06F9-4912-A797-D35D1176A5CD}.Debug|x64.Build.0 = Debug|Any CPU
		{90F8B8F4-06F9-4912-A797-D35D1176A5CD}.Debug|x86.ActiveCfg = Debug|Any CPU
		{90F8B8F4-06F9-4912-A797-D35D1176A5CD}.Debug|x86.Build.0 = Debug|Any CPU
		{90F8B8F4-06F9-4912-A797-D35D1176A5CD}.Release|Any CPU.ActiveCfg = Release|Any CPU
		{90F8B8F4-06F9-4912-A797-D35D1176A5CD}.Release|Any CPU.Build.0 = Release|Any CPU
		{90F8B8F4-06F9-4912-A797-D35D1176A5CD}.Release|x64.ActiveCfg = Release|Any CPU
		{90F8B8F4-06F9-4912-A797-D35D1176A5CD}.Release|x64.Build.0 = Release|Any CPU
		{90F8B8F4-06F9-4912-A797-D35D1176A5CD}.Release|x86.ActiveCfg = Release|Any CPU
		{90F8B8F4-06F9-4912-A797-D35D1176A5CD}.Release|x86.Build.0 = Release|Any CPU
		{15000900-AFAD-42C4-939B-3943F54E48EC}.Debug|Any CPU.ActiveCfg = Debug|Any CPU
		{15000900-AFAD-42C4-939B-3943F54E48EC}.Debug|Any CPU.Build.0 = Debug|Any CPU
		{15000900-AFAD-42C4-939B-3943F54E48EC}.Debug|x64.ActiveCfg = Debug|Any CPU
		{15000900-AFAD-42C4-939B-3943F54E48EC}.Debug|x64.Build.0 = Debug|Any CPU
		{15000900-AFAD-42C4-939B-3943F54E48EC}.Debug|x86.ActiveCfg = Debug|Any CPU
		{15000900-AFAD-42C4-939B-3943F54E48EC}.Debug|x86.Build.0 = Debug|Any CPU
		{15000900-AFAD-42C4-939B-3943F54E48EC}.Release|Any CPU.ActiveCfg = Release|Any CPU
		{15000900-AFAD-42C4-939B-3943F54E48EC}.Release|Any CPU.Build.0 = Release|Any CPU
		{15000900-AFAD-42C4-939B-3943F54E48EC}.Release|x64.ActiveCfg = Release|Any CPU
		{15000900-AFAD-42C4-939B-3943F54E48EC}.Release|x64.Build.0 = Release|Any CPU
		{15000900-AFAD-42C4-939B-3943F54E48EC}.Release|x86.ActiveCfg = Release|Any CPU
		{15000900-AFAD-42C4-939B-3943F54E48EC}.Release|x86.Build.0 = Release|Any CPU
		{89F6A395-9E9B-4EE6-B5A0-D822624B2BEF}.Debug|Any CPU.ActiveCfg = Debug|Any CPU
		{89F6A395-9E9B-4EE6-B5A0-D822624B2BEF}.Debug|Any CPU.Build.0 = Debug|Any CPU
		{89F6A395-9E9B-4EE6-B5A0-D822624B2BEF}.Debug|x64.ActiveCfg = Debug|Any CPU
		{89F6A395-9E9B-4EE6-B5A0-D822624B2BEF}.Debug|x64.Build.0 = Debug|Any CPU
		{89F6A395-9E9B-4EE6-B5A0-D822624B2BEF}.Debug|x86.ActiveCfg = Debug|Any CPU
		{89F6A395-9E9B-4EE6-B5A0-D822624B2BEF}.Debug|x86.Build.0 = Debug|Any CPU
		{89F6A395-9E9B-4EE6-B5A0-D822624B2BEF}.Release|Any CPU.ActiveCfg = Release|Any CPU
		{89F6A395-9E9B-4EE6-B5A0-D822624B2BEF}.Release|Any CPU.Build.0 = Release|Any CPU
		{89F6A395-9E9B-4EE6-B5A0-D822624B2BEF}.Release|x64.ActiveCfg = Release|Any CPU
		{89F6A395-9E9B-4EE6-B5A0-D822624B2BEF}.Release|x64.Build.0 = Release|Any CPU
		{89F6A395-9E9B-4EE6-B5A0-D822624B2BEF}.Release|x86.ActiveCfg = Release|Any CPU
		{89F6A395-9E9B-4EE6-B5A0-D822624B2BEF}.Release|x86.Build.0 = Release|Any CPU
		{52C14F71-B7FF-456B-A0FF-DA8D22A5F918}.Debug|Any CPU.ActiveCfg = Debug|Any CPU
		{52C14F71-B7FF-456B-A0FF-DA8D22A5F918}.Debug|Any CPU.Build.0 = Debug|Any CPU
		{52C14F71-B7FF-456B-A0FF-DA8D22A5F918}.Debug|x64.ActiveCfg = Debug|Any CPU
		{52C14F71-B7FF-456B-A0FF-DA8D22A5F918}.Debug|x64.Build.0 = Debug|Any CPU
		{52C14F71-B7FF-456B-A0FF-DA8D22A5F918}.Debug|x86.ActiveCfg = Debug|Any CPU
		{52C14F71-B7FF-456B-A0FF-DA8D22A5F918}.Debug|x86.Build.0 = Debug|Any CPU
		{52C14F71-B7FF-456B-A0FF-DA8D22A5F918}.Release|Any CPU.ActiveCfg = Release|Any CPU
		{52C14F71-B7FF-456B-A0FF-DA8D22A5F918}.Release|Any CPU.Build.0 = Release|Any CPU
		{52C14F71-B7FF-456B-A0FF-DA8D22A5F918}.Release|x64.ActiveCfg = Release|Any CPU
		{52C14F71-B7FF-456B-A0FF-DA8D22A5F918}.Release|x64.Build.0 = Release|Any CPU
		{52C14F71-B7FF-456B-A0FF-DA8D22A5F918}.Release|x86.ActiveCfg = Release|Any CPU
		{52C14F71-B7FF-456B-A0FF-DA8D22A5F918}.Release|x86.Build.0 = Release|Any CPU
		{A9637C66-1852-4860-90E4-59AEE94331FF}.Debug|Any CPU.ActiveCfg = Debug|Any CPU
		{A9637C66-1852-4860-90E4-59AEE94331FF}.Debug|Any CPU.Build.0 = Debug|Any CPU
		{A9637C66-1852-4860-90E4-59AEE94331FF}.Debug|x64.ActiveCfg = Debug|Any CPU
		{A9637C66-1852-4860-90E4-59AEE94331FF}.Debug|x64.Build.0 = Debug|Any CPU
		{A9637C66-1852-4860-90E4-59AEE94331FF}.Debug|x86.ActiveCfg = Debug|Any CPU
		{A9637C66-1852-4860-90E4-59AEE94331FF}.Debug|x86.Build.0 = Debug|Any CPU
		{A9637C66-1852-4860-90E4-59AEE94331FF}.Release|Any CPU.ActiveCfg = Release|Any CPU
		{A9637C66-1852-4860-90E4-59AEE94331FF}.Release|Any CPU.Build.0 = Release|Any CPU
		{A9637C66-1852-4860-90E4-59AEE94331FF}.Release|x64.ActiveCfg = Release|Any CPU
		{A9637C66-1852-4860-90E4-59AEE94331FF}.Release|x64.Build.0 = Release|Any CPU
		{A9637C66-1852-4860-90E4-59AEE94331FF}.Release|x86.ActiveCfg = Release|Any CPU
		{A9637C66-1852-4860-90E4-59AEE94331FF}.Release|x86.Build.0 = Release|Any CPU
		{E269F93B-3902-4CCC-B7D7-317A47D3B567}.Debug|Any CPU.ActiveCfg = Debug|Any CPU
		{E269F93B-3902-4CCC-B7D7-317A47D3B567}.Debug|Any CPU.Build.0 = Debug|Any CPU
		{E269F93B-3902-4CCC-B7D7-317A47D3B567}.Debug|x64.ActiveCfg = Debug|Any CPU
		{E269F93B-3902-4CCC-B7D7-317A47D3B567}.Debug|x64.Build.0 = Debug|Any CPU
		{E269F93B-3902-4CCC-B7D7-317A47D3B567}.Debug|x86.ActiveCfg = Debug|Any CPU
		{E269F93B-3902-4CCC-B7D7-317A47D3B567}.Debug|x86.Build.0 = Debug|Any CPU
		{E269F93B-3902-4CCC-B7D7-317A47D3B567}.Release|Any CPU.ActiveCfg = Release|Any CPU
		{E269F93B-3902-4CCC-B7D7-317A47D3B567}.Release|Any CPU.Build.0 = Release|Any CPU
		{E269F93B-3902-4CCC-B7D7-317A47D3B567}.Release|x64.ActiveCfg = Release|Any CPU
		{E269F93B-3902-4CCC-B7D7-317A47D3B567}.Release|x64.Build.0 = Release|Any CPU
		{E269F93B-3902-4CCC-B7D7-317A47D3B567}.Release|x86.ActiveCfg = Release|Any CPU
		{E269F93B-3902-4CCC-B7D7-317A47D3B567}.Release|x86.Build.0 = Release|Any CPU
		{CF147052-AEB7-47A5-842B-96E0F7669922}.Debug|Any CPU.ActiveCfg = Debug|Any CPU
		{CF147052-AEB7-47A5-842B-96E0F7669922}.Debug|Any CPU.Build.0 = Debug|Any CPU
		{CF147052-AEB7-47A5-842B-96E0F7669922}.Debug|x64.ActiveCfg = Debug|Any CPU
		{CF147052-AEB7-47A5-842B-96E0F7669922}.Debug|x64.Build.0 = Debug|Any CPU
		{CF147052-AEB7-47A5-842B-96E0F7669922}.Debug|x86.ActiveCfg = Debug|Any CPU
		{CF147052-AEB7-47A5-842B-96E0F7669922}.Debug|x86.Build.0 = Debug|Any CPU
		{CF147052-AEB7-47A5-842B-96E0F7669922}.Release|Any CPU.ActiveCfg = Release|Any CPU
		{CF147052-AEB7-47A5-842B-96E0F7669922}.Release|Any CPU.Build.0 = Release|Any CPU
		{CF147052-AEB7-47A5-842B-96E0F7669922}.Release|x64.ActiveCfg = Release|Any CPU
		{CF147052-AEB7-47A5-842B-96E0F7669922}.Release|x64.Build.0 = Release|Any CPU
		{CF147052-AEB7-47A5-842B-96E0F7669922}.Release|x86.ActiveCfg = Release|Any CPU
		{CF147052-AEB7-47A5-842B-96E0F7669922}.Release|x86.Build.0 = Release|Any CPU
		{64D7166B-8AAE-4C66-8220-52575C2FE5C6}.Debug|Any CPU.ActiveCfg = Debug|Any CPU
		{64D7166B-8AAE-4C66-8220-52575C2FE5C6}.Debug|Any CPU.Build.0 = Debug|Any CPU
		{64D7166B-8AAE-4C66-8220-52575C2FE5C6}.Debug|x64.ActiveCfg = Debug|Any CPU
		{64D7166B-8AAE-4C66-8220-52575C2FE5C6}.Debug|x64.Build.0 = Debug|Any CPU
		{64D7166B-8AAE-4C66-8220-52575C2FE5C6}.Debug|x86.ActiveCfg = Debug|Any CPU
		{64D7166B-8AAE-4C66-8220-52575C2FE5C6}.Debug|x86.Build.0 = Debug|Any CPU
		{64D7166B-8AAE-4C66-8220-52575C2FE5C6}.Release|Any CPU.ActiveCfg = Release|Any CPU
		{64D7166B-8AAE-4C66-8220-52575C2FE5C6}.Release|Any CPU.Build.0 = Release|Any CPU
		{64D7166B-8AAE-4C66-8220-52575C2FE5C6}.Release|x64.ActiveCfg = Release|Any CPU
		{64D7166B-8AAE-4C66-8220-52575C2FE5C6}.Release|x64.Build.0 = Release|Any CPU
		{64D7166B-8AAE-4C66-8220-52575C2FE5C6}.Release|x86.ActiveCfg = Release|Any CPU
		{64D7166B-8AAE-4C66-8220-52575C2FE5C6}.Release|x86.Build.0 = Release|Any CPU
		{7C5A1CC4-A363-4B62-8478-A32B3626FBFA}.Debug|Any CPU.ActiveCfg = Debug|Any CPU
		{7C5A1CC4-A363-4B62-8478-A32B3626FBFA}.Debug|Any CPU.Build.0 = Debug|Any CPU
		{7C5A1CC4-A363-4B62-8478-A32B3626FBFA}.Debug|x64.ActiveCfg = Debug|Any CPU
		{7C5A1CC4-A363-4B62-8478-A32B3626FBFA}.Debug|x64.Build.0 = Debug|Any CPU
		{7C5A1CC4-A363-4B62-8478-A32B3626FBFA}.Debug|x86.ActiveCfg = Debug|Any CPU
		{7C5A1CC4-A363-4B62-8478-A32B3626FBFA}.Debug|x86.Build.0 = Debug|Any CPU
		{7C5A1CC4-A363-4B62-8478-A32B3626FBFA}.Release|Any CPU.ActiveCfg = Release|Any CPU
		{7C5A1CC4-A363-4B62-8478-A32B3626FBFA}.Release|Any CPU.Build.0 = Release|Any CPU
		{7C5A1CC4-A363-4B62-8478-A32B3626FBFA}.Release|x64.ActiveCfg = Release|Any CPU
		{7C5A1CC4-A363-4B62-8478-A32B3626FBFA}.Release|x64.Build.0 = Release|Any CPU
		{7C5A1CC4-A363-4B62-8478-A32B3626FBFA}.Release|x86.ActiveCfg = Release|Any CPU
		{7C5A1CC4-A363-4B62-8478-A32B3626FBFA}.Release|x86.Build.0 = Release|Any CPU
		{22084C00-F009-49FE-9FD1-099CCFBD8DCD}.Debug|Any CPU.ActiveCfg = Debug|Any CPU
		{22084C00-F009-49FE-9FD1-099CCFBD8DCD}.Debug|Any CPU.Build.0 = Debug|Any CPU
		{22084C00-F009-49FE-9FD1-099CCFBD8DCD}.Debug|x64.ActiveCfg = Debug|Any CPU
		{22084C00-F009-49FE-9FD1-099CCFBD8DCD}.Debug|x64.Build.0 = Debug|Any CPU
		{22084C00-F009-49FE-9FD1-099CCFBD8DCD}.Debug|x86.ActiveCfg = Debug|Any CPU
		{22084C00-F009-49FE-9FD1-099CCFBD8DCD}.Debug|x86.Build.0 = Debug|Any CPU
		{22084C00-F009-49FE-9FD1-099CCFBD8DCD}.Release|Any CPU.ActiveCfg = Release|Any CPU
		{22084C00-F009-49FE-9FD1-099CCFBD8DCD}.Release|Any CPU.Build.0 = Release|Any CPU
		{22084C00-F009-49FE-9FD1-099CCFBD8DCD}.Release|x64.ActiveCfg = Release|Any CPU
		{22084C00-F009-49FE-9FD1-099CCFBD8DCD}.Release|x64.Build.0 = Release|Any CPU
		{22084C00-F009-49FE-9FD1-099CCFBD8DCD}.Release|x86.ActiveCfg = Release|Any CPU
		{22084C00-F009-49FE-9FD1-099CCFBD8DCD}.Release|x86.Build.0 = Release|Any CPU
		{11A8FC4D-061D-4FD3-8244-A5B42B3BF077}.Debug|Any CPU.ActiveCfg = Debug|Any CPU
		{11A8FC4D-061D-4FD3-8244-A5B42B3BF077}.Debug|Any CPU.Build.0 = Debug|Any CPU
		{11A8FC4D-061D-4FD3-8244-A5B42B3BF077}.Debug|x64.ActiveCfg = Debug|Any CPU
		{11A8FC4D-061D-4FD3-8244-A5B42B3BF077}.Debug|x64.Build.0 = Debug|Any CPU
		{11A8FC4D-061D-4FD3-8244-A5B42B3BF077}.Debug|x86.ActiveCfg = Debug|Any CPU
		{11A8FC4D-061D-4FD3-8244-A5B42B3BF077}.Debug|x86.Build.0 = Debug|Any CPU
		{11A8FC4D-061D-4FD3-8244-A5B42B3BF077}.Release|Any CPU.ActiveCfg = Release|Any CPU
		{11A8FC4D-061D-4FD3-8244-A5B42B3BF077}.Release|Any CPU.Build.0 = Release|Any CPU
		{11A8FC4D-061D-4FD3-8244-A5B42B3BF077}.Release|x64.ActiveCfg = Release|Any CPU
		{11A8FC4D-061D-4FD3-8244-A5B42B3BF077}.Release|x64.Build.0 = Release|Any CPU
		{11A8FC4D-061D-4FD3-8244-A5B42B3BF077}.Release|x86.ActiveCfg = Release|Any CPU
		{11A8FC4D-061D-4FD3-8244-A5B42B3BF077}.Release|x86.Build.0 = Release|Any CPU
	EndGlobalSection
EndGlobal
