
Microsoft Visual Studio Solution File, Format Version 12.00
# Visual Studio 15
VisualStudioVersion = 15.0.26124.0
MinimumVisualStudioVersion = 15.0.26124.0
Project("{FAE04EC0-301F-11D3-BF4B-00C04F79EFBC}") = "Penguin.Cms.Modules.Auditing.Local", "Penguin.Cms.Modules.Auditing.Local.csproj", "{6AB941C8-F96E-4DC2-AC3C-0C6C9A7C0EDC}"
EndProject
Project("{FAE04EC0-301F-11D3-BF4B-00C04F79EFBC}") = "Penguin.Cms.Auditing.Repositories.Local", "..\Penguin.Cms.Auditing.Repositories\Penguin.Cms.Auditing.Repositories.Local.csproj", "{0CF8C66A-D50C-41C1-BB55-40853BB7C47B}"
EndProject
Project("{FAE04EC0-301F-11D3-BF4B-00C04F79EFBC}") = "Penguin.Security.Abstractions.Local", "..\Penguin.Security.Abstractions\Penguin.Security.Abstractions.Local.csproj", "{9340989E-11AA-4EA2-A7AB-83549CA3D758}"
EndProject
Project("{FAE04EC0-301F-11D3-BF4B-00C04F79EFBC}") = "Penguin.Cms.Auditing.Local", "..\Penguin.Cms.Auditing\Penguin.Cms.Auditing.Local.csproj", "{A58ADCF4-851C-4316-82FB-0683C6F3FFA5}"
EndProject
Project("{FAE04EC0-301F-11D3-BF4B-00C04F79EFBC}") = "Penguin.Auditing.Abstractions.Local", "..\Penguin.Auditing.Abstractions\Penguin.Auditing.Abstractions.Local.csproj", "{1091805E-B581-4A42-B39E-3E7B8D63C61B}"
EndProject
Project("{FAE04EC0-301F-11D3-BF4B-00C04F79EFBC}") = "Penguin.Cms.Abstractions.Local", "..\Penguin.Cms.Abstractions\Penguin.Cms.Abstractions.Local.csproj", "{4C472133-FAD3-4AC0-B90E-9DA94FFE5EC8}"
EndProject
Project("{FAE04EC0-301F-11D3-BF4B-00C04F79EFBC}") = "Penguin.DependencyInjection.Abstractions.Local", "..\Penguin.DependencyInjection.Abstractions\Penguin.DependencyInjection.Abstractions.Local.csproj", "{BFCE5BAD-8C1D-48E1-9E25-5F56AAF7E306}"
EndProject
Project("{FAE04EC0-301F-11D3-BF4B-00C04F79EFBC}") = "Penguin.Persistence.Abstractions.Local", "..\Penguin.Persistence.Abstractions\Penguin.Persistence.Abstractions.Local.csproj", "{C1ECAF04-B340-4BE4-8D23-02C5FB19AB49}"
EndProject
Project("{FAE04EC0-301F-11D3-BF4B-00C04F79EFBC}") = "Penguin.Entities.Abstractions.Local", "..\Penguin.Entities.Abstractions\Penguin.Entities.Abstractions.Local.csproj", "{6BC06FA3-3A44-4632-BFD8-692B52FD7233}"
EndProject
Project("{FAE04EC0-301F-11D3-BF4B-00C04F79EFBC}") = "Penguin.Reflection.Extensions.Local", "..\Penguin.Reflection.Extensions\Penguin.Reflection.Extensions.Local.csproj", "{C3EB6B15-8539-4B00-B212-79F88F324DE4}"
EndProject
Project("{FAE04EC0-301F-11D3-BF4B-00C04F79EFBC}") = "Penguin.Reflection.Abstractions.Local", "..\Penguin.Reflection.Abstractions\Penguin.Reflection.Abstractions.Local.csproj", "{941EAC8C-8585-47A3-8167-F91FBDC35194}"
EndProject
Project("{FAE04EC0-301F-11D3-BF4B-00C04F79EFBC}") = "Penguin.Extensions.String.Local", "..\Penguin.Extensions.String\Penguin.Extensions.String.Local.csproj", "{4D4E38F0-39F3-4224-A8DF-9ED955B4E1DB}"
EndProject
Project("{FAE04EC0-301F-11D3-BF4B-00C04F79EFBC}") = "Penguin.Cms.Entities.Local", "..\Penguin.Cms.Entities\Penguin.Cms.Entities.Local.csproj", "{CB548BC4-B205-4466-9640-0C110668C892}"
EndProject
Project("{FAE04EC0-301F-11D3-BF4B-00C04F79EFBC}") = "Penguin.Cms.Repositories.Local", "..\Penguin.Cms.Repositories\Penguin.Cms.Repositories.Local.csproj", "{A8445417-387F-4FFC-A556-2572A4E89D39}"
EndProject
Project("{FAE04EC0-301F-11D3-BF4B-00C04F79EFBC}") = "Penguin.Persistence.Repositories.Local", "..\Penguin.Persistence.Repositories\Penguin.Persistence.Repositories.Local.csproj", "{E613A024-2DF4-4CE2-ABDE-E7043A2A7E1C}"
EndProject
Project("{FAE04EC0-301F-11D3-BF4B-00C04F79EFBC}") = "Penguin.Messaging.Core.Local", "..\Penguin.Messaging.Core\Penguin.Messaging.Core.Local.csproj", "{B62195A9-4E18-470F-B56A-80C1F38E8C6D}"
EndProject
Project("{FAE04EC0-301F-11D3-BF4B-00C04F79EFBC}") = "Penguin.Debugging.Local", "..\Penguin.Debugging\Penguin.Debugging.Local.csproj", "{D2FE2C3E-2CAC-46C4-BF08-03A0FE6EEBAE}"
EndProject
Project("{FAE04EC0-301F-11D3-BF4B-00C04F79EFBC}") = "Penguin.Extensions.Exceptions.Local", "..\Penguin.Extensions.Exceptions\Penguin.Extensions.Exceptions.Local.csproj", "{3FE82069-F305-4FE1-94CA-79AC68A90791}"
EndProject
Project("{FAE04EC0-301F-11D3-BF4B-00C04F79EFBC}") = "Penguin.Messaging.Abstractions.Local", "..\Penguin.Messaging.Abstractions\Penguin.Messaging.Abstractions.Local.csproj", "{4ED893AF-5BF0-47AB-B999-CA8DA41DE848}"
EndProject
Project("{FAE04EC0-301F-11D3-BF4B-00C04F79EFBC}") = "Penguin.Reflection.Local", "..\Penguin.Reflection\Penguin.Reflection.Local.csproj", "{E6625D66-4858-4773-9396-F84CBC74766D}"
EndProject
Project("{FAE04EC0-301F-11D3-BF4B-00C04F79EFBC}") = "Penguin.Messaging.Persistence.Local", "..\Penguin.Messaging.Persistence\Penguin.Messaging.Persistence.Local.csproj", "{99CFBB9C-6526-4625-B9F5-D9583D1A0ABB}"
EndProject
Project("{FAE04EC0-301F-11D3-BF4B-00C04F79EFBC}") = "Penguin.Cms.Modules.Dynamic.Local", "..\Penguin.Cms.Modules.Dynamic\Penguin.Cms.Modules.Dynamic.Local.csproj", "{B42AB271-596D-4EA1-A095-9008B984BBF6}"
EndProject
Project("{FAE04EC0-301F-11D3-BF4B-00C04F79EFBC}") = "Penguin.Json.Local", "..\Penguin.Json\Penguin.Json.Local.csproj", "{A313A38A-4A04-4E6B-8265-2A6E7B505575}"
EndProject
Project("{FAE04EC0-301F-11D3-BF4B-00C04F79EFBC}") = "Penguin.Json.Abstractions.Local", "..\Penguin.Json.Abstractions\Penguin.Json.Abstractions.Local.csproj", "{916EFD4D-B7DD-4137-A57B-4A2D40D9D2FB}"
EndProject
Project("{FAE04EC0-301F-11D3-BF4B-00C04F79EFBC}") = "Penguin.SystemExtensions.Abstractions.Local", "..\Penguin.SystemExtensions.Abstractions\Penguin.SystemExtensions.Abstractions.Local.csproj", "{A512CCDB-29C8-4123-9296-24EE558E96C9}"
EndProject
Project("{FAE04EC0-301F-11D3-BF4B-00C04F79EFBC}") = "Penguin.Shared.Objects.Local", "..\Penguin.Shared.Objects\Penguin.Shared.Objects.Local.csproj", "{1EDD9F7C-7332-445E-BB71-3A900A0FD0E9}"
EndProject
Project("{FAE04EC0-301F-11D3-BF4B-00C04F79EFBC}") = "Penguin.Cms.Errors.Local", "..\Penguin.Cms.Errors\Penguin.Cms.Errors.Local.csproj", "{2CCD6910-DA97-4367-A0B5-0FB4B65D62F6}"
EndProject
Project("{FAE04EC0-301F-11D3-BF4B-00C04F79EFBC}") = "Penguin.Web.Dynamic.Local", "..\Penguin.Web.Dynamic\Penguin.Web.Dynamic.Local.csproj", "{76641245-1349-4B41-A035-ED0838ECB598}"
EndProject
Project("{FAE04EC0-301F-11D3-BF4B-00C04F79EFBC}") = "Penguin.Extensions.Collections.Local", "..\Penguin.Extensions.Collections\Penguin.Extensions.Collections.Local.csproj", "{CD9FCFFF-730B-4C0A-BC03-72555E06B890}"
EndProject
Project("{FAE04EC0-301F-11D3-BF4B-00C04F79EFBC}") = "Penguin.Reflection.Serialization.Local", "..\Penguin.Reflection.Serialization\Penguin.Reflection.Serialization.Local.csproj", "{76C93C01-93E1-40C4-B11C-261FF1D35D0C}"
EndProject
Project("{FAE04EC0-301F-11D3-BF4B-00C04F79EFBC}") = "Penguin.Reflection.Serialization.Abstractions.Local", "..\Penguin.Reflection.Serialization.Abstractions\Penguin.Reflection.Serialization.Abstractions.Local.csproj", "{E733CC0A-5838-408F-9E9D-5B9ADF2E8650}"
EndProject
Project("{FAE04EC0-301F-11D3-BF4B-00C04F79EFBC}") = "Penguin.Cms.Modules.Admin.Local", "..\Penguin.Cms.Modules.Admin\Penguin.Cms.Modules.Admin.Local.csproj", "{F17C1DFB-0E0E-4EA8-BA5B-48EEB22EACA3}"
EndProject
Project("{FAE04EC0-301F-11D3-BF4B-00C04F79EFBC}") = "Penguin.Web.Security.Local", "..\Penguin.Web.Security\Penguin.Web.Security.Local.csproj", "{A4383999-741A-4EA3-BBE2-025BBC677FC1}"
EndProject
Project("{FAE04EC0-301F-11D3-BF4B-00C04F79EFBC}") = "Penguin.Cms.Modules.Core.Local", "..\Penguin.Cms.Modules.Core\Penguin.Cms.Modules.Core.Local.csproj", "{F57B3E71-A1FF-4A1F-9D55-A70700A6E5B6}"
EndProject
Project("{FAE04EC0-301F-11D3-BF4B-00C04F79EFBC}") = "Penguin.Navigation.Abstractions.Local", "..\Penguin.Navigation.Abstractions\Penguin.Navigation.Abstractions.Local.csproj", "{F580DBC8-8362-4091-973F-F747795D3789}"
EndProject
Project("{FAE04EC0-301F-11D3-BF4B-00C04F79EFBC}") = "Penguin.Cms.Core.Local", "..\Penguin.Cms.Core\Penguin.Cms.Core.Local.csproj", "{2FF01BED-AE8F-4876-8BBC-760B08036CC6}"
EndProject
Project("{FAE04EC0-301F-11D3-BF4B-00C04F79EFBC}") = "Penguin.Cms.Web.Local", "..\Penguin.Cms.Web\Penguin.Cms.Web.Local.csproj", "{0A9C93CC-E8BD-425B-9BCA-A406A6B472B7}"
EndProject
Project("{FAE04EC0-301F-11D3-BF4B-00C04F79EFBC}") = "Penguin.Messaging.Application.Local", "..\Penguin.Messaging.Application\Penguin.Messaging.Application.Local.csproj", "{A9AAE702-F17E-4915-96B0-330330FA8426}"
EndProject
Project("{FAE04EC0-301F-11D3-BF4B-00C04F79EFBC}") = "Penguin.Web.Mvc.Local", "..\Penguin.Web.Mvc\Penguin.Web.Mvc.Local.csproj", "{43FC0C09-27EE-424A-903C-6F22023366BC}"
EndProject
Project("{FAE04EC0-301F-11D3-BF4B-00C04F79EFBC}") = "Penguin.Web.Mvc.Abstractions.Local", "..\Penguin.Web.Mvc.Abstractions\Penguin.Web.Mvc.Abstractions.Local.csproj", "{10EF71D5-79D2-40EB-A25A-FE730D616B0A}"
EndProject
Project("{FAE04EC0-301F-11D3-BF4B-00C04F79EFBC}") = "Penguin.Templating.Abstractions.Local", "..\Penguin.Templating.Abstractions\Penguin.Templating.Abstractions.Local.csproj", "{1A9C28A2-248B-4BB7-B1BE-28FC666912B7}"
EndProject
Project("{FAE04EC0-301F-11D3-BF4B-00C04F79EFBC}") = "Penguin.Testing.Local", "..\Penguin.Testing\Penguin.Testing.Local.csproj", "{C40924CA-B426-46DD-8439-A556E6C6CCC0}"
EndProject
Project("{FAE04EC0-301F-11D3-BF4B-00C04F79EFBC}") = "Penguin.Web.Errors.Local", "..\Penguin.Web.Errors\Penguin.Web.Errors.Local.csproj", "{41C08210-5B38-4186-A243-007B7B83F6F8}"
EndProject
Project("{FAE04EC0-301F-11D3-BF4B-00C04F79EFBC}") = "Penguin.Web.Abstractions.Local", "..\Penguin.Web.Abstractions\Penguin.Web.Abstractions.Local.csproj", "{43BE6F6D-2526-4867-94A2-95C4ED7D80C1}"
EndProject
Project("{FAE04EC0-301F-11D3-BF4B-00C04F79EFBC}") = "Penguin.Web.DependencyInjection.Local", "..\Penguin.Web.DependencyInjection\Penguin.Web.DependencyInjection.Local.csproj", "{C4B91D60-5D40-4B6A-897B-3018FF7BBB88}"
EndProject
Project("{FAE04EC0-301F-11D3-BF4B-00C04F79EFBC}") = "Penguin.Web.Testing.Local", "..\Penguin.Web.Testing\Penguin.Web.Testing.Local.csproj", "{6CD4E6B7-B3EF-4B14-BC84-DCFEA2CF19D5}"
EndProject
Project("{FAE04EC0-301F-11D3-BF4B-00C04F79EFBC}") = "Penguin.DependencyInjection.Local", "..\Penguin.DependencyInjection\Penguin.DependencyInjection.Local.csproj", "{828C31D3-4078-4C09-BCE0-4E9AF28BA1BC}"
EndProject
Project("{FAE04EC0-301F-11D3-BF4B-00C04F79EFBC}") = "Penguin.Configuration.Local", "..\Penguin.Configuration\Penguin.Configuration.Local.csproj", "{907486C0-AEA8-4390-AEAB-E21A96E3C22F}"
EndProject
Project("{FAE04EC0-301F-11D3-BF4B-00C04F79EFBC}") = "Penguin.Configuration.Abstractions.Local", "..\Penguin.Configuration.Abstractions\Penguin.Configuration.Abstractions.Local.csproj", "{E93A1022-7587-44C9-A9FB-3F29CACD3832}"
EndProject
Project("{FAE04EC0-301F-11D3-BF4B-00C04F79EFBC}") = "Penguin.Persistence.Database.Local", "..\Penguin.Persistence.Database\Penguin.Persistence.Database.Local.csproj", "{DF5415FA-76A1-4904-92CC-198A4FEE2176}"
EndProject
Project("{FAE04EC0-301F-11D3-BF4B-00C04F79EFBC}") = "Penguin.Threading.BackgroundWorker.Local", "..\Penguin.Threading.BackgroundWorker\Penguin.Threading.BackgroundWorker.Local.csproj", "{A805AC79-E21E-486D-8D31-05697FEDCC2C}"
EndProject
Project("{FAE04EC0-301F-11D3-BF4B-00C04F79EFBC}") = "Penguin.Files.Local", "..\Penguin.Files\Penguin.Files.Local.csproj", "{845A5D3C-F769-4503-B4CB-46E26F8FB689}"
EndProject
Project("{FAE04EC0-301F-11D3-BF4B-00C04F79EFBC}") = "Penguin.Files.Abstractions.Local", "..\Penguin.Files.Abstractions\Penguin.Files.Abstractions.Local.csproj", "{A1435C56-A693-4081-A9CE-18D7848D3AE3}"
EndProject
Project("{FAE04EC0-301F-11D3-BF4B-00C04F79EFBC}") = "Penguin.Reflection.Serialization.Extensions.Local", "..\Penguin.Reflection.Serialization.Extensions\Penguin.Reflection.Serialization.Extensions.Local.csproj", "{99431B92-4DDD-4F8A-9DE8-F6AF7D6FB61F}"
EndProject
Global
	GlobalSection(SolutionConfigurationPlatforms) = preSolution
		Debug|Any CPU = Debug|Any CPU
		Debug|x64 = Debug|x64
		Debug|x86 = Debug|x86
		Release|Any CPU = Release|Any CPU
		Release|x64 = Release|x64
		Release|x86 = Release|x86
	EndGlobalSection
	GlobalSection(SolutionProperties) = preSolution
		HideSolutionNode = FALSE
	EndGlobalSection
	GlobalSection(ProjectConfigurationPlatforms) = postSolution
		{6AB941C8-F96E-4DC2-AC3C-0C6C9A7C0EDC}.Debug|Any CPU.ActiveCfg = Debug|Any CPU
		{6AB941C8-F96E-4DC2-AC3C-0C6C9A7C0EDC}.Debug|Any CPU.Build.0 = Debug|Any CPU
		{6AB941C8-F96E-4DC2-AC3C-0C6C9A7C0EDC}.Debug|x64.ActiveCfg = Debug|Any CPU
		{6AB941C8-F96E-4DC2-AC3C-0C6C9A7C0EDC}.Debug|x64.Build.0 = Debug|Any CPU
		{6AB941C8-F96E-4DC2-AC3C-0C6C9A7C0EDC}.Debug|x86.ActiveCfg = Debug|Any CPU
		{6AB941C8-F96E-4DC2-AC3C-0C6C9A7C0EDC}.Debug|x86.Build.0 = Debug|Any CPU
		{6AB941C8-F96E-4DC2-AC3C-0C6C9A7C0EDC}.Release|Any CPU.ActiveCfg = Release|Any CPU
		{6AB941C8-F96E-4DC2-AC3C-0C6C9A7C0EDC}.Release|Any CPU.Build.0 = Release|Any CPU
		{6AB941C8-F96E-4DC2-AC3C-0C6C9A7C0EDC}.Release|x64.ActiveCfg = Release|Any CPU
		{6AB941C8-F96E-4DC2-AC3C-0C6C9A7C0EDC}.Release|x64.Build.0 = Release|Any CPU
		{6AB941C8-F96E-4DC2-AC3C-0C6C9A7C0EDC}.Release|x86.ActiveCfg = Release|Any CPU
		{6AB941C8-F96E-4DC2-AC3C-0C6C9A7C0EDC}.Release|x86.Build.0 = Release|Any CPU
		{0CF8C66A-D50C-41C1-BB55-40853BB7C47B}.Debug|Any CPU.ActiveCfg = Debug|Any CPU
		{0CF8C66A-D50C-41C1-BB55-40853BB7C47B}.Debug|Any CPU.Build.0 = Debug|Any CPU
		{0CF8C66A-D50C-41C1-BB55-40853BB7C47B}.Debug|x64.ActiveCfg = Debug|Any CPU
		{0CF8C66A-D50C-41C1-BB55-40853BB7C47B}.Debug|x64.Build.0 = Debug|Any CPU
		{0CF8C66A-D50C-41C1-BB55-40853BB7C47B}.Debug|x86.ActiveCfg = Debug|Any CPU
		{0CF8C66A-D50C-41C1-BB55-40853BB7C47B}.Debug|x86.Build.0 = Debug|Any CPU
		{0CF8C66A-D50C-41C1-BB55-40853BB7C47B}.Release|Any CPU.ActiveCfg = Release|Any CPU
		{0CF8C66A-D50C-41C1-BB55-40853BB7C47B}.Release|Any CPU.Build.0 = Release|Any CPU
		{0CF8C66A-D50C-41C1-BB55-40853BB7C47B}.Release|x64.ActiveCfg = Release|Any CPU
		{0CF8C66A-D50C-41C1-BB55-40853BB7C47B}.Release|x64.Build.0 = Release|Any CPU
		{0CF8C66A-D50C-41C1-BB55-40853BB7C47B}.Release|x86.ActiveCfg = Release|Any CPU
		{0CF8C66A-D50C-41C1-BB55-40853BB7C47B}.Release|x86.Build.0 = Release|Any CPU
		{9340989E-11AA-4EA2-A7AB-83549CA3D758}.Debug|Any CPU.ActiveCfg = Debug|Any CPU
		{9340989E-11AA-4EA2-A7AB-83549CA3D758}.Debug|Any CPU.Build.0 = Debug|Any CPU
		{9340989E-11AA-4EA2-A7AB-83549CA3D758}.Debug|x64.ActiveCfg = Debug|Any CPU
		{9340989E-11AA-4EA2-A7AB-83549CA3D758}.Debug|x64.Build.0 = Debug|Any CPU
		{9340989E-11AA-4EA2-A7AB-83549CA3D758}.Debug|x86.ActiveCfg = Debug|Any CPU
		{9340989E-11AA-4EA2-A7AB-83549CA3D758}.Debug|x86.Build.0 = Debug|Any CPU
		{9340989E-11AA-4EA2-A7AB-83549CA3D758}.Release|Any CPU.ActiveCfg = Release|Any CPU
		{9340989E-11AA-4EA2-A7AB-83549CA3D758}.Release|Any CPU.Build.0 = Release|Any CPU
		{9340989E-11AA-4EA2-A7AB-83549CA3D758}.Release|x64.ActiveCfg = Release|Any CPU
		{9340989E-11AA-4EA2-A7AB-83549CA3D758}.Release|x64.Build.0 = Release|Any CPU
		{9340989E-11AA-4EA2-A7AB-83549CA3D758}.Release|x86.ActiveCfg = Release|Any CPU
		{9340989E-11AA-4EA2-A7AB-83549CA3D758}.Release|x86.Build.0 = Release|Any CPU
		{A58ADCF4-851C-4316-82FB-0683C6F3FFA5}.Debug|Any CPU.ActiveCfg = Debug|Any CPU
		{A58ADCF4-851C-4316-82FB-0683C6F3FFA5}.Debug|Any CPU.Build.0 = Debug|Any CPU
		{A58ADCF4-851C-4316-82FB-0683C6F3FFA5}.Debug|x64.ActiveCfg = Debug|Any CPU
		{A58ADCF4-851C-4316-82FB-0683C6F3FFA5}.Debug|x64.Build.0 = Debug|Any CPU
		{A58ADCF4-851C-4316-82FB-0683C6F3FFA5}.Debug|x86.ActiveCfg = Debug|Any CPU
		{A58ADCF4-851C-4316-82FB-0683C6F3FFA5}.Debug|x86.Build.0 = Debug|Any CPU
		{A58ADCF4-851C-4316-82FB-0683C6F3FFA5}.Release|Any CPU.ActiveCfg = Release|Any CPU
		{A58ADCF4-851C-4316-82FB-0683C6F3FFA5}.Release|Any CPU.Build.0 = Release|Any CPU
		{A58ADCF4-851C-4316-82FB-0683C6F3FFA5}.Release|x64.ActiveCfg = Release|Any CPU
		{A58ADCF4-851C-4316-82FB-0683C6F3FFA5}.Release|x64.Build.0 = Release|Any CPU
		{A58ADCF4-851C-4316-82FB-0683C6F3FFA5}.Release|x86.ActiveCfg = Release|Any CPU
		{A58ADCF4-851C-4316-82FB-0683C6F3FFA5}.Release|x86.Build.0 = Release|Any CPU
		{1091805E-B581-4A42-B39E-3E7B8D63C61B}.Debug|Any CPU.ActiveCfg = Debug|Any CPU
		{1091805E-B581-4A42-B39E-3E7B8D63C61B}.Debug|Any CPU.Build.0 = Debug|Any CPU
		{1091805E-B581-4A42-B39E-3E7B8D63C61B}.Debug|x64.ActiveCfg = Debug|Any CPU
		{1091805E-B581-4A42-B39E-3E7B8D63C61B}.Debug|x64.Build.0 = Debug|Any CPU
		{1091805E-B581-4A42-B39E-3E7B8D63C61B}.Debug|x86.ActiveCfg = Debug|Any CPU
		{1091805E-B581-4A42-B39E-3E7B8D63C61B}.Debug|x86.Build.0 = Debug|Any CPU
		{1091805E-B581-4A42-B39E-3E7B8D63C61B}.Release|Any CPU.ActiveCfg = Release|Any CPU
		{1091805E-B581-4A42-B39E-3E7B8D63C61B}.Release|Any CPU.Build.0 = Release|Any CPU
		{1091805E-B581-4A42-B39E-3E7B8D63C61B}.Release|x64.ActiveCfg = Release|Any CPU
		{1091805E-B581-4A42-B39E-3E7B8D63C61B}.Release|x64.Build.0 = Release|Any CPU
		{1091805E-B581-4A42-B39E-3E7B8D63C61B}.Release|x86.ActiveCfg = Release|Any CPU
		{1091805E-B581-4A42-B39E-3E7B8D63C61B}.Release|x86.Build.0 = Release|Any CPU
		{4C472133-FAD3-4AC0-B90E-9DA94FFE5EC8}.Debug|Any CPU.ActiveCfg = Debug|Any CPU
		{4C472133-FAD3-4AC0-B90E-9DA94FFE5EC8}.Debug|Any CPU.Build.0 = Debug|Any CPU
		{4C472133-FAD3-4AC0-B90E-9DA94FFE5EC8}.Debug|x64.ActiveCfg = Debug|Any CPU
		{4C472133-FAD3-4AC0-B90E-9DA94FFE5EC8}.Debug|x64.Build.0 = Debug|Any CPU
		{4C472133-FAD3-4AC0-B90E-9DA94FFE5EC8}.Debug|x86.ActiveCfg = Debug|Any CPU
		{4C472133-FAD3-4AC0-B90E-9DA94FFE5EC8}.Debug|x86.Build.0 = Debug|Any CPU
		{4C472133-FAD3-4AC0-B90E-9DA94FFE5EC8}.Release|Any CPU.ActiveCfg = Release|Any CPU
		{4C472133-FAD3-4AC0-B90E-9DA94FFE5EC8}.Release|Any CPU.Build.0 = Release|Any CPU
		{4C472133-FAD3-4AC0-B90E-9DA94FFE5EC8}.Release|x64.ActiveCfg = Release|Any CPU
		{4C472133-FAD3-4AC0-B90E-9DA94FFE5EC8}.Release|x64.Build.0 = Release|Any CPU
		{4C472133-FAD3-4AC0-B90E-9DA94FFE5EC8}.Release|x86.ActiveCfg = Release|Any CPU
		{4C472133-FAD3-4AC0-B90E-9DA94FFE5EC8}.Release|x86.Build.0 = Release|Any CPU
		{BFCE5BAD-8C1D-48E1-9E25-5F56AAF7E306}.Debug|Any CPU.ActiveCfg = Debug|Any CPU
		{BFCE5BAD-8C1D-48E1-9E25-5F56AAF7E306}.Debug|Any CPU.Build.0 = Debug|Any CPU
		{BFCE5BAD-8C1D-48E1-9E25-5F56AAF7E306}.Debug|x64.ActiveCfg = Debug|Any CPU
		{BFCE5BAD-8C1D-48E1-9E25-5F56AAF7E306}.Debug|x64.Build.0 = Debug|Any CPU
		{BFCE5BAD-8C1D-48E1-9E25-5F56AAF7E306}.Debug|x86.ActiveCfg = Debug|Any CPU
		{BFCE5BAD-8C1D-48E1-9E25-5F56AAF7E306}.Debug|x86.Build.0 = Debug|Any CPU
		{BFCE5BAD-8C1D-48E1-9E25-5F56AAF7E306}.Release|Any CPU.ActiveCfg = Release|Any CPU
		{BFCE5BAD-8C1D-48E1-9E25-5F56AAF7E306}.Release|Any CPU.Build.0 = Release|Any CPU
		{BFCE5BAD-8C1D-48E1-9E25-5F56AAF7E306}.Release|x64.ActiveCfg = Release|Any CPU
		{BFCE5BAD-8C1D-48E1-9E25-5F56AAF7E306}.Release|x64.Build.0 = Release|Any CPU
		{BFCE5BAD-8C1D-48E1-9E25-5F56AAF7E306}.Release|x86.ActiveCfg = Release|Any CPU
		{BFCE5BAD-8C1D-48E1-9E25-5F56AAF7E306}.Release|x86.Build.0 = Release|Any CPU
		{C1ECAF04-B340-4BE4-8D23-02C5FB19AB49}.Debug|Any CPU.ActiveCfg = Debug|Any CPU
		{C1ECAF04-B340-4BE4-8D23-02C5FB19AB49}.Debug|Any CPU.Build.0 = Debug|Any CPU
		{C1ECAF04-B340-4BE4-8D23-02C5FB19AB49}.Debug|x64.ActiveCfg = Debug|Any CPU
		{C1ECAF04-B340-4BE4-8D23-02C5FB19AB49}.Debug|x64.Build.0 = Debug|Any CPU
		{C1ECAF04-B340-4BE4-8D23-02C5FB19AB49}.Debug|x86.ActiveCfg = Debug|Any CPU
		{C1ECAF04-B340-4BE4-8D23-02C5FB19AB49}.Debug|x86.Build.0 = Debug|Any CPU
		{C1ECAF04-B340-4BE4-8D23-02C5FB19AB49}.Release|Any CPU.ActiveCfg = Release|Any CPU
		{C1ECAF04-B340-4BE4-8D23-02C5FB19AB49}.Release|Any CPU.Build.0 = Release|Any CPU
		{C1ECAF04-B340-4BE4-8D23-02C5FB19AB49}.Release|x64.ActiveCfg = Release|Any CPU
		{C1ECAF04-B340-4BE4-8D23-02C5FB19AB49}.Release|x64.Build.0 = Release|Any CPU
		{C1ECAF04-B340-4BE4-8D23-02C5FB19AB49}.Release|x86.ActiveCfg = Release|Any CPU
		{C1ECAF04-B340-4BE4-8D23-02C5FB19AB49}.Release|x86.Build.0 = Release|Any CPU
		{6BC06FA3-3A44-4632-BFD8-692B52FD7233}.Debug|Any CPU.ActiveCfg = Debug|Any CPU
		{6BC06FA3-3A44-4632-BFD8-692B52FD7233}.Debug|Any CPU.Build.0 = Debug|Any CPU
		{6BC06FA3-3A44-4632-BFD8-692B52FD7233}.Debug|x64.ActiveCfg = Debug|Any CPU
		{6BC06FA3-3A44-4632-BFD8-692B52FD7233}.Debug|x64.Build.0 = Debug|Any CPU
		{6BC06FA3-3A44-4632-BFD8-692B52FD7233}.Debug|x86.ActiveCfg = Debug|Any CPU
		{6BC06FA3-3A44-4632-BFD8-692B52FD7233}.Debug|x86.Build.0 = Debug|Any CPU
		{6BC06FA3-3A44-4632-BFD8-692B52FD7233}.Release|Any CPU.ActiveCfg = Release|Any CPU
		{6BC06FA3-3A44-4632-BFD8-692B52FD7233}.Release|Any CPU.Build.0 = Release|Any CPU
		{6BC06FA3-3A44-4632-BFD8-692B52FD7233}.Release|x64.ActiveCfg = Release|Any CPU
		{6BC06FA3-3A44-4632-BFD8-692B52FD7233}.Release|x64.Build.0 = Release|Any CPU
		{6BC06FA3-3A44-4632-BFD8-692B52FD7233}.Release|x86.ActiveCfg = Release|Any CPU
		{6BC06FA3-3A44-4632-BFD8-692B52FD7233}.Release|x86.Build.0 = Release|Any CPU
		{C3EB6B15-8539-4B00-B212-79F88F324DE4}.Debug|Any CPU.ActiveCfg = Debug|Any CPU
		{C3EB6B15-8539-4B00-B212-79F88F324DE4}.Debug|Any CPU.Build.0 = Debug|Any CPU
		{C3EB6B15-8539-4B00-B212-79F88F324DE4}.Debug|x64.ActiveCfg = Debug|Any CPU
		{C3EB6B15-8539-4B00-B212-79F88F324DE4}.Debug|x64.Build.0 = Debug|Any CPU
		{C3EB6B15-8539-4B00-B212-79F88F324DE4}.Debug|x86.ActiveCfg = Debug|Any CPU
		{C3EB6B15-8539-4B00-B212-79F88F324DE4}.Debug|x86.Build.0 = Debug|Any CPU
		{C3EB6B15-8539-4B00-B212-79F88F324DE4}.Release|Any CPU.ActiveCfg = Release|Any CPU
		{C3EB6B15-8539-4B00-B212-79F88F324DE4}.Release|Any CPU.Build.0 = Release|Any CPU
		{C3EB6B15-8539-4B00-B212-79F88F324DE4}.Release|x64.ActiveCfg = Release|Any CPU
		{C3EB6B15-8539-4B00-B212-79F88F324DE4}.Release|x64.Build.0 = Release|Any CPU
		{C3EB6B15-8539-4B00-B212-79F88F324DE4}.Release|x86.ActiveCfg = Release|Any CPU
		{C3EB6B15-8539-4B00-B212-79F88F324DE4}.Release|x86.Build.0 = Release|Any CPU
		{941EAC8C-8585-47A3-8167-F91FBDC35194}.Debug|Any CPU.ActiveCfg = Debug|Any CPU
		{941EAC8C-8585-47A3-8167-F91FBDC35194}.Debug|Any CPU.Build.0 = Debug|Any CPU
		{941EAC8C-8585-47A3-8167-F91FBDC35194}.Debug|x64.ActiveCfg = Debug|Any CPU
		{941EAC8C-8585-47A3-8167-F91FBDC35194}.Debug|x64.Build.0 = Debug|Any CPU
		{941EAC8C-8585-47A3-8167-F91FBDC35194}.Debug|x86.ActiveCfg = Debug|Any CPU
		{941EAC8C-8585-47A3-8167-F91FBDC35194}.Debug|x86.Build.0 = Debug|Any CPU
		{941EAC8C-8585-47A3-8167-F91FBDC35194}.Release|Any CPU.ActiveCfg = Release|Any CPU
		{941EAC8C-8585-47A3-8167-F91FBDC35194}.Release|Any CPU.Build.0 = Release|Any CPU
		{941EAC8C-8585-47A3-8167-F91FBDC35194}.Release|x64.ActiveCfg = Release|Any CPU
		{941EAC8C-8585-47A3-8167-F91FBDC35194}.Release|x64.Build.0 = Release|Any CPU
		{941EAC8C-8585-47A3-8167-F91FBDC35194}.Release|x86.ActiveCfg = Release|Any CPU
		{941EAC8C-8585-47A3-8167-F91FBDC35194}.Release|x86.Build.0 = Release|Any CPU
		{4D4E38F0-39F3-4224-A8DF-9ED955B4E1DB}.Debug|Any CPU.ActiveCfg = Debug|Any CPU
		{4D4E38F0-39F3-4224-A8DF-9ED955B4E1DB}.Debug|Any CPU.Build.0 = Debug|Any CPU
		{4D4E38F0-39F3-4224-A8DF-9ED955B4E1DB}.Debug|x64.ActiveCfg = Debug|Any CPU
		{4D4E38F0-39F3-4224-A8DF-9ED955B4E1DB}.Debug|x64.Build.0 = Debug|Any CPU
		{4D4E38F0-39F3-4224-A8DF-9ED955B4E1DB}.Debug|x86.ActiveCfg = Debug|Any CPU
		{4D4E38F0-39F3-4224-A8DF-9ED955B4E1DB}.Debug|x86.Build.0 = Debug|Any CPU
		{4D4E38F0-39F3-4224-A8DF-9ED955B4E1DB}.Release|Any CPU.ActiveCfg = Release|Any CPU
		{4D4E38F0-39F3-4224-A8DF-9ED955B4E1DB}.Release|Any CPU.Build.0 = Release|Any CPU
		{4D4E38F0-39F3-4224-A8DF-9ED955B4E1DB}.Release|x64.ActiveCfg = Release|Any CPU
		{4D4E38F0-39F3-4224-A8DF-9ED955B4E1DB}.Release|x64.Build.0 = Release|Any CPU
		{4D4E38F0-39F3-4224-A8DF-9ED955B4E1DB}.Release|x86.ActiveCfg = Release|Any CPU
		{4D4E38F0-39F3-4224-A8DF-9ED955B4E1DB}.Release|x86.Build.0 = Release|Any CPU
		{CB548BC4-B205-4466-9640-0C110668C892}.Debug|Any CPU.ActiveCfg = Debug|Any CPU
		{CB548BC4-B205-4466-9640-0C110668C892}.Debug|Any CPU.Build.0 = Debug|Any CPU
		{CB548BC4-B205-4466-9640-0C110668C892}.Debug|x64.ActiveCfg = Debug|Any CPU
		{CB548BC4-B205-4466-9640-0C110668C892}.Debug|x64.Build.0 = Debug|Any CPU
		{CB548BC4-B205-4466-9640-0C110668C892}.Debug|x86.ActiveCfg = Debug|Any CPU
		{CB548BC4-B205-4466-9640-0C110668C892}.Debug|x86.Build.0 = Debug|Any CPU
		{CB548BC4-B205-4466-9640-0C110668C892}.Release|Any CPU.ActiveCfg = Release|Any CPU
		{CB548BC4-B205-4466-9640-0C110668C892}.Release|Any CPU.Build.0 = Release|Any CPU
		{CB548BC4-B205-4466-9640-0C110668C892}.Release|x64.ActiveCfg = Release|Any CPU
		{CB548BC4-B205-4466-9640-0C110668C892}.Release|x64.Build.0 = Release|Any CPU
		{CB548BC4-B205-4466-9640-0C110668C892}.Release|x86.ActiveCfg = Release|Any CPU
		{CB548BC4-B205-4466-9640-0C110668C892}.Release|x86.Build.0 = Release|Any CPU
		{A8445417-387F-4FFC-A556-2572A4E89D39}.Debug|Any CPU.ActiveCfg = Debug|Any CPU
		{A8445417-387F-4FFC-A556-2572A4E89D39}.Debug|Any CPU.Build.0 = Debug|Any CPU
		{A8445417-387F-4FFC-A556-2572A4E89D39}.Debug|x64.ActiveCfg = Debug|Any CPU
		{A8445417-387F-4FFC-A556-2572A4E89D39}.Debug|x64.Build.0 = Debug|Any CPU
		{A8445417-387F-4FFC-A556-2572A4E89D39}.Debug|x86.ActiveCfg = Debug|Any CPU
		{A8445417-387F-4FFC-A556-2572A4E89D39}.Debug|x86.Build.0 = Debug|Any CPU
		{A8445417-387F-4FFC-A556-2572A4E89D39}.Release|Any CPU.ActiveCfg = Release|Any CPU
		{A8445417-387F-4FFC-A556-2572A4E89D39}.Release|Any CPU.Build.0 = Release|Any CPU
		{A8445417-387F-4FFC-A556-2572A4E89D39}.Release|x64.ActiveCfg = Release|Any CPU
		{A8445417-387F-4FFC-A556-2572A4E89D39}.Release|x64.Build.0 = Release|Any CPU
		{A8445417-387F-4FFC-A556-2572A4E89D39}.Release|x86.ActiveCfg = Release|Any CPU
		{A8445417-387F-4FFC-A556-2572A4E89D39}.Release|x86.Build.0 = Release|Any CPU
		{E613A024-2DF4-4CE2-ABDE-E7043A2A7E1C}.Debug|Any CPU.ActiveCfg = Debug|Any CPU
		{E613A024-2DF4-4CE2-ABDE-E7043A2A7E1C}.Debug|Any CPU.Build.0 = Debug|Any CPU
		{E613A024-2DF4-4CE2-ABDE-E7043A2A7E1C}.Debug|x64.ActiveCfg = Debug|Any CPU
		{E613A024-2DF4-4CE2-ABDE-E7043A2A7E1C}.Debug|x64.Build.0 = Debug|Any CPU
		{E613A024-2DF4-4CE2-ABDE-E7043A2A7E1C}.Debug|x86.ActiveCfg = Debug|Any CPU
		{E613A024-2DF4-4CE2-ABDE-E7043A2A7E1C}.Debug|x86.Build.0 = Debug|Any CPU
		{E613A024-2DF4-4CE2-ABDE-E7043A2A7E1C}.Release|Any CPU.ActiveCfg = Release|Any CPU
		{E613A024-2DF4-4CE2-ABDE-E7043A2A7E1C}.Release|Any CPU.Build.0 = Release|Any CPU
		{E613A024-2DF4-4CE2-ABDE-E7043A2A7E1C}.Release|x64.ActiveCfg = Release|Any CPU
		{E613A024-2DF4-4CE2-ABDE-E7043A2A7E1C}.Release|x64.Build.0 = Release|Any CPU
		{E613A024-2DF4-4CE2-ABDE-E7043A2A7E1C}.Release|x86.ActiveCfg = Release|Any CPU
		{E613A024-2DF4-4CE2-ABDE-E7043A2A7E1C}.Release|x86.Build.0 = Release|Any CPU
		{B62195A9-4E18-470F-B56A-80C1F38E8C6D}.Debug|Any CPU.ActiveCfg = Debug|Any CPU
		{B62195A9-4E18-470F-B56A-80C1F38E8C6D}.Debug|Any CPU.Build.0 = Debug|Any CPU
		{B62195A9-4E18-470F-B56A-80C1F38E8C6D}.Debug|x64.ActiveCfg = Debug|Any CPU
		{B62195A9-4E18-470F-B56A-80C1F38E8C6D}.Debug|x64.Build.0 = Debug|Any CPU
		{B62195A9-4E18-470F-B56A-80C1F38E8C6D}.Debug|x86.ActiveCfg = Debug|Any CPU
		{B62195A9-4E18-470F-B56A-80C1F38E8C6D}.Debug|x86.Build.0 = Debug|Any CPU
		{B62195A9-4E18-470F-B56A-80C1F38E8C6D}.Release|Any CPU.ActiveCfg = Release|Any CPU
		{B62195A9-4E18-470F-B56A-80C1F38E8C6D}.Release|Any CPU.Build.0 = Release|Any CPU
		{B62195A9-4E18-470F-B56A-80C1F38E8C6D}.Release|x64.ActiveCfg = Release|Any CPU
		{B62195A9-4E18-470F-B56A-80C1F38E8C6D}.Release|x64.Build.0 = Release|Any CPU
		{B62195A9-4E18-470F-B56A-80C1F38E8C6D}.Release|x86.ActiveCfg = Release|Any CPU
		{B62195A9-4E18-470F-B56A-80C1F38E8C6D}.Release|x86.Build.0 = Release|Any CPU
		{D2FE2C3E-2CAC-46C4-BF08-03A0FE6EEBAE}.Debug|Any CPU.ActiveCfg = Debug|Any CPU
		{D2FE2C3E-2CAC-46C4-BF08-03A0FE6EEBAE}.Debug|Any CPU.Build.0 = Debug|Any CPU
		{D2FE2C3E-2CAC-46C4-BF08-03A0FE6EEBAE}.Debug|x64.ActiveCfg = Debug|Any CPU
		{D2FE2C3E-2CAC-46C4-BF08-03A0FE6EEBAE}.Debug|x64.Build.0 = Debug|Any CPU
		{D2FE2C3E-2CAC-46C4-BF08-03A0FE6EEBAE}.Debug|x86.ActiveCfg = Debug|Any CPU
		{D2FE2C3E-2CAC-46C4-BF08-03A0FE6EEBAE}.Debug|x86.Build.0 = Debug|Any CPU
		{D2FE2C3E-2CAC-46C4-BF08-03A0FE6EEBAE}.Release|Any CPU.ActiveCfg = Release|Any CPU
		{D2FE2C3E-2CAC-46C4-BF08-03A0FE6EEBAE}.Release|Any CPU.Build.0 = Release|Any CPU
		{D2FE2C3E-2CAC-46C4-BF08-03A0FE6EEBAE}.Release|x64.ActiveCfg = Release|Any CPU
		{D2FE2C3E-2CAC-46C4-BF08-03A0FE6EEBAE}.Release|x64.Build.0 = Release|Any CPU
		{D2FE2C3E-2CAC-46C4-BF08-03A0FE6EEBAE}.Release|x86.ActiveCfg = Release|Any CPU
		{D2FE2C3E-2CAC-46C4-BF08-03A0FE6EEBAE}.Release|x86.Build.0 = Release|Any CPU
		{3FE82069-F305-4FE1-94CA-79AC68A90791}.Debug|Any CPU.ActiveCfg = Debug|Any CPU
		{3FE82069-F305-4FE1-94CA-79AC68A90791}.Debug|Any CPU.Build.0 = Debug|Any CPU
		{3FE82069-F305-4FE1-94CA-79AC68A90791}.Debug|x64.ActiveCfg = Debug|Any CPU
		{3FE82069-F305-4FE1-94CA-79AC68A90791}.Debug|x64.Build.0 = Debug|Any CPU
		{3FE82069-F305-4FE1-94CA-79AC68A90791}.Debug|x86.ActiveCfg = Debug|Any CPU
		{3FE82069-F305-4FE1-94CA-79AC68A90791}.Debug|x86.Build.0 = Debug|Any CPU
		{3FE82069-F305-4FE1-94CA-79AC68A90791}.Release|Any CPU.ActiveCfg = Release|Any CPU
		{3FE82069-F305-4FE1-94CA-79AC68A90791}.Release|Any CPU.Build.0 = Release|Any CPU
		{3FE82069-F305-4FE1-94CA-79AC68A90791}.Release|x64.ActiveCfg = Release|Any CPU
		{3FE82069-F305-4FE1-94CA-79AC68A90791}.Release|x64.Build.0 = Release|Any CPU
		{3FE82069-F305-4FE1-94CA-79AC68A90791}.Release|x86.ActiveCfg = Release|Any CPU
		{3FE82069-F305-4FE1-94CA-79AC68A90791}.Release|x86.Build.0 = Release|Any CPU
		{4ED893AF-5BF0-47AB-B999-CA8DA41DE848}.Debug|Any CPU.ActiveCfg = Debug|Any CPU
		{4ED893AF-5BF0-47AB-B999-CA8DA41DE848}.Debug|Any CPU.Build.0 = Debug|Any CPU
		{4ED893AF-5BF0-47AB-B999-CA8DA41DE848}.Debug|x64.ActiveCfg = Debug|Any CPU
		{4ED893AF-5BF0-47AB-B999-CA8DA41DE848}.Debug|x64.Build.0 = Debug|Any CPU
		{4ED893AF-5BF0-47AB-B999-CA8DA41DE848}.Debug|x86.ActiveCfg = Debug|Any CPU
		{4ED893AF-5BF0-47AB-B999-CA8DA41DE848}.Debug|x86.Build.0 = Debug|Any CPU
		{4ED893AF-5BF0-47AB-B999-CA8DA41DE848}.Release|Any CPU.ActiveCfg = Release|Any CPU
		{4ED893AF-5BF0-47AB-B999-CA8DA41DE848}.Release|Any CPU.Build.0 = Release|Any CPU
		{4ED893AF-5BF0-47AB-B999-CA8DA41DE848}.Release|x64.ActiveCfg = Release|Any CPU
		{4ED893AF-5BF0-47AB-B999-CA8DA41DE848}.Release|x64.Build.0 = Release|Any CPU
		{4ED893AF-5BF0-47AB-B999-CA8DA41DE848}.Release|x86.ActiveCfg = Release|Any CPU
		{4ED893AF-5BF0-47AB-B999-CA8DA41DE848}.Release|x86.Build.0 = Release|Any CPU
		{E6625D66-4858-4773-9396-F84CBC74766D}.Debug|Any CPU.ActiveCfg = Debug|Any CPU
		{E6625D66-4858-4773-9396-F84CBC74766D}.Debug|Any CPU.Build.0 = Debug|Any CPU
		{E6625D66-4858-4773-9396-F84CBC74766D}.Debug|x64.ActiveCfg = Debug|Any CPU
		{E6625D66-4858-4773-9396-F84CBC74766D}.Debug|x64.Build.0 = Debug|Any CPU
		{E6625D66-4858-4773-9396-F84CBC74766D}.Debug|x86.ActiveCfg = Debug|Any CPU
		{E6625D66-4858-4773-9396-F84CBC74766D}.Debug|x86.Build.0 = Debug|Any CPU
		{E6625D66-4858-4773-9396-F84CBC74766D}.Release|Any CPU.ActiveCfg = Release|Any CPU
		{E6625D66-4858-4773-9396-F84CBC74766D}.Release|Any CPU.Build.0 = Release|Any CPU
		{E6625D66-4858-4773-9396-F84CBC74766D}.Release|x64.ActiveCfg = Release|Any CPU
		{E6625D66-4858-4773-9396-F84CBC74766D}.Release|x64.Build.0 = Release|Any CPU
		{E6625D66-4858-4773-9396-F84CBC74766D}.Release|x86.ActiveCfg = Release|Any CPU
		{E6625D66-4858-4773-9396-F84CBC74766D}.Release|x86.Build.0 = Release|Any CPU
		{99CFBB9C-6526-4625-B9F5-D9583D1A0ABB}.Debug|Any CPU.ActiveCfg = Debug|Any CPU
		{99CFBB9C-6526-4625-B9F5-D9583D1A0ABB}.Debug|Any CPU.Build.0 = Debug|Any CPU
		{99CFBB9C-6526-4625-B9F5-D9583D1A0ABB}.Debug|x64.ActiveCfg = Debug|Any CPU
		{99CFBB9C-6526-4625-B9F5-D9583D1A0ABB}.Debug|x64.Build.0 = Debug|Any CPU
		{99CFBB9C-6526-4625-B9F5-D9583D1A0ABB}.Debug|x86.ActiveCfg = Debug|Any CPU
		{99CFBB9C-6526-4625-B9F5-D9583D1A0ABB}.Debug|x86.Build.0 = Debug|Any CPU
		{99CFBB9C-6526-4625-B9F5-D9583D1A0ABB}.Release|Any CPU.ActiveCfg = Release|Any CPU
		{99CFBB9C-6526-4625-B9F5-D9583D1A0ABB}.Release|Any CPU.Build.0 = Release|Any CPU
		{99CFBB9C-6526-4625-B9F5-D9583D1A0ABB}.Release|x64.ActiveCfg = Release|Any CPU
		{99CFBB9C-6526-4625-B9F5-D9583D1A0ABB}.Release|x64.Build.0 = Release|Any CPU
		{99CFBB9C-6526-4625-B9F5-D9583D1A0ABB}.Release|x86.ActiveCfg = Release|Any CPU
		{99CFBB9C-6526-4625-B9F5-D9583D1A0ABB}.Release|x86.Build.0 = Release|Any CPU
		{B42AB271-596D-4EA1-A095-9008B984BBF6}.Debug|Any CPU.ActiveCfg = Debug|Any CPU
		{B42AB271-596D-4EA1-A095-9008B984BBF6}.Debug|Any CPU.Build.0 = Debug|Any CPU
		{B42AB271-596D-4EA1-A095-9008B984BBF6}.Debug|x64.ActiveCfg = Debug|Any CPU
		{B42AB271-596D-4EA1-A095-9008B984BBF6}.Debug|x64.Build.0 = Debug|Any CPU
		{B42AB271-596D-4EA1-A095-9008B984BBF6}.Debug|x86.ActiveCfg = Debug|Any CPU
		{B42AB271-596D-4EA1-A095-9008B984BBF6}.Debug|x86.Build.0 = Debug|Any CPU
		{B42AB271-596D-4EA1-A095-9008B984BBF6}.Release|Any CPU.ActiveCfg = Release|Any CPU
		{B42AB271-596D-4EA1-A095-9008B984BBF6}.Release|Any CPU.Build.0 = Release|Any CPU
		{B42AB271-596D-4EA1-A095-9008B984BBF6}.Release|x64.ActiveCfg = Release|Any CPU
		{B42AB271-596D-4EA1-A095-9008B984BBF6}.Release|x64.Build.0 = Release|Any CPU
		{B42AB271-596D-4EA1-A095-9008B984BBF6}.Release|x86.ActiveCfg = Release|Any CPU
		{B42AB271-596D-4EA1-A095-9008B984BBF6}.Release|x86.Build.0 = Release|Any CPU
		{A313A38A-4A04-4E6B-8265-2A6E7B505575}.Debug|Any CPU.ActiveCfg = Debug|Any CPU
		{A313A38A-4A04-4E6B-8265-2A6E7B505575}.Debug|Any CPU.Build.0 = Debug|Any CPU
		{A313A38A-4A04-4E6B-8265-2A6E7B505575}.Debug|x64.ActiveCfg = Debug|Any CPU
		{A313A38A-4A04-4E6B-8265-2A6E7B505575}.Debug|x64.Build.0 = Debug|Any CPU
		{A313A38A-4A04-4E6B-8265-2A6E7B505575}.Debug|x86.ActiveCfg = Debug|Any CPU
		{A313A38A-4A04-4E6B-8265-2A6E7B505575}.Debug|x86.Build.0 = Debug|Any CPU
		{A313A38A-4A04-4E6B-8265-2A6E7B505575}.Release|Any CPU.ActiveCfg = Release|Any CPU
		{A313A38A-4A04-4E6B-8265-2A6E7B505575}.Release|Any CPU.Build.0 = Release|Any CPU
		{A313A38A-4A04-4E6B-8265-2A6E7B505575}.Release|x64.ActiveCfg = Release|Any CPU
		{A313A38A-4A04-4E6B-8265-2A6E7B505575}.Release|x64.Build.0 = Release|Any CPU
		{A313A38A-4A04-4E6B-8265-2A6E7B505575}.Release|x86.ActiveCfg = Release|Any CPU
		{A313A38A-4A04-4E6B-8265-2A6E7B505575}.Release|x86.Build.0 = Release|Any CPU
		{916EFD4D-B7DD-4137-A57B-4A2D40D9D2FB}.Debug|Any CPU.ActiveCfg = Debug|Any CPU
		{916EFD4D-B7DD-4137-A57B-4A2D40D9D2FB}.Debug|Any CPU.Build.0 = Debug|Any CPU
		{916EFD4D-B7DD-4137-A57B-4A2D40D9D2FB}.Debug|x64.ActiveCfg = Debug|Any CPU
		{916EFD4D-B7DD-4137-A57B-4A2D40D9D2FB}.Debug|x64.Build.0 = Debug|Any CPU
		{916EFD4D-B7DD-4137-A57B-4A2D40D9D2FB}.Debug|x86.ActiveCfg = Debug|Any CPU
		{916EFD4D-B7DD-4137-A57B-4A2D40D9D2FB}.Debug|x86.Build.0 = Debug|Any CPU
		{916EFD4D-B7DD-4137-A57B-4A2D40D9D2FB}.Release|Any CPU.ActiveCfg = Release|Any CPU
		{916EFD4D-B7DD-4137-A57B-4A2D40D9D2FB}.Release|Any CPU.Build.0 = Release|Any CPU
		{916EFD4D-B7DD-4137-A57B-4A2D40D9D2FB}.Release|x64.ActiveCfg = Release|Any CPU
		{916EFD4D-B7DD-4137-A57B-4A2D40D9D2FB}.Release|x64.Build.0 = Release|Any CPU
		{916EFD4D-B7DD-4137-A57B-4A2D40D9D2FB}.Release|x86.ActiveCfg = Release|Any CPU
		{916EFD4D-B7DD-4137-A57B-4A2D40D9D2FB}.Release|x86.Build.0 = Release|Any CPU
		{A512CCDB-29C8-4123-9296-24EE558E96C9}.Debug|Any CPU.ActiveCfg = Debug|Any CPU
		{A512CCDB-29C8-4123-9296-24EE558E96C9}.Debug|Any CPU.Build.0 = Debug|Any CPU
		{A512CCDB-29C8-4123-9296-24EE558E96C9}.Debug|x64.ActiveCfg = Debug|Any CPU
		{A512CCDB-29C8-4123-9296-24EE558E96C9}.Debug|x64.Build.0 = Debug|Any CPU
		{A512CCDB-29C8-4123-9296-24EE558E96C9}.Debug|x86.ActiveCfg = Debug|Any CPU
		{A512CCDB-29C8-4123-9296-24EE558E96C9}.Debug|x86.Build.0 = Debug|Any CPU
		{A512CCDB-29C8-4123-9296-24EE558E96C9}.Release|Any CPU.ActiveCfg = Release|Any CPU
		{A512CCDB-29C8-4123-9296-24EE558E96C9}.Release|Any CPU.Build.0 = Release|Any CPU
		{A512CCDB-29C8-4123-9296-24EE558E96C9}.Release|x64.ActiveCfg = Release|Any CPU
		{A512CCDB-29C8-4123-9296-24EE558E96C9}.Release|x64.Build.0 = Release|Any CPU
		{A512CCDB-29C8-4123-9296-24EE558E96C9}.Release|x86.ActiveCfg = Release|Any CPU
		{A512CCDB-29C8-4123-9296-24EE558E96C9}.Release|x86.Build.0 = Release|Any CPU
		{1EDD9F7C-7332-445E-BB71-3A900A0FD0E9}.Debug|Any CPU.ActiveCfg = Debug|Any CPU
		{1EDD9F7C-7332-445E-BB71-3A900A0FD0E9}.Debug|Any CPU.Build.0 = Debug|Any CPU
		{1EDD9F7C-7332-445E-BB71-3A900A0FD0E9}.Debug|x64.ActiveCfg = Debug|Any CPU
		{1EDD9F7C-7332-445E-BB71-3A900A0FD0E9}.Debug|x64.Build.0 = Debug|Any CPU
		{1EDD9F7C-7332-445E-BB71-3A900A0FD0E9}.Debug|x86.ActiveCfg = Debug|Any CPU
		{1EDD9F7C-7332-445E-BB71-3A900A0FD0E9}.Debug|x86.Build.0 = Debug|Any CPU
		{1EDD9F7C-7332-445E-BB71-3A900A0FD0E9}.Release|Any CPU.ActiveCfg = Release|Any CPU
		{1EDD9F7C-7332-445E-BB71-3A900A0FD0E9}.Release|Any CPU.Build.0 = Release|Any CPU
		{1EDD9F7C-7332-445E-BB71-3A900A0FD0E9}.Release|x64.ActiveCfg = Release|Any CPU
		{1EDD9F7C-7332-445E-BB71-3A900A0FD0E9}.Release|x64.Build.0 = Release|Any CPU
		{1EDD9F7C-7332-445E-BB71-3A900A0FD0E9}.Release|x86.ActiveCfg = Release|Any CPU
		{1EDD9F7C-7332-445E-BB71-3A900A0FD0E9}.Release|x86.Build.0 = Release|Any CPU
		{2CCD6910-DA97-4367-A0B5-0FB4B65D62F6}.Debug|Any CPU.ActiveCfg = Debug|Any CPU
		{2CCD6910-DA97-4367-A0B5-0FB4B65D62F6}.Debug|Any CPU.Build.0 = Debug|Any CPU
		{2CCD6910-DA97-4367-A0B5-0FB4B65D62F6}.Debug|x64.ActiveCfg = Debug|Any CPU
		{2CCD6910-DA97-4367-A0B5-0FB4B65D62F6}.Debug|x64.Build.0 = Debug|Any CPU
		{2CCD6910-DA97-4367-A0B5-0FB4B65D62F6}.Debug|x86.ActiveCfg = Debug|Any CPU
		{2CCD6910-DA97-4367-A0B5-0FB4B65D62F6}.Debug|x86.Build.0 = Debug|Any CPU
		{2CCD6910-DA97-4367-A0B5-0FB4B65D62F6}.Release|Any CPU.ActiveCfg = Release|Any CPU
		{2CCD6910-DA97-4367-A0B5-0FB4B65D62F6}.Release|Any CPU.Build.0 = Release|Any CPU
		{2CCD6910-DA97-4367-A0B5-0FB4B65D62F6}.Release|x64.ActiveCfg = Release|Any CPU
		{2CCD6910-DA97-4367-A0B5-0FB4B65D62F6}.Release|x64.Build.0 = Release|Any CPU
		{2CCD6910-DA97-4367-A0B5-0FB4B65D62F6}.Release|x86.ActiveCfg = Release|Any CPU
		{2CCD6910-DA97-4367-A0B5-0FB4B65D62F6}.Release|x86.Build.0 = Release|Any CPU
		{76641245-1349-4B41-A035-ED0838ECB598}.Debug|Any CPU.ActiveCfg = Debug|Any CPU
		{76641245-1349-4B41-A035-ED0838ECB598}.Debug|Any CPU.Build.0 = Debug|Any CPU
		{76641245-1349-4B41-A035-ED0838ECB598}.Debug|x64.ActiveCfg = Debug|Any CPU
		{76641245-1349-4B41-A035-ED0838ECB598}.Debug|x64.Build.0 = Debug|Any CPU
		{76641245-1349-4B41-A035-ED0838ECB598}.Debug|x86.ActiveCfg = Debug|Any CPU
		{76641245-1349-4B41-A035-ED0838ECB598}.Debug|x86.Build.0 = Debug|Any CPU
		{76641245-1349-4B41-A035-ED0838ECB598}.Release|Any CPU.ActiveCfg = Release|Any CPU
		{76641245-1349-4B41-A035-ED0838ECB598}.Release|Any CPU.Build.0 = Release|Any CPU
		{76641245-1349-4B41-A035-ED0838ECB598}.Release|x64.ActiveCfg = Release|Any CPU
		{76641245-1349-4B41-A035-ED0838ECB598}.Release|x64.Build.0 = Release|Any CPU
		{76641245-1349-4B41-A035-ED0838ECB598}.Release|x86.ActiveCfg = Release|Any CPU
		{76641245-1349-4B41-A035-ED0838ECB598}.Release|x86.Build.0 = Release|Any CPU
		{CD9FCFFF-730B-4C0A-BC03-72555E06B890}.Debug|Any CPU.ActiveCfg = Debug|Any CPU
		{CD9FCFFF-730B-4C0A-BC03-72555E06B890}.Debug|Any CPU.Build.0 = Debug|Any CPU
		{CD9FCFFF-730B-4C0A-BC03-72555E06B890}.Debug|x64.ActiveCfg = Debug|Any CPU
		{CD9FCFFF-730B-4C0A-BC03-72555E06B890}.Debug|x64.Build.0 = Debug|Any CPU
		{CD9FCFFF-730B-4C0A-BC03-72555E06B890}.Debug|x86.ActiveCfg = Debug|Any CPU
		{CD9FCFFF-730B-4C0A-BC03-72555E06B890}.Debug|x86.Build.0 = Debug|Any CPU
		{CD9FCFFF-730B-4C0A-BC03-72555E06B890}.Release|Any CPU.ActiveCfg = Release|Any CPU
		{CD9FCFFF-730B-4C0A-BC03-72555E06B890}.Release|Any CPU.Build.0 = Release|Any CPU
		{CD9FCFFF-730B-4C0A-BC03-72555E06B890}.Release|x64.ActiveCfg = Release|Any CPU
		{CD9FCFFF-730B-4C0A-BC03-72555E06B890}.Release|x64.Build.0 = Release|Any CPU
		{CD9FCFFF-730B-4C0A-BC03-72555E06B890}.Release|x86.ActiveCfg = Release|Any CPU
		{CD9FCFFF-730B-4C0A-BC03-72555E06B890}.Release|x86.Build.0 = Release|Any CPU
		{76C93C01-93E1-40C4-B11C-261FF1D35D0C}.Debug|Any CPU.ActiveCfg = Debug|Any CPU
		{76C93C01-93E1-40C4-B11C-261FF1D35D0C}.Debug|Any CPU.Build.0 = Debug|Any CPU
		{76C93C01-93E1-40C4-B11C-261FF1D35D0C}.Debug|x64.ActiveCfg = Debug|Any CPU
		{76C93C01-93E1-40C4-B11C-261FF1D35D0C}.Debug|x64.Build.0 = Debug|Any CPU
		{76C93C01-93E1-40C4-B11C-261FF1D35D0C}.Debug|x86.ActiveCfg = Debug|Any CPU
		{76C93C01-93E1-40C4-B11C-261FF1D35D0C}.Debug|x86.Build.0 = Debug|Any CPU
		{76C93C01-93E1-40C4-B11C-261FF1D35D0C}.Release|Any CPU.ActiveCfg = Release|Any CPU
		{76C93C01-93E1-40C4-B11C-261FF1D35D0C}.Release|Any CPU.Build.0 = Release|Any CPU
		{76C93C01-93E1-40C4-B11C-261FF1D35D0C}.Release|x64.ActiveCfg = Release|Any CPU
		{76C93C01-93E1-40C4-B11C-261FF1D35D0C}.Release|x64.Build.0 = Release|Any CPU
		{76C93C01-93E1-40C4-B11C-261FF1D35D0C}.Release|x86.ActiveCfg = Release|Any CPU
		{76C93C01-93E1-40C4-B11C-261FF1D35D0C}.Release|x86.Build.0 = Release|Any CPU
		{E733CC0A-5838-408F-9E9D-5B9ADF2E8650}.Debug|Any CPU.ActiveCfg = Debug|Any CPU
		{E733CC0A-5838-408F-9E9D-5B9ADF2E8650}.Debug|Any CPU.Build.0 = Debug|Any CPU
		{E733CC0A-5838-408F-9E9D-5B9ADF2E8650}.Debug|x64.ActiveCfg = Debug|Any CPU
		{E733CC0A-5838-408F-9E9D-5B9ADF2E8650}.Debug|x64.Build.0 = Debug|Any CPU
		{E733CC0A-5838-408F-9E9D-5B9ADF2E8650}.Debug|x86.ActiveCfg = Debug|Any CPU
		{E733CC0A-5838-408F-9E9D-5B9ADF2E8650}.Debug|x86.Build.0 = Debug|Any CPU
		{E733CC0A-5838-408F-9E9D-5B9ADF2E8650}.Release|Any CPU.ActiveCfg = Release|Any CPU
		{E733CC0A-5838-408F-9E9D-5B9ADF2E8650}.Release|Any CPU.Build.0 = Release|Any CPU
		{E733CC0A-5838-408F-9E9D-5B9ADF2E8650}.Release|x64.ActiveCfg = Release|Any CPU
		{E733CC0A-5838-408F-9E9D-5B9ADF2E8650}.Release|x64.Build.0 = Release|Any CPU
		{E733CC0A-5838-408F-9E9D-5B9ADF2E8650}.Release|x86.ActiveCfg = Release|Any CPU
		{E733CC0A-5838-408F-9E9D-5B9ADF2E8650}.Release|x86.Build.0 = Release|Any CPU
		{F17C1DFB-0E0E-4EA8-BA5B-48EEB22EACA3}.Debug|Any CPU.ActiveCfg = Debug|Any CPU
		{F17C1DFB-0E0E-4EA8-BA5B-48EEB22EACA3}.Debug|Any CPU.Build.0 = Debug|Any CPU
		{F17C1DFB-0E0E-4EA8-BA5B-48EEB22EACA3}.Debug|x64.ActiveCfg = Debug|Any CPU
		{F17C1DFB-0E0E-4EA8-BA5B-48EEB22EACA3}.Debug|x64.Build.0 = Debug|Any CPU
		{F17C1DFB-0E0E-4EA8-BA5B-48EEB22EACA3}.Debug|x86.ActiveCfg = Debug|Any CPU
		{F17C1DFB-0E0E-4EA8-BA5B-48EEB22EACA3}.Debug|x86.Build.0 = Debug|Any CPU
		{F17C1DFB-0E0E-4EA8-BA5B-48EEB22EACA3}.Release|Any CPU.ActiveCfg = Release|Any CPU
		{F17C1DFB-0E0E-4EA8-BA5B-48EEB22EACA3}.Release|Any CPU.Build.0 = Release|Any CPU
		{F17C1DFB-0E0E-4EA8-BA5B-48EEB22EACA3}.Release|x64.ActiveCfg = Release|Any CPU
		{F17C1DFB-0E0E-4EA8-BA5B-48EEB22EACA3}.Release|x64.Build.0 = Release|Any CPU
		{F17C1DFB-0E0E-4EA8-BA5B-48EEB22EACA3}.Release|x86.ActiveCfg = Release|Any CPU
		{F17C1DFB-0E0E-4EA8-BA5B-48EEB22EACA3}.Release|x86.Build.0 = Release|Any CPU
		{A4383999-741A-4EA3-BBE2-025BBC677FC1}.Debug|Any CPU.ActiveCfg = Debug|Any CPU
		{A4383999-741A-4EA3-BBE2-025BBC677FC1}.Debug|Any CPU.Build.0 = Debug|Any CPU
		{A4383999-741A-4EA3-BBE2-025BBC677FC1}.Debug|x64.ActiveCfg = Debug|Any CPU
		{A4383999-741A-4EA3-BBE2-025BBC677FC1}.Debug|x64.Build.0 = Debug|Any CPU
		{A4383999-741A-4EA3-BBE2-025BBC677FC1}.Debug|x86.ActiveCfg = Debug|Any CPU
		{A4383999-741A-4EA3-BBE2-025BBC677FC1}.Debug|x86.Build.0 = Debug|Any CPU
		{A4383999-741A-4EA3-BBE2-025BBC677FC1}.Release|Any CPU.ActiveCfg = Release|Any CPU
		{A4383999-741A-4EA3-BBE2-025BBC677FC1}.Release|Any CPU.Build.0 = Release|Any CPU
		{A4383999-741A-4EA3-BBE2-025BBC677FC1}.Release|x64.ActiveCfg = Release|Any CPU
		{A4383999-741A-4EA3-BBE2-025BBC677FC1}.Release|x64.Build.0 = Release|Any CPU
		{A4383999-741A-4EA3-BBE2-025BBC677FC1}.Release|x86.ActiveCfg = Release|Any CPU
		{A4383999-741A-4EA3-BBE2-025BBC677FC1}.Release|x86.Build.0 = Release|Any CPU
		{F57B3E71-A1FF-4A1F-9D55-A70700A6E5B6}.Debug|Any CPU.ActiveCfg = Debug|Any CPU
		{F57B3E71-A1FF-4A1F-9D55-A70700A6E5B6}.Debug|Any CPU.Build.0 = Debug|Any CPU
		{F57B3E71-A1FF-4A1F-9D55-A70700A6E5B6}.Debug|x64.ActiveCfg = Debug|Any CPU
		{F57B3E71-A1FF-4A1F-9D55-A70700A6E5B6}.Debug|x64.Build.0 = Debug|Any CPU
		{F57B3E71-A1FF-4A1F-9D55-A70700A6E5B6}.Debug|x86.ActiveCfg = Debug|Any CPU
		{F57B3E71-A1FF-4A1F-9D55-A70700A6E5B6}.Debug|x86.Build.0 = Debug|Any CPU
		{F57B3E71-A1FF-4A1F-9D55-A70700A6E5B6}.Release|Any CPU.ActiveCfg = Release|Any CPU
		{F57B3E71-A1FF-4A1F-9D55-A70700A6E5B6}.Release|Any CPU.Build.0 = Release|Any CPU
		{F57B3E71-A1FF-4A1F-9D55-A70700A6E5B6}.Release|x64.ActiveCfg = Release|Any CPU
		{F57B3E71-A1FF-4A1F-9D55-A70700A6E5B6}.Release|x64.Build.0 = Release|Any CPU
		{F57B3E71-A1FF-4A1F-9D55-A70700A6E5B6}.Release|x86.ActiveCfg = Release|Any CPU
		{F57B3E71-A1FF-4A1F-9D55-A70700A6E5B6}.Release|x86.Build.0 = Release|Any CPU
		{F580DBC8-8362-4091-973F-F747795D3789}.Debug|Any CPU.ActiveCfg = Debug|Any CPU
		{F580DBC8-8362-4091-973F-F747795D3789}.Debug|Any CPU.Build.0 = Debug|Any CPU
		{F580DBC8-8362-4091-973F-F747795D3789}.Debug|x64.ActiveCfg = Debug|Any CPU
		{F580DBC8-8362-4091-973F-F747795D3789}.Debug|x64.Build.0 = Debug|Any CPU
		{F580DBC8-8362-4091-973F-F747795D3789}.Debug|x86.ActiveCfg = Debug|Any CPU
		{F580DBC8-8362-4091-973F-F747795D3789}.Debug|x86.Build.0 = Debug|Any CPU
		{F580DBC8-8362-4091-973F-F747795D3789}.Release|Any CPU.ActiveCfg = Release|Any CPU
		{F580DBC8-8362-4091-973F-F747795D3789}.Release|Any CPU.Build.0 = Release|Any CPU
		{F580DBC8-8362-4091-973F-F747795D3789}.Release|x64.ActiveCfg = Release|Any CPU
		{F580DBC8-8362-4091-973F-F747795D3789}.Release|x64.Build.0 = Release|Any CPU
		{F580DBC8-8362-4091-973F-F747795D3789}.Release|x86.ActiveCfg = Release|Any CPU
		{F580DBC8-8362-4091-973F-F747795D3789}.Release|x86.Build.0 = Release|Any CPU
		{2FF01BED-AE8F-4876-8BBC-760B08036CC6}.Debug|Any CPU.ActiveCfg = Debug|Any CPU
		{2FF01BED-AE8F-4876-8BBC-760B08036CC6}.Debug|Any CPU.Build.0 = Debug|Any CPU
		{2FF01BED-AE8F-4876-8BBC-760B08036CC6}.Debug|x64.ActiveCfg = Debug|Any CPU
		{2FF01BED-AE8F-4876-8BBC-760B08036CC6}.Debug|x64.Build.0 = Debug|Any CPU
		{2FF01BED-AE8F-4876-8BBC-760B08036CC6}.Debug|x86.ActiveCfg = Debug|Any CPU
		{2FF01BED-AE8F-4876-8BBC-760B08036CC6}.Debug|x86.Build.0 = Debug|Any CPU
		{2FF01BED-AE8F-4876-8BBC-760B08036CC6}.Release|Any CPU.ActiveCfg = Release|Any CPU
		{2FF01BED-AE8F-4876-8BBC-760B08036CC6}.Release|Any CPU.Build.0 = Release|Any CPU
		{2FF01BED-AE8F-4876-8BBC-760B08036CC6}.Release|x64.ActiveCfg = Release|Any CPU
		{2FF01BED-AE8F-4876-8BBC-760B08036CC6}.Release|x64.Build.0 = Release|Any CPU
		{2FF01BED-AE8F-4876-8BBC-760B08036CC6}.Release|x86.ActiveCfg = Release|Any CPU
		{2FF01BED-AE8F-4876-8BBC-760B08036CC6}.Release|x86.Build.0 = Release|Any CPU
		{0A9C93CC-E8BD-425B-9BCA-A406A6B472B7}.Debug|Any CPU.ActiveCfg = Debug|Any CPU
		{0A9C93CC-E8BD-425B-9BCA-A406A6B472B7}.Debug|Any CPU.Build.0 = Debug|Any CPU
		{0A9C93CC-E8BD-425B-9BCA-A406A6B472B7}.Debug|x64.ActiveCfg = Debug|Any CPU
		{0A9C93CC-E8BD-425B-9BCA-A406A6B472B7}.Debug|x64.Build.0 = Debug|Any CPU
		{0A9C93CC-E8BD-425B-9BCA-A406A6B472B7}.Debug|x86.ActiveCfg = Debug|Any CPU
		{0A9C93CC-E8BD-425B-9BCA-A406A6B472B7}.Debug|x86.Build.0 = Debug|Any CPU
		{0A9C93CC-E8BD-425B-9BCA-A406A6B472B7}.Release|Any CPU.ActiveCfg = Release|Any CPU
		{0A9C93CC-E8BD-425B-9BCA-A406A6B472B7}.Release|Any CPU.Build.0 = Release|Any CPU
		{0A9C93CC-E8BD-425B-9BCA-A406A6B472B7}.Release|x64.ActiveCfg = Release|Any CPU
		{0A9C93CC-E8BD-425B-9BCA-A406A6B472B7}.Release|x64.Build.0 = Release|Any CPU
		{0A9C93CC-E8BD-425B-9BCA-A406A6B472B7}.Release|x86.ActiveCfg = Release|Any CPU
		{0A9C93CC-E8BD-425B-9BCA-A406A6B472B7}.Release|x86.Build.0 = Release|Any CPU
		{A9AAE702-F17E-4915-96B0-330330FA8426}.Debug|Any CPU.ActiveCfg = Debug|Any CPU
		{A9AAE702-F17E-4915-96B0-330330FA8426}.Debug|Any CPU.Build.0 = Debug|Any CPU
		{A9AAE702-F17E-4915-96B0-330330FA8426}.Debug|x64.ActiveCfg = Debug|Any CPU
		{A9AAE702-F17E-4915-96B0-330330FA8426}.Debug|x64.Build.0 = Debug|Any CPU
		{A9AAE702-F17E-4915-96B0-330330FA8426}.Debug|x86.ActiveCfg = Debug|Any CPU
		{A9AAE702-F17E-4915-96B0-330330FA8426}.Debug|x86.Build.0 = Debug|Any CPU
		{A9AAE702-F17E-4915-96B0-330330FA8426}.Release|Any CPU.ActiveCfg = Release|Any CPU
		{A9AAE702-F17E-4915-96B0-330330FA8426}.Release|Any CPU.Build.0 = Release|Any CPU
		{A9AAE702-F17E-4915-96B0-330330FA8426}.Release|x64.ActiveCfg = Release|Any CPU
		{A9AAE702-F17E-4915-96B0-330330FA8426}.Release|x64.Build.0 = Release|Any CPU
		{A9AAE702-F17E-4915-96B0-330330FA8426}.Release|x86.ActiveCfg = Release|Any CPU
		{A9AAE702-F17E-4915-96B0-330330FA8426}.Release|x86.Build.0 = Release|Any CPU
		{43FC0C09-27EE-424A-903C-6F22023366BC}.Debug|Any CPU.ActiveCfg = Debug|Any CPU
		{43FC0C09-27EE-424A-903C-6F22023366BC}.Debug|Any CPU.Build.0 = Debug|Any CPU
		{43FC0C09-27EE-424A-903C-6F22023366BC}.Debug|x64.ActiveCfg = Debug|Any CPU
		{43FC0C09-27EE-424A-903C-6F22023366BC}.Debug|x64.Build.0 = Debug|Any CPU
		{43FC0C09-27EE-424A-903C-6F22023366BC}.Debug|x86.ActiveCfg = Debug|Any CPU
		{43FC0C09-27EE-424A-903C-6F22023366BC}.Debug|x86.Build.0 = Debug|Any CPU
		{43FC0C09-27EE-424A-903C-6F22023366BC}.Release|Any CPU.ActiveCfg = Release|Any CPU
		{43FC0C09-27EE-424A-903C-6F22023366BC}.Release|Any CPU.Build.0 = Release|Any CPU
		{43FC0C09-27EE-424A-903C-6F22023366BC}.Release|x64.ActiveCfg = Release|Any CPU
		{43FC0C09-27EE-424A-903C-6F22023366BC}.Release|x64.Build.0 = Release|Any CPU
		{43FC0C09-27EE-424A-903C-6F22023366BC}.Release|x86.ActiveCfg = Release|Any CPU
		{43FC0C09-27EE-424A-903C-6F22023366BC}.Release|x86.Build.0 = Release|Any CPU
		{10EF71D5-79D2-40EB-A25A-FE730D616B0A}.Debug|Any CPU.ActiveCfg = Debug|Any CPU
		{10EF71D5-79D2-40EB-A25A-FE730D616B0A}.Debug|Any CPU.Build.0 = Debug|Any CPU
		{10EF71D5-79D2-40EB-A25A-FE730D616B0A}.Debug|x64.ActiveCfg = Debug|Any CPU
		{10EF71D5-79D2-40EB-A25A-FE730D616B0A}.Debug|x64.Build.0 = Debug|Any CPU
		{10EF71D5-79D2-40EB-A25A-FE730D616B0A}.Debug|x86.ActiveCfg = Debug|Any CPU
		{10EF71D5-79D2-40EB-A25A-FE730D616B0A}.Debug|x86.Build.0 = Debug|Any CPU
		{10EF71D5-79D2-40EB-A25A-FE730D616B0A}.Release|Any CPU.ActiveCfg = Release|Any CPU
		{10EF71D5-79D2-40EB-A25A-FE730D616B0A}.Release|Any CPU.Build.0 = Release|Any CPU
		{10EF71D5-79D2-40EB-A25A-FE730D616B0A}.Release|x64.ActiveCfg = Release|Any CPU
		{10EF71D5-79D2-40EB-A25A-FE730D616B0A}.Release|x64.Build.0 = Release|Any CPU
		{10EF71D5-79D2-40EB-A25A-FE730D616B0A}.Release|x86.ActiveCfg = Release|Any CPU
		{10EF71D5-79D2-40EB-A25A-FE730D616B0A}.Release|x86.Build.0 = Release|Any CPU
		{1A9C28A2-248B-4BB7-B1BE-28FC666912B7}.Debug|Any CPU.ActiveCfg = Debug|Any CPU
		{1A9C28A2-248B-4BB7-B1BE-28FC666912B7}.Debug|Any CPU.Build.0 = Debug|Any CPU
		{1A9C28A2-248B-4BB7-B1BE-28FC666912B7}.Debug|x64.ActiveCfg = Debug|Any CPU
		{1A9C28A2-248B-4BB7-B1BE-28FC666912B7}.Debug|x64.Build.0 = Debug|Any CPU
		{1A9C28A2-248B-4BB7-B1BE-28FC666912B7}.Debug|x86.ActiveCfg = Debug|Any CPU
		{1A9C28A2-248B-4BB7-B1BE-28FC666912B7}.Debug|x86.Build.0 = Debug|Any CPU
		{1A9C28A2-248B-4BB7-B1BE-28FC666912B7}.Release|Any CPU.ActiveCfg = Release|Any CPU
		{1A9C28A2-248B-4BB7-B1BE-28FC666912B7}.Release|Any CPU.Build.0 = Release|Any CPU
		{1A9C28A2-248B-4BB7-B1BE-28FC666912B7}.Release|x64.ActiveCfg = Release|Any CPU
		{1A9C28A2-248B-4BB7-B1BE-28FC666912B7}.Release|x64.Build.0 = Release|Any CPU
		{1A9C28A2-248B-4BB7-B1BE-28FC666912B7}.Release|x86.ActiveCfg = Release|Any CPU
		{1A9C28A2-248B-4BB7-B1BE-28FC666912B7}.Release|x86.Build.0 = Release|Any CPU
		{C40924CA-B426-46DD-8439-A556E6C6CCC0}.Debug|Any CPU.ActiveCfg = Debug|Any CPU
		{C40924CA-B426-46DD-8439-A556E6C6CCC0}.Debug|Any CPU.Build.0 = Debug|Any CPU
		{C40924CA-B426-46DD-8439-A556E6C6CCC0}.Debug|x64.ActiveCfg = Debug|Any CPU
		{C40924CA-B426-46DD-8439-A556E6C6CCC0}.Debug|x64.Build.0 = Debug|Any CPU
		{C40924CA-B426-46DD-8439-A556E6C6CCC0}.Debug|x86.ActiveCfg = Debug|Any CPU
		{C40924CA-B426-46DD-8439-A556E6C6CCC0}.Debug|x86.Build.0 = Debug|Any CPU
		{C40924CA-B426-46DD-8439-A556E6C6CCC0}.Release|Any CPU.ActiveCfg = Release|Any CPU
		{C40924CA-B426-46DD-8439-A556E6C6CCC0}.Release|Any CPU.Build.0 = Release|Any CPU
		{C40924CA-B426-46DD-8439-A556E6C6CCC0}.Release|x64.ActiveCfg = Release|Any CPU
		{C40924CA-B426-46DD-8439-A556E6C6CCC0}.Release|x64.Build.0 = Release|Any CPU
		{C40924CA-B426-46DD-8439-A556E6C6CCC0}.Release|x86.ActiveCfg = Release|Any CPU
		{C40924CA-B426-46DD-8439-A556E6C6CCC0}.Release|x86.Build.0 = Release|Any CPU
		{41C08210-5B38-4186-A243-007B7B83F6F8}.Debug|Any CPU.ActiveCfg = Debug|Any CPU
		{41C08210-5B38-4186-A243-007B7B83F6F8}.Debug|Any CPU.Build.0 = Debug|Any CPU
		{41C08210-5B38-4186-A243-007B7B83F6F8}.Debug|x64.ActiveCfg = Debug|Any CPU
		{41C08210-5B38-4186-A243-007B7B83F6F8}.Debug|x64.Build.0 = Debug|Any CPU
		{41C08210-5B38-4186-A243-007B7B83F6F8}.Debug|x86.ActiveCfg = Debug|Any CPU
		{41C08210-5B38-4186-A243-007B7B83F6F8}.Debug|x86.Build.0 = Debug|Any CPU
		{41C08210-5B38-4186-A243-007B7B83F6F8}.Release|Any CPU.ActiveCfg = Release|Any CPU
		{41C08210-5B38-4186-A243-007B7B83F6F8}.Release|Any CPU.Build.0 = Release|Any CPU
		{41C08210-5B38-4186-A243-007B7B83F6F8}.Release|x64.ActiveCfg = Release|Any CPU
		{41C08210-5B38-4186-A243-007B7B83F6F8}.Release|x64.Build.0 = Release|Any CPU
		{41C08210-5B38-4186-A243-007B7B83F6F8}.Release|x86.ActiveCfg = Release|Any CPU
		{41C08210-5B38-4186-A243-007B7B83F6F8}.Release|x86.Build.0 = Release|Any CPU
		{43BE6F6D-2526-4867-94A2-95C4ED7D80C1}.Debug|Any CPU.ActiveCfg = Debug|Any CPU
		{43BE6F6D-2526-4867-94A2-95C4ED7D80C1}.Debug|Any CPU.Build.0 = Debug|Any CPU
		{43BE6F6D-2526-4867-94A2-95C4ED7D80C1}.Debug|x64.ActiveCfg = Debug|Any CPU
		{43BE6F6D-2526-4867-94A2-95C4ED7D80C1}.Debug|x64.Build.0 = Debug|Any CPU
		{43BE6F6D-2526-4867-94A2-95C4ED7D80C1}.Debug|x86.ActiveCfg = Debug|Any CPU
		{43BE6F6D-2526-4867-94A2-95C4ED7D80C1}.Debug|x86.Build.0 = Debug|Any CPU
		{43BE6F6D-2526-4867-94A2-95C4ED7D80C1}.Release|Any CPU.ActiveCfg = Release|Any CPU
		{43BE6F6D-2526-4867-94A2-95C4ED7D80C1}.Release|Any CPU.Build.0 = Release|Any CPU
		{43BE6F6D-2526-4867-94A2-95C4ED7D80C1}.Release|x64.ActiveCfg = Release|Any CPU
		{43BE6F6D-2526-4867-94A2-95C4ED7D80C1}.Release|x64.Build.0 = Release|Any CPU
		{43BE6F6D-2526-4867-94A2-95C4ED7D80C1}.Release|x86.ActiveCfg = Release|Any CPU
		{43BE6F6D-2526-4867-94A2-95C4ED7D80C1}.Release|x86.Build.0 = Release|Any CPU
		{C4B91D60-5D40-4B6A-897B-3018FF7BBB88}.Debug|Any CPU.ActiveCfg = Debug|Any CPU
		{C4B91D60-5D40-4B6A-897B-3018FF7BBB88}.Debug|Any CPU.Build.0 = Debug|Any CPU
		{C4B91D60-5D40-4B6A-897B-3018FF7BBB88}.Debug|x64.ActiveCfg = Debug|Any CPU
		{C4B91D60-5D40-4B6A-897B-3018FF7BBB88}.Debug|x64.Build.0 = Debug|Any CPU
		{C4B91D60-5D40-4B6A-897B-3018FF7BBB88}.Debug|x86.ActiveCfg = Debug|Any CPU
		{C4B91D60-5D40-4B6A-897B-3018FF7BBB88}.Debug|x86.Build.0 = Debug|Any CPU
		{C4B91D60-5D40-4B6A-897B-3018FF7BBB88}.Release|Any CPU.ActiveCfg = Release|Any CPU
		{C4B91D60-5D40-4B6A-897B-3018FF7BBB88}.Release|Any CPU.Build.0 = Release|Any CPU
		{C4B91D60-5D40-4B6A-897B-3018FF7BBB88}.Release|x64.ActiveCfg = Release|Any CPU
		{C4B91D60-5D40-4B6A-897B-3018FF7BBB88}.Release|x64.Build.0 = Release|Any CPU
		{C4B91D60-5D40-4B6A-897B-3018FF7BBB88}.Release|x86.ActiveCfg = Release|Any CPU
		{C4B91D60-5D40-4B6A-897B-3018FF7BBB88}.Release|x86.Build.0 = Release|Any CPU
		{6CD4E6B7-B3EF-4B14-BC84-DCFEA2CF19D5}.Debug|Any CPU.ActiveCfg = Debug|Any CPU
		{6CD4E6B7-B3EF-4B14-BC84-DCFEA2CF19D5}.Debug|Any CPU.Build.0 = Debug|Any CPU
		{6CD4E6B7-B3EF-4B14-BC84-DCFEA2CF19D5}.Debug|x64.ActiveCfg = Debug|Any CPU
		{6CD4E6B7-B3EF-4B14-BC84-DCFEA2CF19D5}.Debug|x64.Build.0 = Debug|Any CPU
		{6CD4E6B7-B3EF-4B14-BC84-DCFEA2CF19D5}.Debug|x86.ActiveCfg = Debug|Any CPU
		{6CD4E6B7-B3EF-4B14-BC84-DCFEA2CF19D5}.Debug|x86.Build.0 = Debug|Any CPU
		{6CD4E6B7-B3EF-4B14-BC84-DCFEA2CF19D5}.Release|Any CPU.ActiveCfg = Release|Any CPU
		{6CD4E6B7-B3EF-4B14-BC84-DCFEA2CF19D5}.Release|Any CPU.Build.0 = Release|Any CPU
		{6CD4E6B7-B3EF-4B14-BC84-DCFEA2CF19D5}.Release|x64.ActiveCfg = Release|Any CPU
		{6CD4E6B7-B3EF-4B14-BC84-DCFEA2CF19D5}.Release|x64.Build.0 = Release|Any CPU
		{6CD4E6B7-B3EF-4B14-BC84-DCFEA2CF19D5}.Release|x86.ActiveCfg = Release|Any CPU
		{6CD4E6B7-B3EF-4B14-BC84-DCFEA2CF19D5}.Release|x86.Build.0 = Release|Any CPU
		{828C31D3-4078-4C09-BCE0-4E9AF28BA1BC}.Debug|Any CPU.ActiveCfg = Debug|Any CPU
		{828C31D3-4078-4C09-BCE0-4E9AF28BA1BC}.Debug|Any CPU.Build.0 = Debug|Any CPU
		{828C31D3-4078-4C09-BCE0-4E9AF28BA1BC}.Debug|x64.ActiveCfg = Debug|Any CPU
		{828C31D3-4078-4C09-BCE0-4E9AF28BA1BC}.Debug|x64.Build.0 = Debug|Any CPU
		{828C31D3-4078-4C09-BCE0-4E9AF28BA1BC}.Debug|x86.ActiveCfg = Debug|Any CPU
		{828C31D3-4078-4C09-BCE0-4E9AF28BA1BC}.Debug|x86.Build.0 = Debug|Any CPU
		{828C31D3-4078-4C09-BCE0-4E9AF28BA1BC}.Release|Any CPU.ActiveCfg = Release|Any CPU
		{828C31D3-4078-4C09-BCE0-4E9AF28BA1BC}.Release|Any CPU.Build.0 = Release|Any CPU
		{828C31D3-4078-4C09-BCE0-4E9AF28BA1BC}.Release|x64.ActiveCfg = Release|Any CPU
		{828C31D3-4078-4C09-BCE0-4E9AF28BA1BC}.Release|x64.Build.0 = Release|Any CPU
		{828C31D3-4078-4C09-BCE0-4E9AF28BA1BC}.Release|x86.ActiveCfg = Release|Any CPU
		{828C31D3-4078-4C09-BCE0-4E9AF28BA1BC}.Release|x86.Build.0 = Release|Any CPU
		{907486C0-AEA8-4390-AEAB-E21A96E3C22F}.Debug|Any CPU.ActiveCfg = Debug|Any CPU
		{907486C0-AEA8-4390-AEAB-E21A96E3C22F}.Debug|Any CPU.Build.0 = Debug|Any CPU
		{907486C0-AEA8-4390-AEAB-E21A96E3C22F}.Debug|x64.ActiveCfg = Debug|Any CPU
		{907486C0-AEA8-4390-AEAB-E21A96E3C22F}.Debug|x64.Build.0 = Debug|Any CPU
		{907486C0-AEA8-4390-AEAB-E21A96E3C22F}.Debug|x86.ActiveCfg = Debug|Any CPU
		{907486C0-AEA8-4390-AEAB-E21A96E3C22F}.Debug|x86.Build.0 = Debug|Any CPU
		{907486C0-AEA8-4390-AEAB-E21A96E3C22F}.Release|Any CPU.ActiveCfg = Release|Any CPU
		{907486C0-AEA8-4390-AEAB-E21A96E3C22F}.Release|Any CPU.Build.0 = Release|Any CPU
		{907486C0-AEA8-4390-AEAB-E21A96E3C22F}.Release|x64.ActiveCfg = Release|Any CPU
		{907486C0-AEA8-4390-AEAB-E21A96E3C22F}.Release|x64.Build.0 = Release|Any CPU
		{907486C0-AEA8-4390-AEAB-E21A96E3C22F}.Release|x86.ActiveCfg = Release|Any CPU
		{907486C0-AEA8-4390-AEAB-E21A96E3C22F}.Release|x86.Build.0 = Release|Any CPU
		{E93A1022-7587-44C9-A9FB-3F29CACD3832}.Debug|Any CPU.ActiveCfg = Debug|Any CPU
		{E93A1022-7587-44C9-A9FB-3F29CACD3832}.Debug|Any CPU.Build.0 = Debug|Any CPU
		{E93A1022-7587-44C9-A9FB-3F29CACD3832}.Debug|x64.ActiveCfg = Debug|Any CPU
		{E93A1022-7587-44C9-A9FB-3F29CACD3832}.Debug|x64.Build.0 = Debug|Any CPU
		{E93A1022-7587-44C9-A9FB-3F29CACD3832}.Debug|x86.ActiveCfg = Debug|Any CPU
		{E93A1022-7587-44C9-A9FB-3F29CACD3832}.Debug|x86.Build.0 = Debug|Any CPU
		{E93A1022-7587-44C9-A9FB-3F29CACD3832}.Release|Any CPU.ActiveCfg = Release|Any CPU
		{E93A1022-7587-44C9-A9FB-3F29CACD3832}.Release|Any CPU.Build.0 = Release|Any CPU
		{E93A1022-7587-44C9-A9FB-3F29CACD3832}.Release|x64.ActiveCfg = Release|Any CPU
		{E93A1022-7587-44C9-A9FB-3F29CACD3832}.Release|x64.Build.0 = Release|Any CPU
		{E93A1022-7587-44C9-A9FB-3F29CACD3832}.Release|x86.ActiveCfg = Release|Any CPU
		{E93A1022-7587-44C9-A9FB-3F29CACD3832}.Release|x86.Build.0 = Release|Any CPU
		{DF5415FA-76A1-4904-92CC-198A4FEE2176}.Debug|Any CPU.ActiveCfg = Debug|Any CPU
		{DF5415FA-76A1-4904-92CC-198A4FEE2176}.Debug|Any CPU.Build.0 = Debug|Any CPU
		{DF5415FA-76A1-4904-92CC-198A4FEE2176}.Debug|x64.ActiveCfg = Debug|Any CPU
		{DF5415FA-76A1-4904-92CC-198A4FEE2176}.Debug|x64.Build.0 = Debug|Any CPU
		{DF5415FA-76A1-4904-92CC-198A4FEE2176}.Debug|x86.ActiveCfg = Debug|Any CPU
		{DF5415FA-76A1-4904-92CC-198A4FEE2176}.Debug|x86.Build.0 = Debug|Any CPU
		{DF5415FA-76A1-4904-92CC-198A4FEE2176}.Release|Any CPU.ActiveCfg = Release|Any CPU
		{DF5415FA-76A1-4904-92CC-198A4FEE2176}.Release|Any CPU.Build.0 = Release|Any CPU
		{DF5415FA-76A1-4904-92CC-198A4FEE2176}.Release|x64.ActiveCfg = Release|Any CPU
		{DF5415FA-76A1-4904-92CC-198A4FEE2176}.Release|x64.Build.0 = Release|Any CPU
		{DF5415FA-76A1-4904-92CC-198A4FEE2176}.Release|x86.ActiveCfg = Release|Any CPU
		{DF5415FA-76A1-4904-92CC-198A4FEE2176}.Release|x86.Build.0 = Release|Any CPU
		{A805AC79-E21E-486D-8D31-05697FEDCC2C}.Debug|Any CPU.ActiveCfg = Debug|Any CPU
		{A805AC79-E21E-486D-8D31-05697FEDCC2C}.Debug|Any CPU.Build.0 = Debug|Any CPU
		{A805AC79-E21E-486D-8D31-05697FEDCC2C}.Debug|x64.ActiveCfg = Debug|Any CPU
		{A805AC79-E21E-486D-8D31-05697FEDCC2C}.Debug|x64.Build.0 = Debug|Any CPU
		{A805AC79-E21E-486D-8D31-05697FEDCC2C}.Debug|x86.ActiveCfg = Debug|Any CPU
		{A805AC79-E21E-486D-8D31-05697FEDCC2C}.Debug|x86.Build.0 = Debug|Any CPU
		{A805AC79-E21E-486D-8D31-05697FEDCC2C}.Release|Any CPU.ActiveCfg = Release|Any CPU
		{A805AC79-E21E-486D-8D31-05697FEDCC2C}.Release|Any CPU.Build.0 = Release|Any CPU
		{A805AC79-E21E-486D-8D31-05697FEDCC2C}.Release|x64.ActiveCfg = Release|Any CPU
		{A805AC79-E21E-486D-8D31-05697FEDCC2C}.Release|x64.Build.0 = Release|Any CPU
		{A805AC79-E21E-486D-8D31-05697FEDCC2C}.Release|x86.ActiveCfg = Release|Any CPU
		{A805AC79-E21E-486D-8D31-05697FEDCC2C}.Release|x86.Build.0 = Release|Any CPU
		{845A5D3C-F769-4503-B4CB-46E26F8FB689}.Debug|Any CPU.ActiveCfg = Debug|Any CPU
		{845A5D3C-F769-4503-B4CB-46E26F8FB689}.Debug|Any CPU.Build.0 = Debug|Any CPU
		{845A5D3C-F769-4503-B4CB-46E26F8FB689}.Debug|x64.ActiveCfg = Debug|Any CPU
		{845A5D3C-F769-4503-B4CB-46E26F8FB689}.Debug|x64.Build.0 = Debug|Any CPU
		{845A5D3C-F769-4503-B4CB-46E26F8FB689}.Debug|x86.ActiveCfg = Debug|Any CPU
		{845A5D3C-F769-4503-B4CB-46E26F8FB689}.Debug|x86.Build.0 = Debug|Any CPU
		{845A5D3C-F769-4503-B4CB-46E26F8FB689}.Release|Any CPU.ActiveCfg = Release|Any CPU
		{845A5D3C-F769-4503-B4CB-46E26F8FB689}.Release|Any CPU.Build.0 = Release|Any CPU
		{845A5D3C-F769-4503-B4CB-46E26F8FB689}.Release|x64.ActiveCfg = Release|Any CPU
		{845A5D3C-F769-4503-B4CB-46E26F8FB689}.Release|x64.Build.0 = Release|Any CPU
		{845A5D3C-F769-4503-B4CB-46E26F8FB689}.Release|x86.ActiveCfg = Release|Any CPU
		{845A5D3C-F769-4503-B4CB-46E26F8FB689}.Release|x86.Build.0 = Release|Any CPU
		{A1435C56-A693-4081-A9CE-18D7848D3AE3}.Debug|Any CPU.ActiveCfg = Debug|Any CPU
		{A1435C56-A693-4081-A9CE-18D7848D3AE3}.Debug|Any CPU.Build.0 = Debug|Any CPU
		{A1435C56-A693-4081-A9CE-18D7848D3AE3}.Debug|x64.ActiveCfg = Debug|Any CPU
		{A1435C56-A693-4081-A9CE-18D7848D3AE3}.Debug|x64.Build.0 = Debug|Any CPU
		{A1435C56-A693-4081-A9CE-18D7848D3AE3}.Debug|x86.ActiveCfg = Debug|Any CPU
		{A1435C56-A693-4081-A9CE-18D7848D3AE3}.Debug|x86.Build.0 = Debug|Any CPU
		{A1435C56-A693-4081-A9CE-18D7848D3AE3}.Release|Any CPU.ActiveCfg = Release|Any CPU
		{A1435C56-A693-4081-A9CE-18D7848D3AE3}.Release|Any CPU.Build.0 = Release|Any CPU
		{A1435C56-A693-4081-A9CE-18D7848D3AE3}.Release|x64.ActiveCfg = Release|Any CPU
		{A1435C56-A693-4081-A9CE-18D7848D3AE3}.Release|x64.Build.0 = Release|Any CPU
		{A1435C56-A693-4081-A9CE-18D7848D3AE3}.Release|x86.ActiveCfg = Release|Any CPU
		{A1435C56-A693-4081-A9CE-18D7848D3AE3}.Release|x86.Build.0 = Release|Any CPU
		{99431B92-4DDD-4F8A-9DE8-F6AF7D6FB61F}.Debug|Any CPU.ActiveCfg = Debug|Any CPU
		{99431B92-4DDD-4F8A-9DE8-F6AF7D6FB61F}.Debug|Any CPU.Build.0 = Debug|Any CPU
		{99431B92-4DDD-4F8A-9DE8-F6AF7D6FB61F}.Debug|x64.ActiveCfg = Debug|Any CPU
		{99431B92-4DDD-4F8A-9DE8-F6AF7D6FB61F}.Debug|x64.Build.0 = Debug|Any CPU
		{99431B92-4DDD-4F8A-9DE8-F6AF7D6FB61F}.Debug|x86.ActiveCfg = Debug|Any CPU
		{99431B92-4DDD-4F8A-9DE8-F6AF7D6FB61F}.Debug|x86.Build.0 = Debug|Any CPU
		{99431B92-4DDD-4F8A-9DE8-F6AF7D6FB61F}.Release|Any CPU.ActiveCfg = Release|Any CPU
		{99431B92-4DDD-4F8A-9DE8-F6AF7D6FB61F}.Release|Any CPU.Build.0 = Release|Any CPU
		{99431B92-4DDD-4F8A-9DE8-F6AF7D6FB61F}.Release|x64.ActiveCfg = Release|Any CPU
		{99431B92-4DDD-4F8A-9DE8-F6AF7D6FB61F}.Release|x64.Build.0 = Release|Any CPU
		{99431B92-4DDD-4F8A-9DE8-F6AF7D6FB61F}.Release|x86.ActiveCfg = Release|Any CPU
		{99431B92-4DDD-4F8A-9DE8-F6AF7D6FB61F}.Release|x86.Build.0 = Release|Any CPU
	EndGlobalSection
EndGlobal
